{
  "version": 4,
  "terraform_version": "1.1.7",
  "serial": 464,
  "lineage": "a5a8e468-af82-5086-18fb-1087aeaea5fe",
  "outputs": {},
  "resources": [
    {
      "mode": "managed",
      "type": "azurerm_availability_set",
      "name": "as_java05",
      "provider": "provider[\"registry.terraform.io/hashicorp/azurerm\"]",
      "instances": [
        {
          "schema_version": 0,
          "attributes": {
            "id": "/subscriptions/4320f689-5133-4260-b235-d02cc16611ff/resourceGroups/rg-uat-app-ci-001/providers/Microsoft.Compute/availabilitySets/as-vm-java005",
            "location": "centralindia",
            "managed": true,
            "name": "as-vm-java005",
            "platform_fault_domain_count": 3,
            "platform_update_domain_count": 5,
            "proximity_placement_group_id": "/subscriptions/4320f689-5133-4260-b235-d02cc16611ff/resourceGroups/RG-UAT-APP-CI-001/providers/Microsoft.Compute/proximityPlacementGroups/pxm-ci-001",
            "resource_group_name": "rg-uat-app-ci-001",
            "tags": {},
            "timeouts": null
          },
          "sensitive_attributes": [],
          "private": "eyJlMmJmYjczMC1lY2FhLTExZTYtOGY4OC0zNDM2M2JjN2M0YzAiOnsiY3JlYXRlIjoxODAwMDAwMDAwMDAwLCJkZWxldGUiOjE4MDAwMDAwMDAwMDAsInJlYWQiOjMwMDAwMDAwMDAwMCwidXBkYXRlIjoxODAwMDAwMDAwMDAwfX0=",
          "dependencies": [
            "azurerm_proximity_placement_group.pxmapp1"
          ]
        }
      ]
    },
    {
      "mode": "managed",
      "type": "azurerm_availability_set",
      "name": "as_java1",
      "provider": "provider[\"registry.terraform.io/hashicorp/azurerm\"]",
      "instances": [
        {
          "schema_version": 0,
          "attributes": {
            "id": "/subscriptions/4320f689-5133-4260-b235-d02cc16611ff/resourceGroups/rg-uat-app-ci-001/providers/Microsoft.Compute/availabilitySets/as-vm-java01",
            "location": "centralindia",
            "managed": true,
            "name": "as-vm-java01",
            "platform_fault_domain_count": 3,
            "platform_update_domain_count": 5,
            "proximity_placement_group_id": "/subscriptions/4320f689-5133-4260-b235-d02cc16611ff/resourceGroups/RG-UAT-APP-CI-001/providers/Microsoft.Compute/proximityPlacementGroups/pxm-ci-001",
            "resource_group_name": "rg-uat-app-ci-001",
            "tags": {},
            "timeouts": null
          },
          "sensitive_attributes": [],
          "private": "eyJlMmJmYjczMC1lY2FhLTExZTYtOGY4OC0zNDM2M2JjN2M0YzAiOnsiY3JlYXRlIjoxODAwMDAwMDAwMDAwLCJkZWxldGUiOjE4MDAwMDAwMDAwMDAsInJlYWQiOjMwMDAwMDAwMDAwMCwidXBkYXRlIjoxODAwMDAwMDAwMDAwfX0=",
          "dependencies": [
            "azurerm_proximity_placement_group.pxmapp1"
          ]
        }
      ]
    },
    {
      "mode": "managed",
      "type": "azurerm_availability_set",
      "name": "as_java2",
      "provider": "provider[\"registry.terraform.io/hashicorp/azurerm\"]",
      "instances": [
        {
          "schema_version": 0,
          "attributes": {
            "id": "/subscriptions/4320f689-5133-4260-b235-d02cc16611ff/resourceGroups/rg-uat-app-ci-001/providers/Microsoft.Compute/availabilitySets/as-vm-java02",
            "location": "centralindia",
            "managed": true,
            "name": "as-vm-java02",
            "platform_fault_domain_count": 3,
            "platform_update_domain_count": 5,
            "proximity_placement_group_id": "/subscriptions/4320f689-5133-4260-b235-d02cc16611ff/resourceGroups/RG-UAT-APP-CI-001/providers/Microsoft.Compute/proximityPlacementGroups/pxm-ci-001",
            "resource_group_name": "rg-uat-app-ci-001",
            "tags": {},
            "timeouts": null
          },
          "sensitive_attributes": [],
          "private": "eyJlMmJmYjczMC1lY2FhLTExZTYtOGY4OC0zNDM2M2JjN2M0YzAiOnsiY3JlYXRlIjoxODAwMDAwMDAwMDAwLCJkZWxldGUiOjE4MDAwMDAwMDAwMDAsInJlYWQiOjMwMDAwMDAwMDAwMCwidXBkYXRlIjoxODAwMDAwMDAwMDAwfX0=",
          "dependencies": [
            "azurerm_proximity_placement_group.pxmapp1"
          ]
        }
      ]
    },
    {
      "mode": "managed",
      "type": "azurerm_availability_set",
      "name": "as_java3",
      "provider": "provider[\"registry.terraform.io/hashicorp/azurerm\"]",
      "instances": [
        {
          "schema_version": 0,
          "attributes": {
            "id": "/subscriptions/4320f689-5133-4260-b235-d02cc16611ff/resourceGroups/rg-uat-app-ci-001/providers/Microsoft.Compute/availabilitySets/as-vm-java03",
            "location": "centralindia",
            "managed": true,
            "name": "as-vm-java03",
            "platform_fault_domain_count": 3,
            "platform_update_domain_count": 5,
            "proximity_placement_group_id": "/subscriptions/4320f689-5133-4260-b235-d02cc16611ff/resourceGroups/RG-UAT-APP-CI-001/providers/Microsoft.Compute/proximityPlacementGroups/pxm-ci-001",
            "resource_group_name": "rg-uat-app-ci-001",
            "tags": {},
            "timeouts": null
          },
          "sensitive_attributes": [],
          "private": "eyJlMmJmYjczMC1lY2FhLTExZTYtOGY4OC0zNDM2M2JjN2M0YzAiOnsiY3JlYXRlIjoxODAwMDAwMDAwMDAwLCJkZWxldGUiOjE4MDAwMDAwMDAwMDAsInJlYWQiOjMwMDAwMDAwMDAwMCwidXBkYXRlIjoxODAwMDAwMDAwMDAwfX0=",
          "dependencies": [
            "azurerm_proximity_placement_group.pxmapp1"
          ]
        }
      ]
    },
    {
      "mode": "managed",
      "type": "azurerm_availability_set",
      "name": "as_java4",
      "provider": "provider[\"registry.terraform.io/hashicorp/azurerm\"]",
      "instances": [
        {
          "schema_version": 0,
          "attributes": {
            "id": "/subscriptions/4320f689-5133-4260-b235-d02cc16611ff/resourceGroups/rg-uat-app-ci-001/providers/Microsoft.Compute/availabilitySets/as-vm-java04",
            "location": "centralindia",
            "managed": true,
            "name": "as-vm-java04",
            "platform_fault_domain_count": 3,
            "platform_update_domain_count": 5,
            "proximity_placement_group_id": "/subscriptions/4320f689-5133-4260-b235-d02cc16611ff/resourceGroups/RG-UAT-APP-CI-001/providers/Microsoft.Compute/proximityPlacementGroups/pxm-ci-001",
            "resource_group_name": "rg-uat-app-ci-001",
            "tags": {},
            "timeouts": null
          },
          "sensitive_attributes": [],
          "private": "eyJlMmJmYjczMC1lY2FhLTExZTYtOGY4OC0zNDM2M2JjN2M0YzAiOnsiY3JlYXRlIjoxODAwMDAwMDAwMDAwLCJkZWxldGUiOjE4MDAwMDAwMDAwMDAsInJlYWQiOjMwMDAwMDAwMDAwMCwidXBkYXRlIjoxODAwMDAwMDAwMDAwfX0=",
          "dependencies": [
            "azurerm_proximity_placement_group.pxmapp1"
          ]
        }
      ]
    },
    {
      "mode": "managed",
      "type": "azurerm_availability_set",
      "name": "as_java5",
      "provider": "provider[\"registry.terraform.io/hashicorp/azurerm\"]",
      "instances": [
        {
          "schema_version": 0,
          "attributes": {
            "id": "/subscriptions/4320f689-5133-4260-b235-d02cc16611ff/resourceGroups/rg-uat-app-ci-001/providers/Microsoft.Compute/availabilitySets/as-vm-java05",
            "location": "centralindia",
            "managed": true,
            "name": "as-vm-java05",
            "platform_fault_domain_count": 3,
            "platform_update_domain_count": 5,
            "proximity_placement_group_id": "/subscriptions/4320f689-5133-4260-b235-d02cc16611ff/resourceGroups/RG-UAT-APP-CI-001/providers/Microsoft.Compute/proximityPlacementGroups/pxm-ci-001",
            "resource_group_name": "rg-uat-app-ci-001",
            "tags": {},
            "timeouts": null
          },
          "sensitive_attributes": [],
          "private": "eyJlMmJmYjczMC1lY2FhLTExZTYtOGY4OC0zNDM2M2JjN2M0YzAiOnsiY3JlYXRlIjoxODAwMDAwMDAwMDAwLCJkZWxldGUiOjE4MDAwMDAwMDAwMDAsInJlYWQiOjMwMDAwMDAwMDAwMCwidXBkYXRlIjoxODAwMDAwMDAwMDAwfX0=",
          "dependencies": [
            "azurerm_proximity_placement_group.pxmapp1"
          ]
        }
      ]
    },
    {
      "mode": "managed",
      "type": "azurerm_availability_set",
      "name": "as_jh",
      "provider": "provider[\"registry.terraform.io/hashicorp/azurerm\"]",
      "instances": [
        {
          "schema_version": 0,
          "attributes": {
            "id": "/subscriptions/4320f689-5133-4260-b235-d02cc16611ff/resourceGroups/rg-uat-aks-ci-001/providers/Microsoft.Compute/availabilitySets/as-ss-jumphost",
            "location": "centralindia",
            "managed": true,
            "name": "as-ss-jumphost",
            "platform_fault_domain_count": 3,
            "platform_update_domain_count": 5,
            "proximity_placement_group_id": "/subscriptions/4320f689-5133-4260-b235-d02cc16611ff/resourceGroups/RG-UAT-APP-CI-001/providers/Microsoft.Compute/proximityPlacementGroups/pxm-ci-001",
            "resource_group_name": "rg-uat-aks-ci-001",
            "tags": {},
            "timeouts": null
          },
          "sensitive_attributes": [],
          "private": "eyJlMmJmYjczMC1lY2FhLTExZTYtOGY4OC0zNDM2M2JjN2M0YzAiOnsiY3JlYXRlIjoxODAwMDAwMDAwMDAwLCJkZWxldGUiOjE4MDAwMDAwMDAwMDAsInJlYWQiOjMwMDAwMDAwMDAwMCwidXBkYXRlIjoxODAwMDAwMDAwMDAwfX0=",
          "dependencies": [
            "azurerm_proximity_placement_group.pxmapp1"
          ]
        }
      ]
    },
    {
      "mode": "managed",
      "type": "azurerm_availability_set",
      "name": "as_rub2",
      "provider": "provider[\"registry.terraform.io/hashicorp/azurerm\"]",
      "instances": [
        {
          "schema_version": 0,
          "attributes": {
            "id": "/subscriptions/4320f689-5133-4260-b235-d02cc16611ff/resourceGroups/rg-uat-aks-ci-001/providers/Microsoft.Compute/availabilitySets/as-vm-rub02",
            "location": "centralindia",
            "managed": true,
            "name": "as-vm-rub02",
            "platform_fault_domain_count": 3,
            "platform_update_domain_count": 5,
            "proximity_placement_group_id": "/subscriptions/4320f689-5133-4260-b235-d02cc16611ff/resourceGroups/RG-UAT-APP-CI-001/providers/Microsoft.Compute/proximityPlacementGroups/pxm-ci-001",
            "resource_group_name": "rg-uat-aks-ci-001",
            "tags": {},
            "timeouts": null
          },
          "sensitive_attributes": [],
          "private": "eyJlMmJmYjczMC1lY2FhLTExZTYtOGY4OC0zNDM2M2JjN2M0YzAiOnsiY3JlYXRlIjoxODAwMDAwMDAwMDAwLCJkZWxldGUiOjE4MDAwMDAwMDAwMDAsInJlYWQiOjMwMDAwMDAwMDAwMCwidXBkYXRlIjoxODAwMDAwMDAwMDAwfX0=",
          "dependencies": [
            "azurerm_proximity_placement_group.pxmapp1"
          ]
        }
      ]
    },
    {
      "mode": "managed",
      "type": "azurerm_availability_set",
      "name": "asdb",
      "provider": "provider[\"registry.terraform.io/hashicorp/azurerm\"]",
      "instances": [
        {
          "schema_version": 0,
          "attributes": {
            "id": "/subscriptions/4320f689-5133-4260-b235-d02cc16611ff/resourceGroups/rg-uat-db-ci-001/providers/Microsoft.Compute/availabilitySets/as-vm-db",
            "location": "centralindia",
            "managed": true,
            "name": "as-vm-db",
            "platform_fault_domain_count": 3,
            "platform_update_domain_count": 5,
            "proximity_placement_group_id": "/subscriptions/4320f689-5133-4260-b235-d02cc16611ff/resourceGroups/RG-UAT-APP-CI-001/providers/Microsoft.Compute/proximityPlacementGroups/pxm-ci-001",
            "resource_group_name": "rg-uat-db-ci-001",
            "tags": {},
            "timeouts": null
          },
          "sensitive_attributes": [],
          "private": "eyJlMmJmYjczMC1lY2FhLTExZTYtOGY4OC0zNDM2M2JjN2M0YzAiOnsiY3JlYXRlIjoxODAwMDAwMDAwMDAwLCJkZWxldGUiOjE4MDAwMDAwMDAwMDAsInJlYWQiOjMwMDAwMDAwMDAwMCwidXBkYXRlIjoxODAwMDAwMDAwMDAwfX0=",
          "dependencies": [
            "azurerm_proximity_placement_group.pxmapp1"
          ]
        }
      ]
    },
    {
      "mode": "managed",
      "type": "azurerm_availability_set",
      "name": "asphp1",
      "provider": "provider[\"registry.terraform.io/hashicorp/azurerm\"]",
      "instances": [
        {
          "schema_version": 0,
          "attributes": {
            "id": "/subscriptions/4320f689-5133-4260-b235-d02cc16611ff/resourceGroups/rg-uat-app-ci-001/providers/Microsoft.Compute/availabilitySets/as-vm-php01",
            "location": "centralindia",
            "managed": true,
            "name": "as-vm-php01",
            "platform_fault_domain_count": 3,
            "platform_update_domain_count": 5,
            "proximity_placement_group_id": "/subscriptions/4320f689-5133-4260-b235-d02cc16611ff/resourceGroups/RG-UAT-APP-CI-001/providers/Microsoft.Compute/proximityPlacementGroups/pxm-ci-001",
            "resource_group_name": "rg-uat-app-ci-001",
            "tags": {},
            "timeouts": null
          },
          "sensitive_attributes": [],
          "private": "eyJlMmJmYjczMC1lY2FhLTExZTYtOGY4OC0zNDM2M2JjN2M0YzAiOnsiY3JlYXRlIjoxODAwMDAwMDAwMDAwLCJkZWxldGUiOjE4MDAwMDAwMDAwMDAsInJlYWQiOjMwMDAwMDAwMDAwMCwidXBkYXRlIjoxODAwMDAwMDAwMDAwfX0=",
          "dependencies": [
            "azurerm_proximity_placement_group.pxmapp1"
          ]
        }
      ]
    },
    {
      "mode": "managed",
      "type": "azurerm_availability_set",
      "name": "asphp2",
      "provider": "provider[\"registry.terraform.io/hashicorp/azurerm\"]",
      "instances": [
        {
          "schema_version": 0,
          "attributes": {
            "id": "/subscriptions/4320f689-5133-4260-b235-d02cc16611ff/resourceGroups/rg-uat-app-ci-002/providers/Microsoft.Compute/availabilitySets/as-vm-php02",
            "location": "centralindia",
            "managed": true,
            "name": "as-vm-php02",
            "platform_fault_domain_count": 3,
            "platform_update_domain_count": 5,
            "proximity_placement_group_id": "/subscriptions/4320f689-5133-4260-b235-d02cc16611ff/resourceGroups/RG-UAT-APP-CI-001/providers/Microsoft.Compute/proximityPlacementGroups/pxm-ci-001",
            "resource_group_name": "rg-uat-app-ci-002",
            "tags": {},
            "timeouts": null
          },
          "sensitive_attributes": [],
          "private": "eyJlMmJmYjczMC1lY2FhLTExZTYtOGY4OC0zNDM2M2JjN2M0YzAiOnsiY3JlYXRlIjoxODAwMDAwMDAwMDAwLCJkZWxldGUiOjE4MDAwMDAwMDAwMDAsInJlYWQiOjMwMDAwMDAwMDAwMCwidXBkYXRlIjoxODAwMDAwMDAwMDAwfX0=",
          "dependencies": [
            "azurerm_proximity_placement_group.pxmapp1"
          ]
        }
      ]
    },
    {
      "mode": "managed",
      "type": "azurerm_availability_set",
      "name": "asrub1",
      "provider": "provider[\"registry.terraform.io/hashicorp/azurerm\"]",
      "instances": [
        {
          "schema_version": 0,
          "attributes": {
            "id": "/subscriptions/4320f689-5133-4260-b235-d02cc16611ff/resourceGroups/rg-uat-aks-ci-001/providers/Microsoft.Compute/availabilitySets/as-vm-rub01",
            "location": "centralindia",
            "managed": true,
            "name": "as-vm-rub01",
            "platform_fault_domain_count": 3,
            "platform_update_domain_count": 5,
            "proximity_placement_group_id": "/subscriptions/4320f689-5133-4260-b235-d02cc16611ff/resourceGroups/RG-UAT-APP-CI-001/providers/Microsoft.Compute/proximityPlacementGroups/pxm-ci-001",
            "resource_group_name": "rg-uat-aks-ci-001",
            "tags": {},
            "timeouts": null
          },
          "sensitive_attributes": [],
          "private": "eyJlMmJmYjczMC1lY2FhLTExZTYtOGY4OC0zNDM2M2JjN2M0YzAiOnsiY3JlYXRlIjoxODAwMDAwMDAwMDAwLCJkZWxldGUiOjE4MDAwMDAwMDAwMDAsInJlYWQiOjMwMDAwMDAwMDAwMCwidXBkYXRlIjoxODAwMDAwMDAwMDAwfX0=",
          "dependencies": [
            "azurerm_proximity_placement_group.pxmapp1"
          ]
        }
      ]
    },
    {
      "mode": "managed",
      "type": "azurerm_lb",
      "name": "lbapp1",
      "provider": "provider[\"registry.terraform.io/hashicorp/azurerm\"]",
      "instances": [
        {
          "schema_version": 0,
          "attributes": {
            "frontend_ip_configuration": [
              {
                "availability_zone": "No-Zone",
                "gateway_load_balancer_frontend_ip_configuration_id": "",
                "id": "/subscriptions/4320f689-5133-4260-b235-d02cc16611ff/resourceGroups/rg-uat-app-ci-001/providers/Microsoft.Network/loadBalancers/ilb-uat-app1-ci-001/frontendIPConfigurations/fe-lbapp1-php1",
                "inbound_nat_rules": [],
                "load_balancer_rules": [
                  "/subscriptions/4320f689-5133-4260-b235-d02cc16611ff/resourceGroups/rg-uat-app-ci-001/providers/Microsoft.Network/loadBalancers/ilb-uat-app1-ci-001/loadBalancingRules/rule-app1-php-1-8081",
                  "/subscriptions/4320f689-5133-4260-b235-d02cc16611ff/resourceGroups/rg-uat-app-ci-001/providers/Microsoft.Network/loadBalancers/ilb-uat-app1-ci-001/loadBalancingRules/rule-app1-php-1-8082",
                  "/subscriptions/4320f689-5133-4260-b235-d02cc16611ff/resourceGroups/rg-uat-app-ci-001/providers/Microsoft.Network/loadBalancers/ilb-uat-app1-ci-001/loadBalancingRules/rule-app1-php-1-8083"
                ],
                "name": "fe-lbapp1-php1",
                "outbound_rules": [],
                "private_ip_address": "10.121.16.201",
                "private_ip_address_allocation": "Static",
                "private_ip_address_version": "IPv4",
                "public_ip_address_id": "",
                "public_ip_prefix_id": "",
                "subnet_id": "/subscriptions/4320f689-5133-4260-b235-d02cc16611ff/resourceGroups/rg-hub-net-ci-001/providers/Microsoft.Network/virtualNetworks/vnet-uat-net-ci-001/subnets/sn-uat-app-ci-001",
                "zones": []
              },
              {
                "availability_zone": "No-Zone",
                "gateway_load_balancer_frontend_ip_configuration_id": "",
                "id": "/subscriptions/4320f689-5133-4260-b235-d02cc16611ff/resourceGroups/rg-uat-app-ci-001/providers/Microsoft.Network/loadBalancers/ilb-uat-app1-ci-001/frontendIPConfigurations/fe-lbapp1-java1",
                "inbound_nat_rules": [],
                "load_balancer_rules": [
                  "/subscriptions/4320f689-5133-4260-b235-d02cc16611ff/resourceGroups/rg-uat-app-ci-001/providers/Microsoft.Network/loadBalancers/ilb-uat-app1-ci-001/loadBalancingRules/rule-app1-java-1-8180"
                ],
                "name": "fe-lbapp1-java1",
                "outbound_rules": [],
                "private_ip_address": "10.121.16.202",
                "private_ip_address_allocation": "Static",
                "private_ip_address_version": "IPv4",
                "public_ip_address_id": "",
                "public_ip_prefix_id": "",
                "subnet_id": "/subscriptions/4320f689-5133-4260-b235-d02cc16611ff/resourceGroups/rg-hub-net-ci-001/providers/Microsoft.Network/virtualNetworks/vnet-uat-net-ci-001/subnets/sn-uat-app-ci-001",
                "zones": []
              },
              {
                "availability_zone": "No-Zone",
                "gateway_load_balancer_frontend_ip_configuration_id": "",
                "id": "/subscriptions/4320f689-5133-4260-b235-d02cc16611ff/resourceGroups/rg-uat-app-ci-001/providers/Microsoft.Network/loadBalancers/ilb-uat-app1-ci-001/frontendIPConfigurations/fe-lbapp1-java2",
                "inbound_nat_rules": [],
                "load_balancer_rules": [
                  "/subscriptions/4320f689-5133-4260-b235-d02cc16611ff/resourceGroups/rg-uat-app-ci-001/providers/Microsoft.Network/loadBalancers/ilb-uat-app1-ci-001/loadBalancingRules/rule-app1-java-2-8180",
                  "/subscriptions/4320f689-5133-4260-b235-d02cc16611ff/resourceGroups/rg-uat-app-ci-001/providers/Microsoft.Network/loadBalancers/ilb-uat-app1-ci-001/loadBalancingRules/rule-app1-java-2-8483"
                ],
                "name": "fe-lbapp1-java2",
                "outbound_rules": [],
                "private_ip_address": "10.121.16.203",
                "private_ip_address_allocation": "Static",
                "private_ip_address_version": "IPv4",
                "public_ip_address_id": "",
                "public_ip_prefix_id": "",
                "subnet_id": "/subscriptions/4320f689-5133-4260-b235-d02cc16611ff/resourceGroups/rg-hub-net-ci-001/providers/Microsoft.Network/virtualNetworks/vnet-uat-net-ci-001/subnets/sn-uat-app-ci-001",
                "zones": []
              },
              {
                "availability_zone": "No-Zone",
                "gateway_load_balancer_frontend_ip_configuration_id": "",
                "id": "/subscriptions/4320f689-5133-4260-b235-d02cc16611ff/resourceGroups/rg-uat-app-ci-001/providers/Microsoft.Network/loadBalancers/ilb-uat-app1-ci-001/frontendIPConfigurations/fe-lbapp1-java3",
                "inbound_nat_rules": [],
                "load_balancer_rules": [
                  "/subscriptions/4320f689-5133-4260-b235-d02cc16611ff/resourceGroups/rg-uat-app-ci-001/providers/Microsoft.Network/loadBalancers/ilb-uat-app1-ci-001/loadBalancingRules/rule-app1-java-3-8080",
                  "/subscriptions/4320f689-5133-4260-b235-d02cc16611ff/resourceGroups/rg-uat-app-ci-001/providers/Microsoft.Network/loadBalancers/ilb-uat-app1-ci-001/loadBalancingRules/rule-app1-java-3-8280"
                ],
                "name": "fe-lbapp1-java3",
                "outbound_rules": [],
                "private_ip_address": "10.121.16.204",
                "private_ip_address_allocation": "Static",
                "private_ip_address_version": "IPv4",
                "public_ip_address_id": "",
                "public_ip_prefix_id": "",
                "subnet_id": "/subscriptions/4320f689-5133-4260-b235-d02cc16611ff/resourceGroups/rg-hub-net-ci-001/providers/Microsoft.Network/virtualNetworks/vnet-uat-net-ci-001/subnets/sn-uat-app-ci-001",
                "zones": []
              },
              {
                "availability_zone": "No-Zone",
                "gateway_load_balancer_frontend_ip_configuration_id": "",
                "id": "/subscriptions/4320f689-5133-4260-b235-d02cc16611ff/resourceGroups/rg-uat-app-ci-001/providers/Microsoft.Network/loadBalancers/ilb-uat-app1-ci-001/frontendIPConfigurations/fe-lbapp1-java4",
                "inbound_nat_rules": [],
                "load_balancer_rules": [
                  "/subscriptions/4320f689-5133-4260-b235-d02cc16611ff/resourceGroups/rg-uat-app-ci-001/providers/Microsoft.Network/loadBalancers/ilb-uat-app1-ci-001/loadBalancingRules/rule-app1-java-4-8080"
                ],
                "name": "fe-lbapp1-java4",
                "outbound_rules": [],
                "private_ip_address": "10.121.16.205",
                "private_ip_address_allocation": "Static",
                "private_ip_address_version": "IPv4",
                "public_ip_address_id": "",
                "public_ip_prefix_id": "",
                "subnet_id": "/subscriptions/4320f689-5133-4260-b235-d02cc16611ff/resourceGroups/rg-hub-net-ci-001/providers/Microsoft.Network/virtualNetworks/vnet-uat-net-ci-001/subnets/sn-uat-app-ci-001",
                "zones": []
              },
              {
                "availability_zone": "No-Zone",
                "gateway_load_balancer_frontend_ip_configuration_id": "",
                "id": "/subscriptions/4320f689-5133-4260-b235-d02cc16611ff/resourceGroups/rg-uat-app-ci-001/providers/Microsoft.Network/loadBalancers/ilb-uat-app1-ci-001/frontendIPConfigurations/fe-lbapp1-java5",
                "inbound_nat_rules": [],
                "load_balancer_rules": [
                  "/subscriptions/4320f689-5133-4260-b235-d02cc16611ff/resourceGroups/rg-uat-app-ci-001/providers/Microsoft.Network/loadBalancers/ilb-uat-app1-ci-001/loadBalancingRules/rule-app1-java-5-8080",
                  "/subscriptions/4320f689-5133-4260-b235-d02cc16611ff/resourceGroups/rg-uat-app-ci-001/providers/Microsoft.Network/loadBalancers/ilb-uat-app1-ci-001/loadBalancingRules/rule-app1-java-5-8430"
                ],
                "name": "fe-lbapp1-java5",
                "outbound_rules": [],
                "private_ip_address": "10.121.16.206",
                "private_ip_address_allocation": "Static",
                "private_ip_address_version": "IPv4",
                "public_ip_address_id": "",
                "public_ip_prefix_id": "",
                "subnet_id": "/subscriptions/4320f689-5133-4260-b235-d02cc16611ff/resourceGroups/rg-hub-net-ci-001/providers/Microsoft.Network/virtualNetworks/vnet-uat-net-ci-001/subnets/sn-uat-app-ci-001",
                "zones": []
              },
              {
                "availability_zone": "No-Zone",
                "gateway_load_balancer_frontend_ip_configuration_id": "",
                "id": "/subscriptions/4320f689-5133-4260-b235-d02cc16611ff/resourceGroups/rg-uat-app-ci-001/providers/Microsoft.Network/loadBalancers/ilb-uat-app1-ci-001/frontendIPConfigurations/fe-lbapp1-java05",
                "inbound_nat_rules": [],
                "load_balancer_rules": [
                  "/subscriptions/4320f689-5133-4260-b235-d02cc16611ff/resourceGroups/rg-uat-app-ci-001/providers/Microsoft.Network/loadBalancers/ilb-uat-app1-ci-001/loadBalancingRules/rule-app1-java-05-80"
                ],
                "name": "fe-lbapp1-java05",
                "outbound_rules": [],
                "private_ip_address": "10.121.16.207",
                "private_ip_address_allocation": "Static",
                "private_ip_address_version": "IPv4",
                "public_ip_address_id": "",
                "public_ip_prefix_id": "",
                "subnet_id": "/subscriptions/4320f689-5133-4260-b235-d02cc16611ff/resourceGroups/rg-hub-net-ci-001/providers/Microsoft.Network/virtualNetworks/vnet-uat-net-ci-001/subnets/sn-uat-app-ci-001",
                "zones": []
              }
            ],
            "id": "/subscriptions/4320f689-5133-4260-b235-d02cc16611ff/resourceGroups/rg-uat-app-ci-001/providers/Microsoft.Network/loadBalancers/ilb-uat-app1-ci-001",
            "location": "centralindia",
            "name": "ilb-uat-app1-ci-001",
            "private_ip_address": "10.121.16.201",
            "private_ip_addresses": [
              "10.121.16.201",
              "10.121.16.202",
              "10.121.16.203",
              "10.121.16.204",
              "10.121.16.205",
              "10.121.16.206",
              "10.121.16.207"
            ],
            "resource_group_name": "rg-uat-app-ci-001",
            "sku": "Standard",
            "sku_tier": "Regional",
            "tags": {},
            "timeouts": null
          },
          "sensitive_attributes": [],
          "private": "eyJlMmJmYjczMC1lY2FhLTExZTYtOGY4OC0zNDM2M2JjN2M0YzAiOnsiY3JlYXRlIjoxODAwMDAwMDAwMDAwLCJkZWxldGUiOjE4MDAwMDAwMDAwMDAsInJlYWQiOjMwMDAwMDAwMDAwMCwidXBkYXRlIjoxODAwMDAwMDAwMDAwfX0=",
          "dependencies": [
            "azurerm_subnet.snapp1"
          ]
        }
      ]
    },
    {
      "mode": "managed",
      "type": "azurerm_linux_virtual_machine",
      "name": "vmdb1",
      "provider": "provider[\"registry.terraform.io/hashicorp/azurerm\"]",
      "instances": [
        {
          "schema_version": 0,
          "attributes": {
            "additional_capabilities": [],
            "admin_password": "G7K^\u0026g*%+#K",
            "admin_ssh_key": [],
            "admin_username": "idaadm",
            "allow_extension_operations": true,
            "availability_set_id": "/subscriptions/4320f689-5133-4260-b235-d02cc16611ff/resourceGroups/rg-uat-db-ci-001/providers/Microsoft.Compute/availabilitySets/AS-VM-DB",
            "boot_diagnostics": [],
            "computer_name": "GEMAZUATDB01",
            "custom_data": null,
            "dedicated_host_group_id": "",
            "dedicated_host_id": "",
            "disable_password_authentication": false,
            "encryption_at_host_enabled": false,
            "eviction_policy": "",
            "extensions_time_budget": "PT1H30M",
            "id": "/subscriptions/4320f689-5133-4260-b235-d02cc16611ff/resourceGroups/rg-uat-db-ci-001/providers/Microsoft.Compute/virtualMachines/GEMAZUATDB01",
            "identity": [],
            "license_type": "",
            "location": "centralindia",
            "max_bid_price": -1,
            "name": "GEMAZUATDB01",
            "network_interface_ids": [
              "/subscriptions/4320f689-5133-4260-b235-d02cc16611ff/resourceGroups/rg-uat-db-ci-001/providers/Microsoft.Network/networkInterfaces/vmdb1-nic"
            ],
            "os_disk": [
              {
                "caching": "ReadWrite",
                "diff_disk_settings": [],
                "disk_encryption_set_id": "",
                "disk_size_gb": 64,
                "name": "GEMAZUATDB01_OsDisk_1_351e7faf87584e5cafdcf43a63500d50",
                "storage_account_type": "StandardSSD_LRS",
                "write_accelerator_enabled": false
              }
            ],
            "patch_mode": "ImageDefault",
            "plan": [],
            "platform_fault_domain": -1,
            "priority": "Regular",
            "private_ip_address": "10.121.20.5",
            "private_ip_addresses": [
              "10.121.20.5"
            ],
            "provision_vm_agent": true,
            "proximity_placement_group_id": "/subscriptions/4320f689-5133-4260-b235-d02cc16611ff/resourceGroups/RG-UAT-APP-CI-001/providers/Microsoft.Compute/proximityPlacementGroups/pxm-ci-001",
            "public_ip_address": "",
            "public_ip_addresses": [],
            "resource_group_name": "rg-uat-db-ci-001",
            "secret": [],
            "secure_boot_enabled": false,
            "size": "Standard_F16s_v2",
            "source_image_id": "",
            "source_image_reference": [
              {
                "offer": "RHEL",
                "publisher": "RedHat",
                "sku": "79-gen2",
                "version": "latest"
              }
            ],
            "tags": {},
            "timeouts": null,
            "user_data": "",
            "virtual_machine_id": "5c954f9f-f84e-4117-90ba-e2ab0a7ca49b",
            "virtual_machine_scale_set_id": "",
            "vtpm_enabled": false,
            "zone": ""
          },
          "sensitive_attributes": [],
          "private": "eyJlMmJmYjczMC1lY2FhLTExZTYtOGY4OC0zNDM2M2JjN2M0YzAiOnsiY3JlYXRlIjoyNzAwMDAwMDAwMDAwLCJkZWxldGUiOjI3MDAwMDAwMDAwMDAsInJlYWQiOjMwMDAwMDAwMDAwMCwidXBkYXRlIjoyNzAwMDAwMDAwMDAwfX0=",
          "dependencies": [
            "azurerm_availability_set.asdb",
            "azurerm_network_interface.nicdb1",
            "azurerm_proximity_placement_group.pxmapp1",
            "azurerm_subnet.sndb"
          ]
        }
      ]
    },
    {
      "mode": "managed",
      "type": "azurerm_linux_virtual_machine",
      "name": "vmdb2",
      "provider": "provider[\"registry.terraform.io/hashicorp/azurerm\"]",
      "instances": [
        {
          "schema_version": 0,
          "attributes": {
            "additional_capabilities": [],
            "admin_password": "G7K^\u0026g*%+#K",
            "admin_ssh_key": [],
            "admin_username": "idaadm",
            "allow_extension_operations": true,
            "availability_set_id": "/subscriptions/4320f689-5133-4260-b235-d02cc16611ff/resourceGroups/rg-uat-db-ci-001/providers/Microsoft.Compute/availabilitySets/AS-VM-DB",
            "boot_diagnostics": [],
            "computer_name": "GEMAZUATDB02",
            "custom_data": null,
            "dedicated_host_group_id": "",
            "dedicated_host_id": "",
            "disable_password_authentication": false,
            "encryption_at_host_enabled": false,
            "eviction_policy": "",
            "extensions_time_budget": "PT1H30M",
            "id": "/subscriptions/4320f689-5133-4260-b235-d02cc16611ff/resourceGroups/rg-uat-db-ci-001/providers/Microsoft.Compute/virtualMachines/GEMAZUATDB02",
            "identity": [],
            "license_type": "",
            "location": "centralindia",
            "max_bid_price": -1,
            "name": "GEMAZUATDB02",
            "network_interface_ids": [
              "/subscriptions/4320f689-5133-4260-b235-d02cc16611ff/resourceGroups/rg-uat-db-ci-001/providers/Microsoft.Network/networkInterfaces/vmdb2-nic"
            ],
            "os_disk": [
              {
                "caching": "ReadWrite",
                "diff_disk_settings": [],
                "disk_encryption_set_id": "",
                "disk_size_gb": 64,
                "name": "GEMAZUATDB02_OsDisk_1_20809987b41749569c4bc482b7124d66",
                "storage_account_type": "StandardSSD_LRS",
                "write_accelerator_enabled": false
              }
            ],
            "patch_mode": "ImageDefault",
            "plan": [],
            "platform_fault_domain": -1,
            "priority": "Regular",
            "private_ip_address": "10.121.20.4",
            "private_ip_addresses": [
              "10.121.20.4"
            ],
            "provision_vm_agent": true,
            "proximity_placement_group_id": "/subscriptions/4320f689-5133-4260-b235-d02cc16611ff/resourceGroups/RG-UAT-APP-CI-001/providers/Microsoft.Compute/proximityPlacementGroups/pxm-ci-001",
            "public_ip_address": "",
            "public_ip_addresses": [],
            "resource_group_name": "rg-uat-db-ci-001",
            "secret": [],
            "secure_boot_enabled": false,
            "size": "Standard_F16s_v2",
            "source_image_id": "",
            "source_image_reference": [
              {
                "offer": "RHEL",
                "publisher": "RedHat",
                "sku": "79-gen2",
                "version": "latest"
              }
            ],
            "tags": {},
            "timeouts": null,
            "user_data": "",
            "virtual_machine_id": "94136fab-62c0-4248-87e8-6e7299ef0a8c",
            "virtual_machine_scale_set_id": "",
            "vtpm_enabled": false,
            "zone": ""
          },
          "sensitive_attributes": [],
          "private": "eyJlMmJmYjczMC1lY2FhLTExZTYtOGY4OC0zNDM2M2JjN2M0YzAiOnsiY3JlYXRlIjoyNzAwMDAwMDAwMDAwLCJkZWxldGUiOjI3MDAwMDAwMDAwMDAsInJlYWQiOjMwMDAwMDAwMDAwMCwidXBkYXRlIjoyNzAwMDAwMDAwMDAwfX0=",
          "dependencies": [
            "azurerm_availability_set.asdb",
            "azurerm_network_interface.nicdb2",
            "azurerm_proximity_placement_group.pxmapp1",
            "azurerm_subnet.sndb"
          ]
        }
      ]
    },
    {
      "mode": "managed",
      "type": "azurerm_linux_virtual_machine",
      "name": "vmdb3",
      "provider": "provider[\"registry.terraform.io/hashicorp/azurerm\"]",
      "instances": [
        {
          "schema_version": 0,
          "attributes": {
            "additional_capabilities": [],
            "admin_password": "G7K^\u0026g*%+#K",
            "admin_ssh_key": [],
            "admin_username": "idaadm",
            "allow_extension_operations": true,
            "availability_set_id": "/subscriptions/4320f689-5133-4260-b235-d02cc16611ff/resourceGroups/rg-uat-db-ci-001/providers/Microsoft.Compute/availabilitySets/AS-VM-DB",
            "boot_diagnostics": [],
            "computer_name": "GEMAZUATDB03",
            "custom_data": null,
            "dedicated_host_group_id": "",
            "dedicated_host_id": "",
            "disable_password_authentication": false,
            "encryption_at_host_enabled": false,
            "eviction_policy": "",
            "extensions_time_budget": "PT1H30M",
            "id": "/subscriptions/4320f689-5133-4260-b235-d02cc16611ff/resourceGroups/rg-uat-db-ci-001/providers/Microsoft.Compute/virtualMachines/GEMAZUATDB03",
            "identity": [],
            "license_type": "",
            "location": "centralindia",
            "max_bid_price": -1,
            "name": "GEMAZUATDB03",
            "network_interface_ids": [
              "/subscriptions/4320f689-5133-4260-b235-d02cc16611ff/resourceGroups/rg-uat-db-ci-001/providers/Microsoft.Network/networkInterfaces/vmdb3-nic"
            ],
            "os_disk": [
              {
                "caching": "ReadWrite",
                "diff_disk_settings": [],
                "disk_encryption_set_id": "",
                "disk_size_gb": 64,
                "name": "GEMAZUATDB03_OsDisk_1_93b44eb053654cbdb775447143dbf893",
                "storage_account_type": "StandardSSD_LRS",
                "write_accelerator_enabled": false
              }
            ],
            "patch_mode": "ImageDefault",
            "plan": [],
            "platform_fault_domain": -1,
            "priority": "Regular",
            "private_ip_address": "10.121.20.6",
            "private_ip_addresses": [
              "10.121.20.6"
            ],
            "provision_vm_agent": true,
            "proximity_placement_group_id": "/subscriptions/4320f689-5133-4260-b235-d02cc16611ff/resourceGroups/RG-UAT-APP-CI-001/providers/Microsoft.Compute/proximityPlacementGroups/pxm-ci-001",
            "public_ip_address": "",
            "public_ip_addresses": [],
            "resource_group_name": "rg-uat-db-ci-001",
            "secret": [],
            "secure_boot_enabled": false,
            "size": "Standard_F16s_v2",
            "source_image_id": "",
            "source_image_reference": [
              {
                "offer": "RHEL",
                "publisher": "RedHat",
                "sku": "79-gen2",
                "version": "latest"
              }
            ],
            "tags": {},
            "timeouts": null,
            "user_data": "",
            "virtual_machine_id": "17360106-a631-4e5f-a6d6-e248c23e3282",
            "virtual_machine_scale_set_id": "",
            "vtpm_enabled": false,
            "zone": ""
          },
          "sensitive_attributes": [],
          "private": "eyJlMmJmYjczMC1lY2FhLTExZTYtOGY4OC0zNDM2M2JjN2M0YzAiOnsiY3JlYXRlIjoyNzAwMDAwMDAwMDAwLCJkZWxldGUiOjI3MDAwMDAwMDAwMDAsInJlYWQiOjMwMDAwMDAwMDAwMCwidXBkYXRlIjoyNzAwMDAwMDAwMDAwfX0=",
          "dependencies": [
            "azurerm_availability_set.asdb",
            "azurerm_network_interface.nicdb3",
            "azurerm_proximity_placement_group.pxmapp1",
            "azurerm_subnet.sndb"
          ]
        }
      ]
    },
    {
      "mode": "managed",
      "type": "azurerm_linux_virtual_machine",
      "name": "vmjava051",
      "provider": "provider[\"registry.terraform.io/hashicorp/azurerm\"]",
      "instances": [
        {
          "schema_version": 0,
          "attributes": {
            "additional_capabilities": [],
            "admin_password": "G7K^\u0026g*%+#K",
            "admin_ssh_key": [],
            "admin_username": "idaadm",
            "allow_extension_operations": true,
            "availability_set_id": "/subscriptions/4320f689-5133-4260-b235-d02cc16611ff/resourceGroups/rg-uat-app-ci-001/providers/Microsoft.Compute/availabilitySets/AS-VM-JAVA005",
            "boot_diagnostics": [],
            "computer_name": "GEMAZUATAJAVA005-1",
            "custom_data": null,
            "dedicated_host_group_id": "",
            "dedicated_host_id": "",
            "disable_password_authentication": false,
            "encryption_at_host_enabled": false,
            "eviction_policy": "",
            "extensions_time_budget": "PT1H30M",
            "id": "/subscriptions/4320f689-5133-4260-b235-d02cc16611ff/resourceGroups/rg-uat-app-ci-001/providers/Microsoft.Compute/virtualMachines/GEMAZUATAJAVA005-1",
            "identity": [],
            "license_type": "",
            "location": "centralindia",
            "max_bid_price": -1,
            "name": "GEMAZUATAJAVA005-1",
            "network_interface_ids": [
              "/subscriptions/4320f689-5133-4260-b235-d02cc16611ff/resourceGroups/rg-uat-app-ci-001/providers/Microsoft.Network/networkInterfaces/vmjava051-nic"
            ],
            "os_disk": [
              {
                "caching": "ReadWrite",
                "diff_disk_settings": [],
                "disk_encryption_set_id": "",
                "disk_size_gb": 512,
                "name": "GEMAZUATAJAVA005-1_OsDisk_1_16e3a6ad1eff4c1ea7191b3e0cbf3fca",
                "storage_account_type": "StandardSSD_LRS",
                "write_accelerator_enabled": false
              }
            ],
            "patch_mode": "ImageDefault",
            "plan": [],
            "platform_fault_domain": -1,
            "priority": "Regular",
            "private_ip_address": "10.121.16.15",
            "private_ip_addresses": [
              "10.121.16.15"
            ],
            "provision_vm_agent": true,
            "proximity_placement_group_id": "/subscriptions/4320f689-5133-4260-b235-d02cc16611ff/resourceGroups/RG-UAT-APP-CI-001/providers/Microsoft.Compute/proximityPlacementGroups/pxm-ci-001",
            "public_ip_address": "",
            "public_ip_addresses": [],
            "resource_group_name": "rg-uat-app-ci-001",
            "secret": [],
            "secure_boot_enabled": false,
            "size": "Standard_F8s_v2",
            "source_image_id": "",
            "source_image_reference": [
              {
                "offer": "RHEL",
                "publisher": "RedHat",
                "sku": "79-gen2",
                "version": "latest"
              }
            ],
            "tags": {},
            "timeouts": null,
            "user_data": "",
            "virtual_machine_id": "690e66f1-3b3b-4f49-b632-ca2611e6cf6e",
            "virtual_machine_scale_set_id": "",
            "vtpm_enabled": false,
            "zone": ""
          },
          "sensitive_attributes": [],
          "private": "eyJlMmJmYjczMC1lY2FhLTExZTYtOGY4OC0zNDM2M2JjN2M0YzAiOnsiY3JlYXRlIjoyNzAwMDAwMDAwMDAwLCJkZWxldGUiOjI3MDAwMDAwMDAwMDAsInJlYWQiOjMwMDAwMDAwMDAwMCwidXBkYXRlIjoyNzAwMDAwMDAwMDAwfX0=",
          "dependencies": [
            "azurerm_availability_set.as_java05",
            "azurerm_network_interface.nicjava051",
            "azurerm_proximity_placement_group.pxmapp1",
            "azurerm_subnet.snapp1"
          ]
        }
      ]
    },
    {
      "mode": "managed",
      "type": "azurerm_linux_virtual_machine",
      "name": "vmjava052",
      "provider": "provider[\"registry.terraform.io/hashicorp/azurerm\"]",
      "instances": [
        {
          "schema_version": 0,
          "attributes": {
            "additional_capabilities": [],
            "admin_password": "G7K^\u0026g*%+#K",
            "admin_ssh_key": [],
            "admin_username": "idaadm",
            "allow_extension_operations": true,
            "availability_set_id": "/subscriptions/4320f689-5133-4260-b235-d02cc16611ff/resourceGroups/rg-uat-app-ci-001/providers/Microsoft.Compute/availabilitySets/AS-VM-JAVA005",
            "boot_diagnostics": [],
            "computer_name": "GEMAZUATAJAVA005-2",
            "custom_data": null,
            "dedicated_host_group_id": "",
            "dedicated_host_id": "",
            "disable_password_authentication": false,
            "encryption_at_host_enabled": false,
            "eviction_policy": "",
            "extensions_time_budget": "PT1H30M",
            "id": "/subscriptions/4320f689-5133-4260-b235-d02cc16611ff/resourceGroups/rg-uat-app-ci-001/providers/Microsoft.Compute/virtualMachines/GEMAZUATAJAVA005-2",
            "identity": [],
            "license_type": "",
            "location": "centralindia",
            "max_bid_price": -1,
            "name": "GEMAZUATAJAVA005-2",
            "network_interface_ids": [
              "/subscriptions/4320f689-5133-4260-b235-d02cc16611ff/resourceGroups/rg-uat-app-ci-001/providers/Microsoft.Network/networkInterfaces/vmjava052-nic"
            ],
            "os_disk": [
              {
                "caching": "ReadWrite",
                "diff_disk_settings": [],
                "disk_encryption_set_id": "",
                "disk_size_gb": 512,
                "name": "GEMAZUATAJAVA005-2_OsDisk_1_d6435ae6808d4989a9971c4c22b4ad59",
                "storage_account_type": "StandardSSD_LRS",
                "write_accelerator_enabled": false
              }
            ],
            "patch_mode": "ImageDefault",
            "plan": [],
            "platform_fault_domain": -1,
            "priority": "Regular",
            "private_ip_address": "10.121.16.16",
            "private_ip_addresses": [
              "10.121.16.16"
            ],
            "provision_vm_agent": true,
            "proximity_placement_group_id": "/subscriptions/4320f689-5133-4260-b235-d02cc16611ff/resourceGroups/RG-UAT-APP-CI-001/providers/Microsoft.Compute/proximityPlacementGroups/pxm-ci-001",
            "public_ip_address": "",
            "public_ip_addresses": [],
            "resource_group_name": "rg-uat-app-ci-001",
            "secret": [],
            "secure_boot_enabled": false,
            "size": "Standard_F8s_v2",
            "source_image_id": "",
            "source_image_reference": [
              {
                "offer": "RHEL",
                "publisher": "RedHat",
                "sku": "79-gen2",
                "version": "latest"
              }
            ],
            "tags": {},
            "timeouts": null,
            "user_data": "",
            "virtual_machine_id": "e3bc8bfe-02d8-4203-9e26-20a74f4799c6",
            "virtual_machine_scale_set_id": "",
            "vtpm_enabled": false,
            "zone": ""
          },
          "sensitive_attributes": [],
          "private": "eyJlMmJmYjczMC1lY2FhLTExZTYtOGY4OC0zNDM2M2JjN2M0YzAiOnsiY3JlYXRlIjoyNzAwMDAwMDAwMDAwLCJkZWxldGUiOjI3MDAwMDAwMDAwMDAsInJlYWQiOjMwMDAwMDAwMDAwMCwidXBkYXRlIjoyNzAwMDAwMDAwMDAwfX0=",
          "dependencies": [
            "azurerm_availability_set.as_java05",
            "azurerm_network_interface.nicjava052",
            "azurerm_proximity_placement_group.pxmapp1",
            "azurerm_subnet.snapp1"
          ]
        }
      ]
    },
    {
      "mode": "managed",
      "type": "azurerm_linux_virtual_machine",
      "name": "vmjava11",
      "provider": "provider[\"registry.terraform.io/hashicorp/azurerm\"]",
      "instances": [
        {
          "schema_version": 0,
          "attributes": {
            "additional_capabilities": [],
            "admin_password": "G7K^\u0026g*%+#K",
            "admin_ssh_key": [],
            "admin_username": "idaadm",
            "allow_extension_operations": true,
            "availability_set_id": "/subscriptions/4320f689-5133-4260-b235-d02cc16611ff/resourceGroups/rg-uat-app-ci-001/providers/Microsoft.Compute/availabilitySets/AS-VM-JAVA01",
            "boot_diagnostics": [],
            "computer_name": "GEMAZUATAJAVA01-1",
            "custom_data": null,
            "dedicated_host_group_id": "",
            "dedicated_host_id": "",
            "disable_password_authentication": false,
            "encryption_at_host_enabled": false,
            "eviction_policy": "",
            "extensions_time_budget": "PT1H30M",
            "id": "/subscriptions/4320f689-5133-4260-b235-d02cc16611ff/resourceGroups/rg-uat-app-ci-001/providers/Microsoft.Compute/virtualMachines/GEMAZUATAJAVA01-1",
            "identity": [],
            "license_type": "",
            "location": "centralindia",
            "max_bid_price": -1,
            "name": "GEMAZUATAJAVA01-1",
            "network_interface_ids": [
              "/subscriptions/4320f689-5133-4260-b235-d02cc16611ff/resourceGroups/rg-uat-app-ci-001/providers/Microsoft.Network/networkInterfaces/vmjava11-nic"
            ],
            "os_disk": [
              {
                "caching": "ReadWrite",
                "diff_disk_settings": [],
                "disk_encryption_set_id": "",
                "disk_size_gb": 128,
                "name": "GEMAZUATAJAVA01-1_OsDisk_1_53b136b907bf4a3f9f69765f106120f5",
                "storage_account_type": "StandardSSD_LRS",
                "write_accelerator_enabled": false
              }
            ],
            "patch_mode": "ImageDefault",
            "plan": [],
            "platform_fault_domain": -1,
            "priority": "Regular",
            "private_ip_address": "10.121.16.5",
            "private_ip_addresses": [
              "10.121.16.5"
            ],
            "provision_vm_agent": true,
            "proximity_placement_group_id": "/subscriptions/4320f689-5133-4260-b235-d02cc16611ff/resourceGroups/RG-UAT-APP-CI-001/providers/Microsoft.Compute/proximityPlacementGroups/pxm-ci-001",
            "public_ip_address": "",
            "public_ip_addresses": [],
            "resource_group_name": "rg-uat-app-ci-001",
            "secret": [],
            "secure_boot_enabled": false,
            "size": "Standard_F8s_v2",
            "source_image_id": "",
            "source_image_reference": [
              {
                "offer": "RHEL",
                "publisher": "RedHat",
                "sku": "79-gen2",
                "version": "latest"
              }
            ],
            "tags": {},
            "timeouts": null,
            "user_data": "",
            "virtual_machine_id": "ee67310e-1f04-432b-bc04-e67a2848d456",
            "virtual_machine_scale_set_id": "",
            "vtpm_enabled": false,
            "zone": ""
          },
          "sensitive_attributes": [],
          "private": "eyJlMmJmYjczMC1lY2FhLTExZTYtOGY4OC0zNDM2M2JjN2M0YzAiOnsiY3JlYXRlIjoyNzAwMDAwMDAwMDAwLCJkZWxldGUiOjI3MDAwMDAwMDAwMDAsInJlYWQiOjMwMDAwMDAwMDAwMCwidXBkYXRlIjoyNzAwMDAwMDAwMDAwfX0=",
          "dependencies": [
            "azurerm_availability_set.as_java1",
            "azurerm_network_interface.nicjava11",
            "azurerm_proximity_placement_group.pxmapp1",
            "azurerm_subnet.snapp1"
          ]
        }
      ]
    },
    {
      "mode": "managed",
      "type": "azurerm_linux_virtual_machine",
      "name": "vmjava12",
      "provider": "provider[\"registry.terraform.io/hashicorp/azurerm\"]",
      "instances": [
        {
          "schema_version": 0,
          "attributes": {
            "additional_capabilities": [],
            "admin_password": "G7K^\u0026g*%+#K",
            "admin_ssh_key": [],
            "admin_username": "idaadm",
            "allow_extension_operations": true,
            "availability_set_id": "/subscriptions/4320f689-5133-4260-b235-d02cc16611ff/resourceGroups/rg-uat-app-ci-001/providers/Microsoft.Compute/availabilitySets/AS-VM-JAVA01",
            "boot_diagnostics": [],
            "computer_name": "GEMAZUATAJAVA01-2",
            "custom_data": null,
            "dedicated_host_group_id": "",
            "dedicated_host_id": "",
            "disable_password_authentication": false,
            "encryption_at_host_enabled": false,
            "eviction_policy": "",
            "extensions_time_budget": "PT1H30M",
            "id": "/subscriptions/4320f689-5133-4260-b235-d02cc16611ff/resourceGroups/rg-uat-app-ci-001/providers/Microsoft.Compute/virtualMachines/GEMAZUATAJAVA01-2",
            "identity": [],
            "license_type": "",
            "location": "centralindia",
            "max_bid_price": -1,
            "name": "GEMAZUATAJAVA01-2",
            "network_interface_ids": [
              "/subscriptions/4320f689-5133-4260-b235-d02cc16611ff/resourceGroups/rg-uat-app-ci-001/providers/Microsoft.Network/networkInterfaces/vmjava12-nic"
            ],
            "os_disk": [
              {
                "caching": "ReadWrite",
                "diff_disk_settings": [],
                "disk_encryption_set_id": "",
                "disk_size_gb": 128,
                "name": "GEMAZUATAJAVA01-2_OsDisk_1_102e6f3af9304b408bdc189f3235fe96",
                "storage_account_type": "StandardSSD_LRS",
                "write_accelerator_enabled": false
              }
            ],
            "patch_mode": "ImageDefault",
            "plan": [],
            "platform_fault_domain": -1,
            "priority": "Regular",
            "private_ip_address": "10.121.16.4",
            "private_ip_addresses": [
              "10.121.16.4"
            ],
            "provision_vm_agent": true,
            "proximity_placement_group_id": "/subscriptions/4320f689-5133-4260-b235-d02cc16611ff/resourceGroups/RG-UAT-APP-CI-001/providers/Microsoft.Compute/proximityPlacementGroups/pxm-ci-001",
            "public_ip_address": "",
            "public_ip_addresses": [],
            "resource_group_name": "rg-uat-app-ci-001",
            "secret": [],
            "secure_boot_enabled": false,
            "size": "Standard_F8s_v2",
            "source_image_id": "",
            "source_image_reference": [
              {
                "offer": "RHEL",
                "publisher": "RedHat",
                "sku": "79-gen2",
                "version": "latest"
              }
            ],
            "tags": {},
            "timeouts": null,
            "user_data": "",
            "virtual_machine_id": "cbe6d246-40b3-45b0-8529-44c459acf8f7",
            "virtual_machine_scale_set_id": "",
            "vtpm_enabled": false,
            "zone": ""
          },
          "sensitive_attributes": [],
          "private": "eyJlMmJmYjczMC1lY2FhLTExZTYtOGY4OC0zNDM2M2JjN2M0YzAiOnsiY3JlYXRlIjoyNzAwMDAwMDAwMDAwLCJkZWxldGUiOjI3MDAwMDAwMDAwMDAsInJlYWQiOjMwMDAwMDAwMDAwMCwidXBkYXRlIjoyNzAwMDAwMDAwMDAwfX0=",
          "dependencies": [
            "azurerm_availability_set.as_java1",
            "azurerm_network_interface.nicjava12",
            "azurerm_proximity_placement_group.pxmapp1",
            "azurerm_subnet.snapp1"
          ]
        }
      ]
    },
    {
      "mode": "managed",
      "type": "azurerm_linux_virtual_machine",
      "name": "vmjava21",
      "provider": "provider[\"registry.terraform.io/hashicorp/azurerm\"]",
      "instances": [
        {
          "schema_version": 0,
          "attributes": {
            "additional_capabilities": [],
            "admin_password": "G7K^\u0026g*%+#K",
            "admin_ssh_key": [],
            "admin_username": "idaadm",
            "allow_extension_operations": true,
            "availability_set_id": "/subscriptions/4320f689-5133-4260-b235-d02cc16611ff/resourceGroups/rg-uat-app-ci-001/providers/Microsoft.Compute/availabilitySets/AS-VM-JAVA02",
            "boot_diagnostics": [],
            "computer_name": "GEMAZUATAJAVA02-1",
            "custom_data": null,
            "dedicated_host_group_id": "",
            "dedicated_host_id": "",
            "disable_password_authentication": false,
            "encryption_at_host_enabled": false,
            "eviction_policy": "",
            "extensions_time_budget": "PT1H30M",
            "id": "/subscriptions/4320f689-5133-4260-b235-d02cc16611ff/resourceGroups/rg-uat-app-ci-001/providers/Microsoft.Compute/virtualMachines/GEMAZUATAJAVA02-1",
            "identity": [],
            "license_type": "",
            "location": "centralindia",
            "max_bid_price": -1,
            "name": "GEMAZUATAJAVA02-1",
            "network_interface_ids": [
              "/subscriptions/4320f689-5133-4260-b235-d02cc16611ff/resourceGroups/rg-uat-app-ci-001/providers/Microsoft.Network/networkInterfaces/vmjava21-nic"
            ],
            "os_disk": [
              {
                "caching": "ReadWrite",
                "diff_disk_settings": [],
                "disk_encryption_set_id": "",
                "disk_size_gb": 128,
                "name": "GEMAZUATAJAVA02-1_OsDisk_1_d49271c4a49c4b2a96e0ec79be56e524",
                "storage_account_type": "StandardSSD_LRS",
                "write_accelerator_enabled": false
              }
            ],
            "patch_mode": "ImageDefault",
            "plan": [],
            "platform_fault_domain": -1,
            "priority": "Regular",
            "private_ip_address": "10.121.16.7",
            "private_ip_addresses": [
              "10.121.16.7"
            ],
            "provision_vm_agent": true,
            "proximity_placement_group_id": "/subscriptions/4320f689-5133-4260-b235-d02cc16611ff/resourceGroups/RG-UAT-APP-CI-001/providers/Microsoft.Compute/proximityPlacementGroups/pxm-ci-001",
            "public_ip_address": "",
            "public_ip_addresses": [],
            "resource_group_name": "rg-uat-app-ci-001",
            "secret": [],
            "secure_boot_enabled": false,
            "size": "Standard_F8s_v2",
            "source_image_id": "",
            "source_image_reference": [
              {
                "offer": "RHEL",
                "publisher": "RedHat",
                "sku": "79-gen2",
                "version": "latest"
              }
            ],
            "tags": {},
            "timeouts": null,
            "user_data": "",
            "virtual_machine_id": "2f7d3f67-021a-4960-9927-a31afddc260b",
            "virtual_machine_scale_set_id": "",
            "vtpm_enabled": false,
            "zone": ""
          },
          "sensitive_attributes": [],
          "private": "eyJlMmJmYjczMC1lY2FhLTExZTYtOGY4OC0zNDM2M2JjN2M0YzAiOnsiY3JlYXRlIjoyNzAwMDAwMDAwMDAwLCJkZWxldGUiOjI3MDAwMDAwMDAwMDAsInJlYWQiOjMwMDAwMDAwMDAwMCwidXBkYXRlIjoyNzAwMDAwMDAwMDAwfX0=",
          "dependencies": [
            "azurerm_availability_set.as_java2",
            "azurerm_network_interface.nicjava21",
            "azurerm_proximity_placement_group.pxmapp1",
            "azurerm_subnet.snapp1"
          ]
        }
      ]
    },
    {
      "mode": "managed",
      "type": "azurerm_linux_virtual_machine",
      "name": "vmjava22",
      "provider": "provider[\"registry.terraform.io/hashicorp/azurerm\"]",
      "instances": [
        {
          "schema_version": 0,
          "attributes": {
            "additional_capabilities": [],
            "admin_password": "G7K^\u0026g*%+#K",
            "admin_ssh_key": [],
            "admin_username": "idaadm",
            "allow_extension_operations": true,
            "availability_set_id": "/subscriptions/4320f689-5133-4260-b235-d02cc16611ff/resourceGroups/rg-uat-app-ci-001/providers/Microsoft.Compute/availabilitySets/AS-VM-JAVA02",
            "boot_diagnostics": [],
            "computer_name": "GEMAZUATAJAVA02-2",
            "custom_data": null,
            "dedicated_host_group_id": "",
            "dedicated_host_id": "",
            "disable_password_authentication": false,
            "encryption_at_host_enabled": false,
            "eviction_policy": "",
            "extensions_time_budget": "PT1H30M",
            "id": "/subscriptions/4320f689-5133-4260-b235-d02cc16611ff/resourceGroups/rg-uat-app-ci-001/providers/Microsoft.Compute/virtualMachines/GEMAZUATAJAVA02-2",
            "identity": [],
            "license_type": "",
            "location": "centralindia",
            "max_bid_price": -1,
            "name": "GEMAZUATAJAVA02-2",
            "network_interface_ids": [
              "/subscriptions/4320f689-5133-4260-b235-d02cc16611ff/resourceGroups/rg-uat-app-ci-001/providers/Microsoft.Network/networkInterfaces/vmjava22-nic"
            ],
            "os_disk": [
              {
                "caching": "ReadWrite",
                "diff_disk_settings": [],
                "disk_encryption_set_id": "",
                "disk_size_gb": 128,
                "name": "GEMAZUATAJAVA02-2_OsDisk_1_1d4ce3b1f22647afbd7e1166f559ee83",
                "storage_account_type": "StandardSSD_LRS",
                "write_accelerator_enabled": false
              }
            ],
            "patch_mode": "ImageDefault",
            "plan": [],
            "platform_fault_domain": -1,
            "priority": "Regular",
            "private_ip_address": "10.121.16.6",
            "private_ip_addresses": [
              "10.121.16.6"
            ],
            "provision_vm_agent": true,
            "proximity_placement_group_id": "/subscriptions/4320f689-5133-4260-b235-d02cc16611ff/resourceGroups/RG-UAT-APP-CI-001/providers/Microsoft.Compute/proximityPlacementGroups/pxm-ci-001",
            "public_ip_address": "",
            "public_ip_addresses": [],
            "resource_group_name": "rg-uat-app-ci-001",
            "secret": [],
            "secure_boot_enabled": false,
            "size": "Standard_F8s_v2",
            "source_image_id": "",
            "source_image_reference": [
              {
                "offer": "RHEL",
                "publisher": "RedHat",
                "sku": "79-gen2",
                "version": "latest"
              }
            ],
            "tags": {},
            "timeouts": null,
            "user_data": "",
            "virtual_machine_id": "b91c3ada-e018-4743-970c-fa9e3f8ab68c",
            "virtual_machine_scale_set_id": "",
            "vtpm_enabled": false,
            "zone": ""
          },
          "sensitive_attributes": [],
          "private": "eyJlMmJmYjczMC1lY2FhLTExZTYtOGY4OC0zNDM2M2JjN2M0YzAiOnsiY3JlYXRlIjoyNzAwMDAwMDAwMDAwLCJkZWxldGUiOjI3MDAwMDAwMDAwMDAsInJlYWQiOjMwMDAwMDAwMDAwMCwidXBkYXRlIjoyNzAwMDAwMDAwMDAwfX0=",
          "dependencies": [
            "azurerm_availability_set.as_java2",
            "azurerm_network_interface.nicjava22",
            "azurerm_proximity_placement_group.pxmapp1",
            "azurerm_subnet.snapp1"
          ]
        }
      ]
    },
    {
      "mode": "managed",
      "type": "azurerm_linux_virtual_machine",
      "name": "vmjava31",
      "provider": "provider[\"registry.terraform.io/hashicorp/azurerm\"]",
      "instances": [
        {
          "schema_version": 0,
          "attributes": {
            "additional_capabilities": [],
            "admin_password": "G7K^\u0026g*%+#K",
            "admin_ssh_key": [],
            "admin_username": "idaadm",
            "allow_extension_operations": true,
            "availability_set_id": "/subscriptions/4320f689-5133-4260-b235-d02cc16611ff/resourceGroups/rg-uat-app-ci-001/providers/Microsoft.Compute/availabilitySets/AS-VM-JAVA03",
            "boot_diagnostics": [],
            "computer_name": "GEMAZUATAJAVA03-1",
            "custom_data": null,
            "dedicated_host_group_id": "",
            "dedicated_host_id": "",
            "disable_password_authentication": false,
            "encryption_at_host_enabled": false,
            "eviction_policy": "",
            "extensions_time_budget": "PT1H30M",
            "id": "/subscriptions/4320f689-5133-4260-b235-d02cc16611ff/resourceGroups/rg-uat-app-ci-001/providers/Microsoft.Compute/virtualMachines/GEMAZUATAJAVA03-1",
            "identity": [],
            "license_type": "",
            "location": "centralindia",
            "max_bid_price": -1,
            "name": "GEMAZUATAJAVA03-1",
            "network_interface_ids": [
              "/subscriptions/4320f689-5133-4260-b235-d02cc16611ff/resourceGroups/rg-uat-app-ci-001/providers/Microsoft.Network/networkInterfaces/vmjava31-nic"
            ],
            "os_disk": [
              {
                "caching": "ReadWrite",
                "diff_disk_settings": [],
                "disk_encryption_set_id": "",
                "disk_size_gb": 128,
                "name": "GEMAZUATAJAVA03-1_OsDisk_1_ee59b2a8a779480fb677ec884c8d0398",
                "storage_account_type": "StandardSSD_LRS",
                "write_accelerator_enabled": false
              }
            ],
            "patch_mode": "ImageDefault",
            "plan": [],
            "platform_fault_domain": -1,
            "priority": "Regular",
            "private_ip_address": "10.121.16.10",
            "private_ip_addresses": [
              "10.121.16.10"
            ],
            "provision_vm_agent": true,
            "proximity_placement_group_id": "/subscriptions/4320f689-5133-4260-b235-d02cc16611ff/resourceGroups/RG-UAT-APP-CI-001/providers/Microsoft.Compute/proximityPlacementGroups/pxm-ci-001",
            "public_ip_address": "",
            "public_ip_addresses": [],
            "resource_group_name": "rg-uat-app-ci-001",
            "secret": [],
            "secure_boot_enabled": false,
            "size": "Standard_F8s_v2",
            "source_image_id": "",
            "source_image_reference": [
              {
                "offer": "RHEL",
                "publisher": "RedHat",
                "sku": "79-gen2",
                "version": "latest"
              }
            ],
            "tags": {},
            "timeouts": null,
            "user_data": "",
            "virtual_machine_id": "91ee4a7f-e8c4-498b-bf56-53231c8a8d14",
            "virtual_machine_scale_set_id": "",
            "vtpm_enabled": false,
            "zone": ""
          },
          "sensitive_attributes": [],
          "private": "eyJlMmJmYjczMC1lY2FhLTExZTYtOGY4OC0zNDM2M2JjN2M0YzAiOnsiY3JlYXRlIjoyNzAwMDAwMDAwMDAwLCJkZWxldGUiOjI3MDAwMDAwMDAwMDAsInJlYWQiOjMwMDAwMDAwMDAwMCwidXBkYXRlIjoyNzAwMDAwMDAwMDAwfX0=",
          "dependencies": [
            "azurerm_availability_set.as_java3",
            "azurerm_network_interface.nicjava31",
            "azurerm_proximity_placement_group.pxmapp1",
            "azurerm_subnet.snapp1"
          ]
        }
      ]
    },
    {
      "mode": "managed",
      "type": "azurerm_linux_virtual_machine",
      "name": "vmjava32",
      "provider": "provider[\"registry.terraform.io/hashicorp/azurerm\"]",
      "instances": [
        {
          "schema_version": 0,
          "attributes": {
            "additional_capabilities": [],
            "admin_password": "G7K^\u0026g*%+#K",
            "admin_ssh_key": [],
            "admin_username": "idaadm",
            "allow_extension_operations": true,
            "availability_set_id": "/subscriptions/4320f689-5133-4260-b235-d02cc16611ff/resourceGroups/rg-uat-app-ci-001/providers/Microsoft.Compute/availabilitySets/AS-VM-JAVA03",
            "boot_diagnostics": [],
            "computer_name": "GEMAZUATAJAVA03-2",
            "custom_data": null,
            "dedicated_host_group_id": "",
            "dedicated_host_id": "",
            "disable_password_authentication": false,
            "encryption_at_host_enabled": false,
            "eviction_policy": "",
            "extensions_time_budget": "PT1H30M",
            "id": "/subscriptions/4320f689-5133-4260-b235-d02cc16611ff/resourceGroups/rg-uat-app-ci-001/providers/Microsoft.Compute/virtualMachines/GEMAZUATAJAVA03-2",
            "identity": [],
            "license_type": "",
            "location": "centralindia",
            "max_bid_price": -1,
            "name": "GEMAZUATAJAVA03-2",
            "network_interface_ids": [
              "/subscriptions/4320f689-5133-4260-b235-d02cc16611ff/resourceGroups/rg-uat-app-ci-001/providers/Microsoft.Network/networkInterfaces/vmjava32-nic"
            ],
            "os_disk": [
              {
                "caching": "ReadWrite",
                "diff_disk_settings": [],
                "disk_encryption_set_id": "",
                "disk_size_gb": 128,
                "name": "GEMAZUATAJAVA03-2_OsDisk_1_9a9d78a56f30420288e861c120e3e7a8",
                "storage_account_type": "StandardSSD_LRS",
                "write_accelerator_enabled": false
              }
            ],
            "patch_mode": "ImageDefault",
            "plan": [],
            "platform_fault_domain": -1,
            "priority": "Regular",
            "private_ip_address": "10.121.16.8",
            "private_ip_addresses": [
              "10.121.16.8"
            ],
            "provision_vm_agent": true,
            "proximity_placement_group_id": "/subscriptions/4320f689-5133-4260-b235-d02cc16611ff/resourceGroups/RG-UAT-APP-CI-001/providers/Microsoft.Compute/proximityPlacementGroups/pxm-ci-001",
            "public_ip_address": "",
            "public_ip_addresses": [],
            "resource_group_name": "rg-uat-app-ci-001",
            "secret": [],
            "secure_boot_enabled": false,
            "size": "Standard_F8s_v2",
            "source_image_id": "",
            "source_image_reference": [
              {
                "offer": "RHEL",
                "publisher": "RedHat",
                "sku": "79-gen2",
                "version": "latest"
              }
            ],
            "tags": {},
            "timeouts": null,
            "user_data": "",
            "virtual_machine_id": "9ebac13c-01fb-48b6-8fa7-795ae93fe208",
            "virtual_machine_scale_set_id": "",
            "vtpm_enabled": false,
            "zone": ""
          },
          "sensitive_attributes": [],
          "private": "eyJlMmJmYjczMC1lY2FhLTExZTYtOGY4OC0zNDM2M2JjN2M0YzAiOnsiY3JlYXRlIjoyNzAwMDAwMDAwMDAwLCJkZWxldGUiOjI3MDAwMDAwMDAwMDAsInJlYWQiOjMwMDAwMDAwMDAwMCwidXBkYXRlIjoyNzAwMDAwMDAwMDAwfX0=",
          "dependencies": [
            "azurerm_availability_set.as_java3",
            "azurerm_network_interface.nicjava32",
            "azurerm_proximity_placement_group.pxmapp1",
            "azurerm_subnet.snapp1"
          ]
        }
      ]
    },
    {
      "mode": "managed",
      "type": "azurerm_linux_virtual_machine",
      "name": "vmjava41",
      "provider": "provider[\"registry.terraform.io/hashicorp/azurerm\"]",
      "instances": [
        {
          "schema_version": 0,
          "attributes": {
            "additional_capabilities": [],
            "admin_password": "G7K^\u0026g*%+#K",
            "admin_ssh_key": [],
            "admin_username": "idaadm",
            "allow_extension_operations": true,
            "availability_set_id": "/subscriptions/4320f689-5133-4260-b235-d02cc16611ff/resourceGroups/rg-uat-app-ci-001/providers/Microsoft.Compute/availabilitySets/AS-VM-JAVA04",
            "boot_diagnostics": [],
            "computer_name": "GEMAZUATAJAVA04-1",
            "custom_data": null,
            "dedicated_host_group_id": "",
            "dedicated_host_id": "",
            "disable_password_authentication": false,
            "encryption_at_host_enabled": false,
            "eviction_policy": "",
            "extensions_time_budget": "PT1H30M",
            "id": "/subscriptions/4320f689-5133-4260-b235-d02cc16611ff/resourceGroups/rg-uat-app-ci-001/providers/Microsoft.Compute/virtualMachines/GEMAZUATAJAVA04-1",
            "identity": [],
            "license_type": "",
            "location": "centralindia",
            "max_bid_price": -1,
            "name": "GEMAZUATAJAVA04-1",
            "network_interface_ids": [
              "/subscriptions/4320f689-5133-4260-b235-d02cc16611ff/resourceGroups/rg-uat-app-ci-001/providers/Microsoft.Network/networkInterfaces/vmjava41-nic"
            ],
            "os_disk": [
              {
                "caching": "ReadWrite",
                "diff_disk_settings": [],
                "disk_encryption_set_id": "",
                "disk_size_gb": 256,
                "name": "GEMAZUATAJAVA04-1_OsDisk_1_dc15b8c21df34a5cb9da663a24e0f16e",
                "storage_account_type": "StandardSSD_LRS",
                "write_accelerator_enabled": false
              }
            ],
            "patch_mode": "ImageDefault",
            "plan": [],
            "platform_fault_domain": -1,
            "priority": "Regular",
            "private_ip_address": "10.121.16.11",
            "private_ip_addresses": [
              "10.121.16.11"
            ],
            "provision_vm_agent": true,
            "proximity_placement_group_id": "/subscriptions/4320f689-5133-4260-b235-d02cc16611ff/resourceGroups/RG-UAT-APP-CI-001/providers/Microsoft.Compute/proximityPlacementGroups/pxm-ci-001",
            "public_ip_address": "",
            "public_ip_addresses": [],
            "resource_group_name": "rg-uat-app-ci-001",
            "secret": [],
            "secure_boot_enabled": false,
            "size": "Standard_E4_v5",
            "source_image_id": "",
            "source_image_reference": [
              {
                "offer": "RHEL",
                "publisher": "RedHat",
                "sku": "79-gen2",
                "version": "latest"
              }
            ],
            "tags": {},
            "timeouts": null,
            "user_data": "",
            "virtual_machine_id": "ae2e157a-e9b4-4114-b1a8-09818e8c6683",
            "virtual_machine_scale_set_id": "",
            "vtpm_enabled": false,
            "zone": ""
          },
          "sensitive_attributes": [],
          "private": "eyJlMmJmYjczMC1lY2FhLTExZTYtOGY4OC0zNDM2M2JjN2M0YzAiOnsiY3JlYXRlIjoyNzAwMDAwMDAwMDAwLCJkZWxldGUiOjI3MDAwMDAwMDAwMDAsInJlYWQiOjMwMDAwMDAwMDAwMCwidXBkYXRlIjoyNzAwMDAwMDAwMDAwfX0=",
          "dependencies": [
            "azurerm_availability_set.as_java4",
            "azurerm_network_interface.nicjava41",
            "azurerm_proximity_placement_group.pxmapp1",
            "azurerm_subnet.snapp1"
          ]
        }
      ]
    },
    {
      "mode": "managed",
      "type": "azurerm_linux_virtual_machine",
      "name": "vmjava42",
      "provider": "provider[\"registry.terraform.io/hashicorp/azurerm\"]",
      "instances": [
        {
          "schema_version": 0,
          "attributes": {
            "additional_capabilities": [],
            "admin_password": "G7K^\u0026g*%+#K",
            "admin_ssh_key": [],
            "admin_username": "idaadm",
            "allow_extension_operations": true,
            "availability_set_id": "/subscriptions/4320f689-5133-4260-b235-d02cc16611ff/resourceGroups/rg-uat-app-ci-001/providers/Microsoft.Compute/availabilitySets/AS-VM-JAVA04",
            "boot_diagnostics": [],
            "computer_name": "GEMAZUATAJAVA04-2",
            "custom_data": null,
            "dedicated_host_group_id": "",
            "dedicated_host_id": "",
            "disable_password_authentication": false,
            "encryption_at_host_enabled": false,
            "eviction_policy": "",
            "extensions_time_budget": "PT1H30M",
            "id": "/subscriptions/4320f689-5133-4260-b235-d02cc16611ff/resourceGroups/rg-uat-app-ci-001/providers/Microsoft.Compute/virtualMachines/GEMAZUATAJAVA04-2",
            "identity": [],
            "license_type": "",
            "location": "centralindia",
            "max_bid_price": -1,
            "name": "GEMAZUATAJAVA04-2",
            "network_interface_ids": [
              "/subscriptions/4320f689-5133-4260-b235-d02cc16611ff/resourceGroups/rg-uat-app-ci-001/providers/Microsoft.Network/networkInterfaces/vmjava42-nic"
            ],
            "os_disk": [
              {
                "caching": "ReadWrite",
                "diff_disk_settings": [],
                "disk_encryption_set_id": "",
                "disk_size_gb": 256,
                "name": "GEMAZUATAJAVA04-2_OsDisk_1_984c0f0c292744e68b831f786464c8cf",
                "storage_account_type": "StandardSSD_LRS",
                "write_accelerator_enabled": false
              }
            ],
            "patch_mode": "ImageDefault",
            "plan": [],
            "platform_fault_domain": -1,
            "priority": "Regular",
            "private_ip_address": "10.121.16.12",
            "private_ip_addresses": [
              "10.121.16.12"
            ],
            "provision_vm_agent": true,
            "proximity_placement_group_id": "/subscriptions/4320f689-5133-4260-b235-d02cc16611ff/resourceGroups/RG-UAT-APP-CI-001/providers/Microsoft.Compute/proximityPlacementGroups/pxm-ci-001",
            "public_ip_address": "",
            "public_ip_addresses": [],
            "resource_group_name": "rg-uat-app-ci-001",
            "secret": [],
            "secure_boot_enabled": false,
            "size": "Standard_E4_v5",
            "source_image_id": "",
            "source_image_reference": [
              {
                "offer": "RHEL",
                "publisher": "RedHat",
                "sku": "79-gen2",
                "version": "latest"
              }
            ],
            "tags": {},
            "timeouts": null,
            "user_data": "",
            "virtual_machine_id": "0a2fc5ff-ead9-4c60-a4a1-ab09644cf3e4",
            "virtual_machine_scale_set_id": "",
            "vtpm_enabled": false,
            "zone": ""
          },
          "sensitive_attributes": [],
          "private": "eyJlMmJmYjczMC1lY2FhLTExZTYtOGY4OC0zNDM2M2JjN2M0YzAiOnsiY3JlYXRlIjoyNzAwMDAwMDAwMDAwLCJkZWxldGUiOjI3MDAwMDAwMDAwMDAsInJlYWQiOjMwMDAwMDAwMDAwMCwidXBkYXRlIjoyNzAwMDAwMDAwMDAwfX0=",
          "dependencies": [
            "azurerm_availability_set.as_java4",
            "azurerm_network_interface.nicjava42",
            "azurerm_proximity_placement_group.pxmapp1",
            "azurerm_subnet.snapp1"
          ]
        }
      ]
    },
    {
      "mode": "managed",
      "type": "azurerm_linux_virtual_machine",
      "name": "vmjava51",
      "provider": "provider[\"registry.terraform.io/hashicorp/azurerm\"]",
      "instances": [
        {
          "schema_version": 0,
          "attributes": {
            "additional_capabilities": [],
            "admin_password": "G7K^\u0026g*%+#K",
            "admin_ssh_key": [],
            "admin_username": "idaadm",
            "allow_extension_operations": true,
            "availability_set_id": "/subscriptions/4320f689-5133-4260-b235-d02cc16611ff/resourceGroups/rg-uat-app-ci-001/providers/Microsoft.Compute/availabilitySets/AS-VM-JAVA05",
            "boot_diagnostics": [],
            "computer_name": "GEMAZUATAJAVA05-1",
            "custom_data": null,
            "dedicated_host_group_id": "",
            "dedicated_host_id": "",
            "disable_password_authentication": false,
            "encryption_at_host_enabled": false,
            "eviction_policy": "",
            "extensions_time_budget": "PT1H30M",
            "id": "/subscriptions/4320f689-5133-4260-b235-d02cc16611ff/resourceGroups/rg-uat-app-ci-001/providers/Microsoft.Compute/virtualMachines/GEMAZUATAJAVA05-1",
            "identity": [],
            "license_type": "",
            "location": "centralindia",
            "max_bid_price": -1,
            "name": "GEMAZUATAJAVA05-1",
            "network_interface_ids": [
              "/subscriptions/4320f689-5133-4260-b235-d02cc16611ff/resourceGroups/rg-uat-app-ci-001/providers/Microsoft.Network/networkInterfaces/vmjava51-nic"
            ],
            "os_disk": [
              {
                "caching": "ReadWrite",
                "diff_disk_settings": [],
                "disk_encryption_set_id": "",
                "disk_size_gb": 512,
                "name": "GEMAZUATAJAVA05-1_OsDisk_1_9bbe4993a44b4a8ab3c0593f9c53cf61",
                "storage_account_type": "StandardSSD_LRS",
                "write_accelerator_enabled": false
              }
            ],
            "patch_mode": "ImageDefault",
            "plan": [],
            "platform_fault_domain": -1,
            "priority": "Regular",
            "private_ip_address": "10.121.16.13",
            "private_ip_addresses": [
              "10.121.16.13"
            ],
            "provision_vm_agent": true,
            "proximity_placement_group_id": "/subscriptions/4320f689-5133-4260-b235-d02cc16611ff/resourceGroups/RG-UAT-APP-CI-001/providers/Microsoft.Compute/proximityPlacementGroups/pxm-ci-001",
            "public_ip_address": "",
            "public_ip_addresses": [],
            "resource_group_name": "rg-uat-app-ci-001",
            "secret": [],
            "secure_boot_enabled": false,
            "size": "Standard_D8s_v4",
            "source_image_id": "",
            "source_image_reference": [
              {
                "offer": "RHEL",
                "publisher": "RedHat",
                "sku": "79-gen2",
                "version": "latest"
              }
            ],
            "tags": {},
            "timeouts": null,
            "user_data": "",
            "virtual_machine_id": "84918baf-2186-48c0-984b-3e64f6fc3d6f",
            "virtual_machine_scale_set_id": "",
            "vtpm_enabled": false,
            "zone": ""
          },
          "sensitive_attributes": [],
          "private": "eyJlMmJmYjczMC1lY2FhLTExZTYtOGY4OC0zNDM2M2JjN2M0YzAiOnsiY3JlYXRlIjoyNzAwMDAwMDAwMDAwLCJkZWxldGUiOjI3MDAwMDAwMDAwMDAsInJlYWQiOjMwMDAwMDAwMDAwMCwidXBkYXRlIjoyNzAwMDAwMDAwMDAwfX0=",
          "dependencies": [
            "azurerm_availability_set.as_java5",
            "azurerm_network_interface.nicjava51",
            "azurerm_proximity_placement_group.pxmapp1",
            "azurerm_subnet.snapp1"
          ]
        }
      ]
    },
    {
      "mode": "managed",
      "type": "azurerm_linux_virtual_machine",
      "name": "vmjava52",
      "provider": "provider[\"registry.terraform.io/hashicorp/azurerm\"]",
      "instances": [
        {
          "schema_version": 0,
          "attributes": {
            "additional_capabilities": [],
            "admin_password": "G7K^\u0026g*%+#K",
            "admin_ssh_key": [],
            "admin_username": "idaadm",
            "allow_extension_operations": true,
            "availability_set_id": "/subscriptions/4320f689-5133-4260-b235-d02cc16611ff/resourceGroups/rg-uat-app-ci-001/providers/Microsoft.Compute/availabilitySets/AS-VM-JAVA05",
            "boot_diagnostics": [],
            "computer_name": "GEMAZUATAJAVA05-2",
            "custom_data": null,
            "dedicated_host_group_id": "",
            "dedicated_host_id": "",
            "disable_password_authentication": false,
            "encryption_at_host_enabled": false,
            "eviction_policy": "",
            "extensions_time_budget": "PT1H30M",
            "id": "/subscriptions/4320f689-5133-4260-b235-d02cc16611ff/resourceGroups/rg-uat-app-ci-001/providers/Microsoft.Compute/virtualMachines/GEMAZUATAJAVA05-2",
            "identity": [],
            "license_type": "",
            "location": "centralindia",
            "max_bid_price": -1,
            "name": "GEMAZUATAJAVA05-2",
            "network_interface_ids": [
              "/subscriptions/4320f689-5133-4260-b235-d02cc16611ff/resourceGroups/rg-uat-app-ci-001/providers/Microsoft.Network/networkInterfaces/vmjava52-nic"
            ],
            "os_disk": [
              {
                "caching": "ReadWrite",
                "diff_disk_settings": [],
                "disk_encryption_set_id": "",
                "disk_size_gb": 512,
                "name": "GEMAZUATAJAVA05-2_OsDisk_1_3e73d3a98efd4e54a7ea099edfb392a9",
                "storage_account_type": "StandardSSD_LRS",
                "write_accelerator_enabled": false
              }
            ],
            "patch_mode": "ImageDefault",
            "plan": [],
            "platform_fault_domain": -1,
            "priority": "Regular",
            "private_ip_address": "10.121.16.14",
            "private_ip_addresses": [
              "10.121.16.14"
            ],
            "provision_vm_agent": true,
            "proximity_placement_group_id": "/subscriptions/4320f689-5133-4260-b235-d02cc16611ff/resourceGroups/RG-UAT-APP-CI-001/providers/Microsoft.Compute/proximityPlacementGroups/pxm-ci-001",
            "public_ip_address": "",
            "public_ip_addresses": [],
            "resource_group_name": "rg-uat-app-ci-001",
            "secret": [],
            "secure_boot_enabled": false,
            "size": "Standard_D8s_v4",
            "source_image_id": "",
            "source_image_reference": [
              {
                "offer": "RHEL",
                "publisher": "RedHat",
                "sku": "79-gen2",
                "version": "latest"
              }
            ],
            "tags": {},
            "timeouts": null,
            "user_data": "",
            "virtual_machine_id": "b44afdb1-f6a9-4f86-ba4b-3a1d8ed60c52",
            "virtual_machine_scale_set_id": "",
            "vtpm_enabled": false,
            "zone": ""
          },
          "sensitive_attributes": [],
          "private": "eyJlMmJmYjczMC1lY2FhLTExZTYtOGY4OC0zNDM2M2JjN2M0YzAiOnsiY3JlYXRlIjoyNzAwMDAwMDAwMDAwLCJkZWxldGUiOjI3MDAwMDAwMDAwMDAsInJlYWQiOjMwMDAwMDAwMDAwMCwidXBkYXRlIjoyNzAwMDAwMDAwMDAwfX0=",
          "dependencies": [
            "azurerm_availability_set.as_java5",
            "azurerm_network_interface.nicjava52",
            "azurerm_proximity_placement_group.pxmapp1",
            "azurerm_subnet.snapp1"
          ]
        }
      ]
    },
    {
      "mode": "managed",
      "type": "azurerm_linux_virtual_machine",
      "name": "vmjh1",
      "provider": "provider[\"registry.terraform.io/hashicorp/azurerm\"]",
      "instances": [
        {
          "schema_version": 0,
          "attributes": {
            "additional_capabilities": [],
            "admin_password": "G7K^\u0026g*%+#K",
            "admin_ssh_key": [],
            "admin_username": "idaadm",
            "allow_extension_operations": true,
            "availability_set_id": "/subscriptions/4320f689-5133-4260-b235-d02cc16611ff/resourceGroups/rg-uat-aks-ci-001/providers/Microsoft.Compute/availabilitySets/AS-SS-JUMPHOST",
            "boot_diagnostics": [],
            "computer_name": "GEMAZUATJUMPHOST",
            "custom_data": null,
            "dedicated_host_group_id": "",
            "dedicated_host_id": "",
            "disable_password_authentication": false,
            "encryption_at_host_enabled": false,
            "eviction_policy": "",
            "extensions_time_budget": "PT1H30M",
            "id": "/subscriptions/4320f689-5133-4260-b235-d02cc16611ff/resourceGroups/rg-uat-aks-ci-001/providers/Microsoft.Compute/virtualMachines/GEMAZUATJUMPHOST",
            "identity": [],
            "license_type": "",
            "location": "centralindia",
            "max_bid_price": -1,
            "name": "GEMAZUATJUMPHOST",
            "network_interface_ids": [
              "/subscriptions/4320f689-5133-4260-b235-d02cc16611ff/resourceGroups/rg-uat-aks-ci-001/providers/Microsoft.Network/networkInterfaces/vmjh1-nic"
            ],
            "os_disk": [
              {
                "caching": "ReadWrite",
                "diff_disk_settings": [],
                "disk_encryption_set_id": "",
                "disk_size_gb": 30,
                "name": "GEMAZUATJUMPHOST_OsDisk_1_241c665eab6847848f447aa8e2bdb92e",
                "storage_account_type": "StandardSSD_LRS",
                "write_accelerator_enabled": false
              }
            ],
            "patch_mode": "ImageDefault",
            "plan": [],
            "platform_fault_domain": -1,
            "priority": "Regular",
            "private_ip_address": "10.121.24.5",
            "private_ip_addresses": [
              "10.121.24.5"
            ],
            "provision_vm_agent": true,
            "proximity_placement_group_id": "/subscriptions/4320f689-5133-4260-b235-d02cc16611ff/resourceGroups/RG-UAT-APP-CI-001/providers/Microsoft.Compute/proximityPlacementGroups/pxm-ci-001",
            "public_ip_address": "",
            "public_ip_addresses": [],
            "resource_group_name": "rg-uat-aks-ci-001",
            "secret": [],
            "secure_boot_enabled": false,
            "size": "Standard_D2s_v4",
            "source_image_id": "",
            "source_image_reference": [
              {
                "offer": "0001-com-ubuntu-server-focal",
                "publisher": "canonical",
                "sku": "20_04-lts-gen2",
                "version": "latest"
              }
            ],
            "tags": {},
            "timeouts": null,
            "user_data": "",
            "virtual_machine_id": "3653c591-5d24-454b-8174-0f37e25b328d",
            "virtual_machine_scale_set_id": "",
            "vtpm_enabled": false,
            "zone": ""
          },
          "sensitive_attributes": [],
          "private": "eyJlMmJmYjczMC1lY2FhLTExZTYtOGY4OC0zNDM2M2JjN2M0YzAiOnsiY3JlYXRlIjoyNzAwMDAwMDAwMDAwLCJkZWxldGUiOjI3MDAwMDAwMDAwMDAsInJlYWQiOjMwMDAwMDAwMDAwMCwidXBkYXRlIjoyNzAwMDAwMDAwMDAwfX0=",
          "dependencies": [
            "azurerm_availability_set.as_jh",
            "azurerm_network_interface.nicjh1",
            "azurerm_proximity_placement_group.pxmapp1",
            "azurerm_subnet.snaks"
          ]
        }
      ]
    },
    {
      "mode": "managed",
      "type": "azurerm_linux_virtual_machine",
      "name": "vmphp11",
      "provider": "provider[\"registry.terraform.io/hashicorp/azurerm\"]",
      "instances": [
        {
          "schema_version": 0,
          "attributes": {
            "additional_capabilities": [],
            "admin_password": "G7K^\u0026g*%+#K",
            "admin_ssh_key": [],
            "admin_username": "idaadm",
            "allow_extension_operations": true,
            "availability_set_id": "/subscriptions/4320f689-5133-4260-b235-d02cc16611ff/resourceGroups/rg-uat-app-ci-001/providers/Microsoft.Compute/availabilitySets/AS-VM-PHP01",
            "boot_diagnostics": [],
            "computer_name": "GEMAZUATAPHP01-1",
            "custom_data": null,
            "dedicated_host_group_id": "",
            "dedicated_host_id": "",
            "disable_password_authentication": false,
            "encryption_at_host_enabled": false,
            "eviction_policy": "",
            "extensions_time_budget": "PT1H30M",
            "id": "/subscriptions/4320f689-5133-4260-b235-d02cc16611ff/resourceGroups/rg-uat-app-ci-001/providers/Microsoft.Compute/virtualMachines/GEMAZUATAPHP01-1",
            "identity": [],
            "license_type": "",
            "location": "centralindia",
            "max_bid_price": -1,
            "name": "GEMAZUATAPHP01-1",
            "network_interface_ids": [
              "/subscriptions/4320f689-5133-4260-b235-d02cc16611ff/resourceGroups/rg-uat-app-ci-001/providers/Microsoft.Network/networkInterfaces/vmphp11-nic"
            ],
            "os_disk": [
              {
                "caching": "ReadWrite",
                "diff_disk_settings": [],
                "disk_encryption_set_id": "",
                "disk_size_gb": 128,
                "name": "GEMAZUATAPHP01-1_OsDisk_1_c74b064eeb9d4041ab68a1277b2136fc",
                "storage_account_type": "StandardSSD_LRS",
                "write_accelerator_enabled": false
              }
            ],
            "patch_mode": "ImageDefault",
            "plan": [],
            "platform_fault_domain": -1,
            "priority": "Regular",
            "private_ip_address": "10.121.16.17",
            "private_ip_addresses": [
              "10.121.16.17"
            ],
            "provision_vm_agent": true,
            "proximity_placement_group_id": "/subscriptions/4320f689-5133-4260-b235-d02cc16611ff/resourceGroups/RG-UAT-APP-CI-001/providers/Microsoft.Compute/proximityPlacementGroups/pxm-ci-001",
            "public_ip_address": "",
            "public_ip_addresses": [],
            "resource_group_name": "rg-uat-app-ci-001",
            "secret": [],
            "secure_boot_enabled": false,
            "size": "Standard_F4s_v2",
            "source_image_id": "",
            "source_image_reference": [
              {
                "offer": "RHEL",
                "publisher": "RedHat",
                "sku": "79-gen2",
                "version": "latest"
              }
            ],
            "tags": {},
            "timeouts": null,
            "user_data": "",
            "virtual_machine_id": "4cae24e1-b253-4174-83db-ae93d2511ab7",
            "virtual_machine_scale_set_id": "",
            "vtpm_enabled": false,
            "zone": ""
          },
          "sensitive_attributes": [],
          "private": "eyJlMmJmYjczMC1lY2FhLTExZTYtOGY4OC0zNDM2M2JjN2M0YzAiOnsiY3JlYXRlIjoyNzAwMDAwMDAwMDAwLCJkZWxldGUiOjI3MDAwMDAwMDAwMDAsInJlYWQiOjMwMDAwMDAwMDAwMCwidXBkYXRlIjoyNzAwMDAwMDAwMDAwfX0=",
          "dependencies": [
            "azurerm_availability_set.asphp1",
            "azurerm_network_interface.nicphp11",
            "azurerm_proximity_placement_group.pxmapp1",
            "azurerm_subnet.snapp1"
          ]
        }
      ]
    },
    {
      "mode": "managed",
      "type": "azurerm_linux_virtual_machine",
      "name": "vmphp12",
      "provider": "provider[\"registry.terraform.io/hashicorp/azurerm\"]",
      "instances": [
        {
          "schema_version": 0,
          "attributes": {
            "additional_capabilities": [],
            "admin_password": "G7K^\u0026g*%+#K",
            "admin_ssh_key": [],
            "admin_username": "idaadm",
            "allow_extension_operations": true,
            "availability_set_id": "/subscriptions/4320f689-5133-4260-b235-d02cc16611ff/resourceGroups/rg-uat-app-ci-001/providers/Microsoft.Compute/availabilitySets/AS-VM-PHP01",
            "boot_diagnostics": [],
            "computer_name": "GEMAZUATAPHP01-2",
            "custom_data": null,
            "dedicated_host_group_id": "",
            "dedicated_host_id": "",
            "disable_password_authentication": false,
            "encryption_at_host_enabled": false,
            "eviction_policy": "",
            "extensions_time_budget": "PT1H30M",
            "id": "/subscriptions/4320f689-5133-4260-b235-d02cc16611ff/resourceGroups/rg-uat-app-ci-001/providers/Microsoft.Compute/virtualMachines/GEMAZUATAPHP01-2",
            "identity": [],
            "license_type": "",
            "location": "centralindia",
            "max_bid_price": -1,
            "name": "GEMAZUATAPHP01-2",
            "network_interface_ids": [
              "/subscriptions/4320f689-5133-4260-b235-d02cc16611ff/resourceGroups/rg-uat-app-ci-001/providers/Microsoft.Network/networkInterfaces/vmphp12-nic"
            ],
            "os_disk": [
              {
                "caching": "ReadWrite",
                "diff_disk_settings": [],
                "disk_encryption_set_id": "",
                "disk_size_gb": 128,
                "name": "GEMAZUATAPHP01-2_OsDisk_1_b341a7fde4c54c448ea68cbe3b4395bb",
                "storage_account_type": "StandardSSD_LRS",
                "write_accelerator_enabled": false
              }
            ],
            "patch_mode": "ImageDefault",
            "plan": [],
            "platform_fault_domain": -1,
            "priority": "Regular",
            "private_ip_address": "10.121.16.9",
            "private_ip_addresses": [
              "10.121.16.9"
            ],
            "provision_vm_agent": true,
            "proximity_placement_group_id": "/subscriptions/4320f689-5133-4260-b235-d02cc16611ff/resourceGroups/RG-UAT-APP-CI-001/providers/Microsoft.Compute/proximityPlacementGroups/pxm-ci-001",
            "public_ip_address": "",
            "public_ip_addresses": [],
            "resource_group_name": "rg-uat-app-ci-001",
            "secret": [],
            "secure_boot_enabled": false,
            "size": "Standard_F4s_v2",
            "source_image_id": "",
            "source_image_reference": [
              {
                "offer": "RHEL",
                "publisher": "RedHat",
                "sku": "79-gen2",
                "version": "latest"
              }
            ],
            "tags": {},
            "timeouts": null,
            "user_data": "",
            "virtual_machine_id": "146c4338-32a2-4008-b031-9f0caa832da5",
            "virtual_machine_scale_set_id": "",
            "vtpm_enabled": false,
            "zone": ""
          },
          "sensitive_attributes": [],
          "private": "eyJlMmJmYjczMC1lY2FhLTExZTYtOGY4OC0zNDM2M2JjN2M0YzAiOnsiY3JlYXRlIjoyNzAwMDAwMDAwMDAwLCJkZWxldGUiOjI3MDAwMDAwMDAwMDAsInJlYWQiOjMwMDAwMDAwMDAwMCwidXBkYXRlIjoyNzAwMDAwMDAwMDAwfX0=",
          "dependencies": [
            "azurerm_availability_set.asphp1",
            "azurerm_network_interface.nicphp12",
            "azurerm_proximity_placement_group.pxmapp1",
            "azurerm_subnet.snapp1"
          ]
        }
      ]
    },
    {
      "mode": "managed",
      "type": "azurerm_linux_virtual_machine",
      "name": "vmphp21",
      "provider": "provider[\"registry.terraform.io/hashicorp/azurerm\"]",
      "instances": [
        {
          "schema_version": 0,
          "attributes": {
            "additional_capabilities": [],
            "admin_password": "G7K^\u0026g*%+#K",
            "admin_ssh_key": [],
            "admin_username": "idaadm",
            "allow_extension_operations": true,
            "availability_set_id": "/subscriptions/4320f689-5133-4260-b235-d02cc16611ff/resourceGroups/rg-uat-app-ci-002/providers/Microsoft.Compute/availabilitySets/AS-VM-PHP02",
            "boot_diagnostics": [],
            "computer_name": "GEMAZUATAPHP02-1",
            "custom_data": null,
            "dedicated_host_group_id": "",
            "dedicated_host_id": "",
            "disable_password_authentication": false,
            "encryption_at_host_enabled": false,
            "eviction_policy": "",
            "extensions_time_budget": "PT1H30M",
            "id": "/subscriptions/4320f689-5133-4260-b235-d02cc16611ff/resourceGroups/rg-uat-app-ci-002/providers/Microsoft.Compute/virtualMachines/GEMAZUATAPHP02-1",
            "identity": [],
            "license_type": "",
            "location": "centralindia",
            "max_bid_price": -1,
            "name": "GEMAZUATAPHP02-1",
            "network_interface_ids": [
              "/subscriptions/4320f689-5133-4260-b235-d02cc16611ff/resourceGroups/rg-uat-app-ci-002/providers/Microsoft.Network/networkInterfaces/vmphp21-nic"
            ],
            "os_disk": [
              {
                "caching": "ReadWrite",
                "diff_disk_settings": [],
                "disk_encryption_set_id": "",
                "disk_size_gb": 128,
                "name": "GEMAZUATAPHP02-1_OsDisk_1_4548898a53e44b6b9870db4ac80589a8",
                "storage_account_type": "StandardSSD_LRS",
                "write_accelerator_enabled": false
              }
            ],
            "patch_mode": "ImageDefault",
            "plan": [],
            "platform_fault_domain": -1,
            "priority": "Regular",
            "private_ip_address": "10.121.18.4",
            "private_ip_addresses": [
              "10.121.18.4"
            ],
            "provision_vm_agent": true,
            "proximity_placement_group_id": "/subscriptions/4320f689-5133-4260-b235-d02cc16611ff/resourceGroups/RG-UAT-APP-CI-001/providers/Microsoft.Compute/proximityPlacementGroups/pxm-ci-001",
            "public_ip_address": "",
            "public_ip_addresses": [],
            "resource_group_name": "rg-uat-app-ci-002",
            "secret": [],
            "secure_boot_enabled": false,
            "size": "Standard_F4s_v2",
            "source_image_id": "",
            "source_image_reference": [
              {
                "offer": "RHEL",
                "publisher": "RedHat",
                "sku": "79-gen2",
                "version": "latest"
              }
            ],
            "tags": {},
            "timeouts": null,
            "user_data": "",
            "virtual_machine_id": "4c702c46-f6be-4b31-8ed5-b890f9e71337",
            "virtual_machine_scale_set_id": "",
            "vtpm_enabled": false,
            "zone": ""
          },
          "sensitive_attributes": [],
          "private": "eyJlMmJmYjczMC1lY2FhLTExZTYtOGY4OC0zNDM2M2JjN2M0YzAiOnsiY3JlYXRlIjoyNzAwMDAwMDAwMDAwLCJkZWxldGUiOjI3MDAwMDAwMDAwMDAsInJlYWQiOjMwMDAwMDAwMDAwMCwidXBkYXRlIjoyNzAwMDAwMDAwMDAwfX0=",
          "dependencies": [
            "azurerm_availability_set.asphp2",
            "azurerm_network_interface.nicphp21",
            "azurerm_proximity_placement_group.pxmapp1",
            "azurerm_subnet.snapp2"
          ]
        }
      ]
    },
    {
      "mode": "managed",
      "type": "azurerm_linux_virtual_machine",
      "name": "vmphp22",
      "provider": "provider[\"registry.terraform.io/hashicorp/azurerm\"]",
      "instances": [
        {
          "schema_version": 0,
          "attributes": {
            "additional_capabilities": [],
            "admin_password": "G7K^\u0026g*%+#K",
            "admin_ssh_key": [],
            "admin_username": "idaadm",
            "allow_extension_operations": true,
            "availability_set_id": "/subscriptions/4320f689-5133-4260-b235-d02cc16611ff/resourceGroups/rg-uat-app-ci-002/providers/Microsoft.Compute/availabilitySets/AS-VM-PHP02",
            "boot_diagnostics": [],
            "computer_name": "GEMAZUATAPHP02-2",
            "custom_data": null,
            "dedicated_host_group_id": "",
            "dedicated_host_id": "",
            "disable_password_authentication": false,
            "encryption_at_host_enabled": false,
            "eviction_policy": "",
            "extensions_time_budget": "PT1H30M",
            "id": "/subscriptions/4320f689-5133-4260-b235-d02cc16611ff/resourceGroups/rg-uat-app-ci-002/providers/Microsoft.Compute/virtualMachines/GEMAZUATAPHP02-2",
            "identity": [],
            "license_type": "",
            "location": "centralindia",
            "max_bid_price": -1,
            "name": "GEMAZUATAPHP02-2",
            "network_interface_ids": [
              "/subscriptions/4320f689-5133-4260-b235-d02cc16611ff/resourceGroups/rg-uat-app-ci-002/providers/Microsoft.Network/networkInterfaces/vmphp22-nic"
            ],
            "os_disk": [
              {
                "caching": "ReadWrite",
                "diff_disk_settings": [],
                "disk_encryption_set_id": "",
                "disk_size_gb": 128,
                "name": "GEMAZUATAPHP02-2_OsDisk_1_d32ccb9210e94e3d8a9811badddb038b",
                "storage_account_type": "StandardSSD_LRS",
                "write_accelerator_enabled": false
              }
            ],
            "patch_mode": "ImageDefault",
            "plan": [],
            "platform_fault_domain": -1,
            "priority": "Regular",
            "private_ip_address": "10.121.18.5",
            "private_ip_addresses": [
              "10.121.18.5"
            ],
            "provision_vm_agent": true,
            "proximity_placement_group_id": "/subscriptions/4320f689-5133-4260-b235-d02cc16611ff/resourceGroups/RG-UAT-APP-CI-001/providers/Microsoft.Compute/proximityPlacementGroups/pxm-ci-001",
            "public_ip_address": "",
            "public_ip_addresses": [],
            "resource_group_name": "rg-uat-app-ci-002",
            "secret": [],
            "secure_boot_enabled": false,
            "size": "Standard_F4s_v2",
            "source_image_id": "",
            "source_image_reference": [
              {
                "offer": "RHEL",
                "publisher": "RedHat",
                "sku": "79-gen2",
                "version": "latest"
              }
            ],
            "tags": {},
            "timeouts": null,
            "user_data": "",
            "virtual_machine_id": "4d222ee6-81f2-4922-a2e0-90a40bc3f806",
            "virtual_machine_scale_set_id": "",
            "vtpm_enabled": false,
            "zone": ""
          },
          "sensitive_attributes": [],
          "private": "eyJlMmJmYjczMC1lY2FhLTExZTYtOGY4OC0zNDM2M2JjN2M0YzAiOnsiY3JlYXRlIjoyNzAwMDAwMDAwMDAwLCJkZWxldGUiOjI3MDAwMDAwMDAwMDAsInJlYWQiOjMwMDAwMDAwMDAwMCwidXBkYXRlIjoyNzAwMDAwMDAwMDAwfX0=",
          "dependencies": [
            "azurerm_availability_set.asphp2",
            "azurerm_network_interface.nicphp22",
            "azurerm_proximity_placement_group.pxmapp1",
            "azurerm_subnet.snapp2"
          ]
        }
      ]
    },
    {
      "mode": "managed",
      "type": "azurerm_log_analytics_workspace",
      "name": "lawlog",
      "provider": "provider[\"registry.terraform.io/hashicorp/azurerm\"]",
      "instances": [
        {
          "schema_version": 2,
          "attributes": {
            "daily_quota_gb": 10,
            "id": "/subscriptions/4320f689-5133-4260-b235-d02cc16611ff/resourceGroups/rg-hub-ss-ci-001/providers/Microsoft.OperationalInsights/workspaces/law-hub-ss-ci-001",
            "internet_ingestion_enabled": true,
            "internet_query_enabled": true,
            "location": "centralindia",
            "name": "law-hub-ss-ci-001",
            "portal_url": "",
            "primary_shared_key": "0JHorsex3DMy2zji5TC2eK+WVibGLXM/GG8CHsqhQgsUYP0bUU26rluijybGFJb7xrx51Y+NygnBpaUK8l0ROA==",
            "reservation_capacity_in_gb_per_day": null,
            "reservation_capcity_in_gb_per_day": null,
            "resource_group_name": "rg-hub-ss-ci-001",
            "retention_in_days": 30,
            "secondary_shared_key": "VKFQw3YF1tgjprHzN0mWEUmFMJchvwGZFjoWifaQJOE/CAlj9md9qDr9OTpzXymgvulXHQOvrYY3yet5tg+Evw==",
            "sku": "pergb2018",
            "tags": {},
            "timeouts": null,
            "workspace_id": "d4d2bda2-1acc-4561-9961-413ed036d227"
          },
          "sensitive_attributes": [],
          "private": "eyJlMmJmYjczMC1lY2FhLTExZTYtOGY4OC0zNDM2M2JjN2M0YzAiOnsiY3JlYXRlIjoxODAwMDAwMDAwMDAwLCJkZWxldGUiOjE4MDAwMDAwMDAwMDAsInJlYWQiOjMwMDAwMDAwMDAwMCwidXBkYXRlIjoxODAwMDAwMDAwMDAwfSwic2NoZW1hX3ZlcnNpb24iOiIyIn0="
        }
      ]
    },
    {
      "mode": "managed",
      "type": "azurerm_managed_disk",
      "name": "adddb1",
      "provider": "provider[\"registry.terraform.io/hashicorp/azurerm\"]",
      "instances": [
        {
          "schema_version": 0,
          "attributes": {
            "create_option": "Empty",
            "disk_access_id": "",
            "disk_encryption_set_id": "",
            "disk_iops_read_only": 0,
            "disk_iops_read_write": 2300,
            "disk_mbps_read_only": 0,
            "disk_mbps_read_write": 150,
            "disk_size_gb": 512,
            "encryption_settings": [],
            "gallery_image_reference_id": "",
            "hyper_v_generation": "",
            "id": "/subscriptions/4320f689-5133-4260-b235-d02cc16611ff/resourceGroups/rg-uat-db-ci-001/providers/Microsoft.Compute/disks/vmdb1_data_disk1",
            "image_reference_id": "",
            "location": "centralindia",
            "logical_sector_size": null,
            "max_shares": 0,
            "name": "vmdb1_data_disk1",
            "network_access_policy": null,
            "on_demand_bursting_enabled": false,
            "os_type": "",
            "public_network_access_enabled": true,
            "resource_group_name": "rg-uat-db-ci-001",
            "source_resource_id": "",
            "source_uri": "",
            "storage_account_id": "",
            "storage_account_type": "Premium_LRS",
            "tags": {},
            "tier": "P20",
            "timeouts": null,
            "trusted_launch_enabled": false,
            "zones": []
          },
          "sensitive_attributes": [],
          "private": "eyJlMmJmYjczMC1lY2FhLTExZTYtOGY4OC0zNDM2M2JjN2M0YzAiOnsiY3JlYXRlIjoxODAwMDAwMDAwMDAwLCJkZWxldGUiOjE4MDAwMDAwMDAwMDAsInJlYWQiOjMwMDAwMDAwMDAwMCwidXBkYXRlIjoxODAwMDAwMDAwMDAwfX0="
        }
      ]
    },
    {
      "mode": "managed",
      "type": "azurerm_managed_disk",
      "name": "adddb2",
      "provider": "provider[\"registry.terraform.io/hashicorp/azurerm\"]",
      "instances": [
        {
          "schema_version": 0,
          "attributes": {
            "create_option": "Empty",
            "disk_access_id": "",
            "disk_encryption_set_id": "",
            "disk_iops_read_only": 0,
            "disk_iops_read_write": 2300,
            "disk_mbps_read_only": 0,
            "disk_mbps_read_write": 150,
            "disk_size_gb": 512,
            "encryption_settings": [],
            "gallery_image_reference_id": "",
            "hyper_v_generation": "",
            "id": "/subscriptions/4320f689-5133-4260-b235-d02cc16611ff/resourceGroups/rg-uat-db-ci-001/providers/Microsoft.Compute/disks/vmdb1_data_disk2",
            "image_reference_id": "",
            "location": "centralindia",
            "logical_sector_size": null,
            "max_shares": 0,
            "name": "vmdb1_data_disk2",
            "network_access_policy": null,
            "on_demand_bursting_enabled": false,
            "os_type": "",
            "public_network_access_enabled": true,
            "resource_group_name": "rg-uat-db-ci-001",
            "source_resource_id": "",
            "source_uri": "",
            "storage_account_id": "",
            "storage_account_type": "Premium_LRS",
            "tags": {},
            "tier": "P20",
            "timeouts": null,
            "trusted_launch_enabled": false,
            "zones": []
          },
          "sensitive_attributes": [],
          "private": "eyJlMmJmYjczMC1lY2FhLTExZTYtOGY4OC0zNDM2M2JjN2M0YzAiOnsiY3JlYXRlIjoxODAwMDAwMDAwMDAwLCJkZWxldGUiOjE4MDAwMDAwMDAwMDAsInJlYWQiOjMwMDAwMDAwMDAwMCwidXBkYXRlIjoxODAwMDAwMDAwMDAwfX0="
        }
      ]
    },
    {
      "mode": "managed",
      "type": "azurerm_managed_disk",
      "name": "dddb12",
      "provider": "provider[\"registry.terraform.io/hashicorp/azurerm\"]",
      "instances": [
        {
          "schema_version": 0,
          "attributes": {
            "create_option": "Empty",
            "disk_access_id": "",
            "disk_encryption_set_id": "",
            "disk_iops_read_only": 0,
            "disk_iops_read_write": 7500,
            "disk_mbps_read_only": 0,
            "disk_mbps_read_write": 250,
            "disk_size_gb": 1324,
            "encryption_settings": [],
            "gallery_image_reference_id": "",
            "hyper_v_generation": "",
            "id": "/subscriptions/4320f689-5133-4260-b235-d02cc16611ff/resourceGroups/rg-uat-db-ci-001/providers/Microsoft.Compute/disks/vmdb1_data_disk12",
            "image_reference_id": "",
            "location": "centralindia",
            "logical_sector_size": null,
            "max_shares": 0,
            "name": "vmdb1_data_disk12",
            "network_access_policy": null,
            "on_demand_bursting_enabled": false,
            "os_type": "",
            "public_network_access_enabled": true,
            "resource_group_name": "rg-uat-db-ci-001",
            "source_resource_id": "",
            "source_uri": "",
            "storage_account_id": "",
            "storage_account_type": "Premium_LRS",
            "tags": {},
            "tier": "P40",
            "timeouts": null,
            "trusted_launch_enabled": false,
            "zones": []
          },
          "sensitive_attributes": [],
          "private": "eyJlMmJmYjczMC1lY2FhLTExZTYtOGY4OC0zNDM2M2JjN2M0YzAiOnsiY3JlYXRlIjoxODAwMDAwMDAwMDAwLCJkZWxldGUiOjE4MDAwMDAwMDAwMDAsInJlYWQiOjMwMDAwMDAwMDAwMCwidXBkYXRlIjoxODAwMDAwMDAwMDAwfX0="
        }
      ]
    },
    {
      "mode": "managed",
      "type": "azurerm_managed_disk",
      "name": "dddb14",
      "provider": "provider[\"registry.terraform.io/hashicorp/azurerm\"]",
      "instances": [
        {
          "schema_version": 0,
          "attributes": {
            "create_option": "Empty",
            "disk_access_id": "",
            "disk_encryption_set_id": "",
            "disk_iops_read_only": 0,
            "disk_iops_read_write": 500,
            "disk_mbps_read_only": 0,
            "disk_mbps_read_write": 100,
            "disk_size_gb": 100,
            "encryption_settings": [],
            "gallery_image_reference_id": "",
            "hyper_v_generation": "",
            "id": "/subscriptions/4320f689-5133-4260-b235-d02cc16611ff/resourceGroups/rg-uat-db-ci-001/providers/Microsoft.Compute/disks/vmdb1_data_disk4",
            "image_reference_id": "",
            "location": "centralindia",
            "logical_sector_size": null,
            "max_shares": 0,
            "name": "vmdb1_data_disk4",
            "network_access_policy": null,
            "on_demand_bursting_enabled": false,
            "os_type": "",
            "public_network_access_enabled": true,
            "resource_group_name": "rg-uat-db-ci-001",
            "source_resource_id": "",
            "source_uri": "",
            "storage_account_id": "",
            "storage_account_type": "Premium_LRS",
            "tags": {},
            "tier": "P10",
            "timeouts": null,
            "trusted_launch_enabled": false,
            "zones": []
          },
          "sensitive_attributes": [],
          "private": "eyJlMmJmYjczMC1lY2FhLTExZTYtOGY4OC0zNDM2M2JjN2M0YzAiOnsiY3JlYXRlIjoxODAwMDAwMDAwMDAwLCJkZWxldGUiOjE4MDAwMDAwMDAwMDAsInJlYWQiOjMwMDAwMDAwMDAwMCwidXBkYXRlIjoxODAwMDAwMDAwMDAwfX0="
        }
      ]
    },
    {
      "mode": "managed",
      "type": "azurerm_managed_disk",
      "name": "dddb22",
      "provider": "provider[\"registry.terraform.io/hashicorp/azurerm\"]",
      "instances": [
        {
          "schema_version": 0,
          "attributes": {
            "create_option": "Empty",
            "disk_access_id": "",
            "disk_encryption_set_id": "",
            "disk_iops_read_only": 0,
            "disk_iops_read_write": 7500,
            "disk_mbps_read_only": 0,
            "disk_mbps_read_write": 250,
            "disk_size_gb": 1324,
            "encryption_settings": [],
            "gallery_image_reference_id": "",
            "hyper_v_generation": "",
            "id": "/subscriptions/4320f689-5133-4260-b235-d02cc16611ff/resourceGroups/rg-uat-db-ci-001/providers/Microsoft.Compute/disks/vmdb2_data_disk2",
            "image_reference_id": "",
            "location": "centralindia",
            "logical_sector_size": null,
            "max_shares": 0,
            "name": "vmdb2_data_disk2",
            "network_access_policy": null,
            "on_demand_bursting_enabled": false,
            "os_type": "",
            "public_network_access_enabled": true,
            "resource_group_name": "rg-uat-db-ci-001",
            "source_resource_id": "",
            "source_uri": "",
            "storage_account_id": "",
            "storage_account_type": "Premium_LRS",
            "tags": {},
            "tier": "P40",
            "timeouts": null,
            "trusted_launch_enabled": false,
            "zones": []
          },
          "sensitive_attributes": [],
          "private": "eyJlMmJmYjczMC1lY2FhLTExZTYtOGY4OC0zNDM2M2JjN2M0YzAiOnsiY3JlYXRlIjoxODAwMDAwMDAwMDAwLCJkZWxldGUiOjE4MDAwMDAwMDAwMDAsInJlYWQiOjMwMDAwMDAwMDAwMCwidXBkYXRlIjoxODAwMDAwMDAwMDAwfX0="
        }
      ]
    },
    {
      "mode": "managed",
      "type": "azurerm_managed_disk",
      "name": "dddb24",
      "provider": "provider[\"registry.terraform.io/hashicorp/azurerm\"]",
      "instances": [
        {
          "schema_version": 0,
          "attributes": {
            "create_option": "Empty",
            "disk_access_id": "",
            "disk_encryption_set_id": "",
            "disk_iops_read_only": 0,
            "disk_iops_read_write": 500,
            "disk_mbps_read_only": 0,
            "disk_mbps_read_write": 100,
            "disk_size_gb": 100,
            "encryption_settings": [],
            "gallery_image_reference_id": "",
            "hyper_v_generation": "",
            "id": "/subscriptions/4320f689-5133-4260-b235-d02cc16611ff/resourceGroups/rg-uat-db-ci-001/providers/Microsoft.Compute/disks/vmdb2_data_disk4",
            "image_reference_id": "",
            "location": "centralindia",
            "logical_sector_size": null,
            "max_shares": 0,
            "name": "vmdb2_data_disk4",
            "network_access_policy": null,
            "on_demand_bursting_enabled": false,
            "os_type": "",
            "public_network_access_enabled": true,
            "resource_group_name": "rg-uat-db-ci-001",
            "source_resource_id": "",
            "source_uri": "",
            "storage_account_id": "",
            "storage_account_type": "Premium_LRS",
            "tags": {},
            "tier": "P10",
            "timeouts": null,
            "trusted_launch_enabled": false,
            "zones": []
          },
          "sensitive_attributes": [],
          "private": "eyJlMmJmYjczMC1lY2FhLTExZTYtOGY4OC0zNDM2M2JjN2M0YzAiOnsiY3JlYXRlIjoxODAwMDAwMDAwMDAwLCJkZWxldGUiOjE4MDAwMDAwMDAwMDAsInJlYWQiOjMwMDAwMDAwMDAwMCwidXBkYXRlIjoxODAwMDAwMDAwMDAwfX0="
        }
      ]
    },
    {
      "mode": "managed",
      "type": "azurerm_managed_disk",
      "name": "dddb31",
      "provider": "provider[\"registry.terraform.io/hashicorp/azurerm\"]",
      "instances": [
        {
          "schema_version": 0,
          "attributes": {
            "create_option": "Empty",
            "disk_access_id": "",
            "disk_encryption_set_id": "",
            "disk_iops_read_only": 0,
            "disk_iops_read_write": 2300,
            "disk_mbps_read_only": 0,
            "disk_mbps_read_write": 150,
            "disk_size_gb": 512,
            "encryption_settings": [],
            "gallery_image_reference_id": "",
            "hyper_v_generation": "",
            "id": "/subscriptions/4320f689-5133-4260-b235-d02cc16611ff/resourceGroups/rg-uat-db-ci-001/providers/Microsoft.Compute/disks/vmdb3_data_disk1",
            "image_reference_id": "",
            "location": "centralindia",
            "logical_sector_size": null,
            "max_shares": 0,
            "name": "vmdb3_data_disk1",
            "network_access_policy": null,
            "on_demand_bursting_enabled": false,
            "os_type": "",
            "public_network_access_enabled": true,
            "resource_group_name": "rg-uat-db-ci-001",
            "source_resource_id": "",
            "source_uri": "",
            "storage_account_id": "",
            "storage_account_type": "Premium_LRS",
            "tags": {},
            "tier": "P20",
            "timeouts": null,
            "trusted_launch_enabled": false,
            "zones": []
          },
          "sensitive_attributes": [],
          "private": "eyJlMmJmYjczMC1lY2FhLTExZTYtOGY4OC0zNDM2M2JjN2M0YzAiOnsiY3JlYXRlIjoxODAwMDAwMDAwMDAwLCJkZWxldGUiOjE4MDAwMDAwMDAwMDAsInJlYWQiOjMwMDAwMDAwMDAwMCwidXBkYXRlIjoxODAwMDAwMDAwMDAwfX0="
        }
      ]
    },
    {
      "mode": "managed",
      "type": "azurerm_managed_disk",
      "name": "dddb32",
      "provider": "provider[\"registry.terraform.io/hashicorp/azurerm\"]",
      "instances": [
        {
          "schema_version": 0,
          "attributes": {
            "create_option": "Empty",
            "disk_access_id": "",
            "disk_encryption_set_id": "",
            "disk_iops_read_only": 0,
            "disk_iops_read_write": 7500,
            "disk_mbps_read_only": 0,
            "disk_mbps_read_write": 250,
            "disk_size_gb": 1324,
            "encryption_settings": [],
            "gallery_image_reference_id": "",
            "hyper_v_generation": "",
            "id": "/subscriptions/4320f689-5133-4260-b235-d02cc16611ff/resourceGroups/rg-uat-db-ci-001/providers/Microsoft.Compute/disks/vmdb3_data_disk2",
            "image_reference_id": "",
            "location": "centralindia",
            "logical_sector_size": null,
            "max_shares": 0,
            "name": "vmdb3_data_disk2",
            "network_access_policy": null,
            "on_demand_bursting_enabled": false,
            "os_type": "",
            "public_network_access_enabled": true,
            "resource_group_name": "rg-uat-db-ci-001",
            "source_resource_id": "",
            "source_uri": "",
            "storage_account_id": "",
            "storage_account_type": "Premium_LRS",
            "tags": {},
            "tier": "P40",
            "timeouts": null,
            "trusted_launch_enabled": false,
            "zones": []
          },
          "sensitive_attributes": [],
          "private": "eyJlMmJmYjczMC1lY2FhLTExZTYtOGY4OC0zNDM2M2JjN2M0YzAiOnsiY3JlYXRlIjoxODAwMDAwMDAwMDAwLCJkZWxldGUiOjE4MDAwMDAwMDAwMDAsInJlYWQiOjMwMDAwMDAwMDAwMCwidXBkYXRlIjoxODAwMDAwMDAwMDAwfX0="
        }
      ]
    },
    {
      "mode": "managed",
      "type": "azurerm_managed_disk",
      "name": "dddb34",
      "provider": "provider[\"registry.terraform.io/hashicorp/azurerm\"]",
      "instances": [
        {
          "schema_version": 0,
          "attributes": {
            "create_option": "Empty",
            "disk_access_id": "",
            "disk_encryption_set_id": "",
            "disk_iops_read_only": 0,
            "disk_iops_read_write": 500,
            "disk_mbps_read_only": 0,
            "disk_mbps_read_write": 100,
            "disk_size_gb": 100,
            "encryption_settings": [],
            "gallery_image_reference_id": "",
            "hyper_v_generation": "",
            "id": "/subscriptions/4320f689-5133-4260-b235-d02cc16611ff/resourceGroups/rg-uat-db-ci-001/providers/Microsoft.Compute/disks/vmdb3_data_disk4",
            "image_reference_id": "",
            "location": "centralindia",
            "logical_sector_size": null,
            "max_shares": 0,
            "name": "vmdb3_data_disk4",
            "network_access_policy": null,
            "on_demand_bursting_enabled": false,
            "os_type": "",
            "public_network_access_enabled": true,
            "resource_group_name": "rg-uat-db-ci-001",
            "source_resource_id": "",
            "source_uri": "",
            "storage_account_id": "",
            "storage_account_type": "Premium_LRS",
            "tags": {},
            "tier": "P10",
            "timeouts": null,
            "trusted_launch_enabled": false,
            "zones": []
          },
          "sensitive_attributes": [],
          "private": "eyJlMmJmYjczMC1lY2FhLTExZTYtOGY4OC0zNDM2M2JjN2M0YzAiOnsiY3JlYXRlIjoxODAwMDAwMDAwMDAwLCJkZWxldGUiOjE4MDAwMDAwMDAwMDAsInJlYWQiOjMwMDAwMDAwMDAwMCwidXBkYXRlIjoxODAwMDAwMDAwMDAwfX0="
        }
      ]
    },
    {
      "mode": "managed",
      "type": "azurerm_managed_disk",
      "name": "ddddb13",
      "provider": "provider[\"registry.terraform.io/hashicorp/azurerm\"]",
      "instances": [
        {
          "schema_version": 0,
          "attributes": {
            "create_option": "Empty",
            "disk_access_id": "",
            "disk_encryption_set_id": "",
            "disk_iops_read_only": 0,
            "disk_iops_read_write": 120,
            "disk_mbps_read_only": 0,
            "disk_mbps_read_write": 25,
            "disk_size_gb": 20,
            "encryption_settings": [],
            "gallery_image_reference_id": "",
            "hyper_v_generation": "",
            "id": "/subscriptions/4320f689-5133-4260-b235-d02cc16611ff/resourceGroups/rg-uat-db-ci-001/providers/Microsoft.Compute/disks/vmdb1_data_disk3",
            "image_reference_id": "",
            "location": "centralindia",
            "logical_sector_size": null,
            "max_shares": 0,
            "name": "vmdb1_data_disk3",
            "network_access_policy": null,
            "on_demand_bursting_enabled": false,
            "os_type": "",
            "public_network_access_enabled": true,
            "resource_group_name": "rg-uat-db-ci-001",
            "source_resource_id": "",
            "source_uri": "",
            "storage_account_id": "",
            "storage_account_type": "Premium_LRS",
            "tags": {},
            "tier": "P4",
            "timeouts": null,
            "trusted_launch_enabled": false,
            "zones": []
          },
          "sensitive_attributes": [],
          "private": "eyJlMmJmYjczMC1lY2FhLTExZTYtOGY4OC0zNDM2M2JjN2M0YzAiOnsiY3JlYXRlIjoxODAwMDAwMDAwMDAwLCJkZWxldGUiOjE4MDAwMDAwMDAwMDAsInJlYWQiOjMwMDAwMDAwMDAwMCwidXBkYXRlIjoxODAwMDAwMDAwMDAwfX0="
        }
      ]
    },
    {
      "mode": "managed",
      "type": "azurerm_managed_disk",
      "name": "ddddb23",
      "provider": "provider[\"registry.terraform.io/hashicorp/azurerm\"]",
      "instances": [
        {
          "schema_version": 0,
          "attributes": {
            "create_option": "Empty",
            "disk_access_id": "",
            "disk_encryption_set_id": "",
            "disk_iops_read_only": 0,
            "disk_iops_read_write": 120,
            "disk_mbps_read_only": 0,
            "disk_mbps_read_write": 25,
            "disk_size_gb": 20,
            "encryption_settings": [],
            "gallery_image_reference_id": "",
            "hyper_v_generation": "",
            "id": "/subscriptions/4320f689-5133-4260-b235-d02cc16611ff/resourceGroups/rg-uat-db-ci-001/providers/Microsoft.Compute/disks/vmdb2_data_disk3",
            "image_reference_id": "",
            "location": "centralindia",
            "logical_sector_size": null,
            "max_shares": 0,
            "name": "vmdb2_data_disk3",
            "network_access_policy": null,
            "on_demand_bursting_enabled": false,
            "os_type": "",
            "public_network_access_enabled": true,
            "resource_group_name": "rg-uat-db-ci-001",
            "source_resource_id": "",
            "source_uri": "",
            "storage_account_id": "",
            "storage_account_type": "Premium_LRS",
            "tags": {},
            "tier": "P4",
            "timeouts": null,
            "trusted_launch_enabled": false,
            "zones": []
          },
          "sensitive_attributes": [],
          "private": "eyJlMmJmYjczMC1lY2FhLTExZTYtOGY4OC0zNDM2M2JjN2M0YzAiOnsiY3JlYXRlIjoxODAwMDAwMDAwMDAwLCJkZWxldGUiOjE4MDAwMDAwMDAwMDAsInJlYWQiOjMwMDAwMDAwMDAwMCwidXBkYXRlIjoxODAwMDAwMDAwMDAwfX0="
        }
      ]
    },
    {
      "mode": "managed",
      "type": "azurerm_managed_disk",
      "name": "ddddb33",
      "provider": "provider[\"registry.terraform.io/hashicorp/azurerm\"]",
      "instances": [
        {
          "schema_version": 0,
          "attributes": {
            "create_option": "Empty",
            "disk_access_id": "",
            "disk_encryption_set_id": "",
            "disk_iops_read_only": 0,
            "disk_iops_read_write": 120,
            "disk_mbps_read_only": 0,
            "disk_mbps_read_write": 25,
            "disk_size_gb": 20,
            "encryption_settings": [],
            "gallery_image_reference_id": "",
            "hyper_v_generation": "",
            "id": "/subscriptions/4320f689-5133-4260-b235-d02cc16611ff/resourceGroups/rg-uat-db-ci-001/providers/Microsoft.Compute/disks/vmdb3_data_disk3",
            "image_reference_id": "",
            "location": "centralindia",
            "logical_sector_size": null,
            "max_shares": 0,
            "name": "vmdb3_data_disk3",
            "network_access_policy": null,
            "on_demand_bursting_enabled": false,
            "os_type": "",
            "public_network_access_enabled": true,
            "resource_group_name": "rg-uat-db-ci-001",
            "source_resource_id": "",
            "source_uri": "",
            "storage_account_id": "",
            "storage_account_type": "Premium_LRS",
            "tags": {},
            "tier": "P4",
            "timeouts": null,
            "trusted_launch_enabled": false,
            "zones": []
          },
          "sensitive_attributes": [],
          "private": "eyJlMmJmYjczMC1lY2FhLTExZTYtOGY4OC0zNDM2M2JjN2M0YzAiOnsiY3JlYXRlIjoxODAwMDAwMDAwMDAwLCJkZWxldGUiOjE4MDAwMDAwMDAwMDAsInJlYWQiOjMwMDAwMDAwMDAwMCwidXBkYXRlIjoxODAwMDAwMDAwMDAwfX0="
        }
      ]
    },
    {
      "mode": "managed",
      "type": "azurerm_network_interface",
      "name": "nicad01",
      "provider": "provider[\"registry.terraform.io/hashicorp/azurerm\"]",
      "instances": [
        {
          "schema_version": 0,
          "attributes": {
            "applied_dns_servers": [],
            "dns_servers": [],
            "enable_accelerated_networking": false,
            "enable_ip_forwarding": false,
            "id": "/subscriptions/4320f689-5133-4260-b235-d02cc16611ff/resourceGroups/rg-hub-ss-ci-001/providers/Microsoft.Network/networkInterfaces/vmad01-nic",
            "internal_dns_name_label": "",
            "internal_domain_name_suffix": "b0xddlf1yiauva5xyyjo4hvm4d.rx.internal.cloudapp.net",
            "ip_configuration": [
              {
                "gateway_load_balancer_frontend_ip_configuration_id": "",
                "name": "internal",
                "primary": true,
                "private_ip_address": "10.121.1.132",
                "private_ip_address_allocation": "Dynamic",
                "private_ip_address_version": "IPv4",
                "public_ip_address_id": "",
                "subnet_id": "/subscriptions/4320f689-5133-4260-b235-d02cc16611ff/resourceGroups/rg-hub-net-ci-001/providers/Microsoft.Network/virtualNetworks/vnet-hub-net-ci-001/subnets/sn-hub-ss-ci-001"
              }
            ],
            "location": "centralindia",
            "mac_address": "60-45-BD-73-6A-BE",
            "name": "vmad01-nic",
            "private_ip_address": "10.121.1.132",
            "private_ip_addresses": [
              "10.121.1.132"
            ],
            "resource_group_name": "rg-hub-ss-ci-001",
            "tags": {},
            "timeouts": null,
            "virtual_machine_id": "/subscriptions/4320f689-5133-4260-b235-d02cc16611ff/resourceGroups/rg-hub-ss-ci-001/providers/Microsoft.Compute/virtualMachines/GEMAZUATSSAD01"
          },
          "sensitive_attributes": [],
          "private": "eyJlMmJmYjczMC1lY2FhLTExZTYtOGY4OC0zNDM2M2JjN2M0YzAiOnsiY3JlYXRlIjoxODAwMDAwMDAwMDAwLCJkZWxldGUiOjE4MDAwMDAwMDAwMDAsInJlYWQiOjMwMDAwMDAwMDAwMCwidXBkYXRlIjoxODAwMDAwMDAwMDAwfX0=",
          "dependencies": [
            "azurerm_subnet.snss"
          ]
        }
      ]
    },
    {
      "mode": "managed",
      "type": "azurerm_network_interface",
      "name": "nicdb1",
      "provider": "provider[\"registry.terraform.io/hashicorp/azurerm\"]",
      "instances": [
        {
          "schema_version": 0,
          "attributes": {
            "applied_dns_servers": [],
            "dns_servers": [],
            "enable_accelerated_networking": false,
            "enable_ip_forwarding": false,
            "id": "/subscriptions/4320f689-5133-4260-b235-d02cc16611ff/resourceGroups/rg-uat-db-ci-001/providers/Microsoft.Network/networkInterfaces/vmdb1-nic",
            "internal_dns_name_label": "",
            "internal_domain_name_suffix": "2vg4gdi4r0hezbhc3xl1t2rjdf.rx.internal.cloudapp.net",
            "ip_configuration": [
              {
                "gateway_load_balancer_frontend_ip_configuration_id": "",
                "name": "internal",
                "primary": true,
                "private_ip_address": "10.121.20.5",
                "private_ip_address_allocation": "Dynamic",
                "private_ip_address_version": "IPv4",
                "public_ip_address_id": "",
                "subnet_id": "/subscriptions/4320f689-5133-4260-b235-d02cc16611ff/resourceGroups/rg-hub-net-ci-001/providers/Microsoft.Network/virtualNetworks/vnet-uat-net-ci-001/subnets/sn-uat-db-ci-001"
              }
            ],
            "location": "centralindia",
            "mac_address": "60-45-BD-AC-49-08",
            "name": "vmdb1-nic",
            "private_ip_address": "10.121.20.5",
            "private_ip_addresses": [
              "10.121.20.5"
            ],
            "resource_group_name": "rg-uat-db-ci-001",
            "tags": {},
            "timeouts": null,
            "virtual_machine_id": "/subscriptions/4320f689-5133-4260-b235-d02cc16611ff/resourceGroups/rg-uat-db-ci-001/providers/Microsoft.Compute/virtualMachines/GEMAZUATDB01"
          },
          "sensitive_attributes": [],
          "private": "eyJlMmJmYjczMC1lY2FhLTExZTYtOGY4OC0zNDM2M2JjN2M0YzAiOnsiY3JlYXRlIjoxODAwMDAwMDAwMDAwLCJkZWxldGUiOjE4MDAwMDAwMDAwMDAsInJlYWQiOjMwMDAwMDAwMDAwMCwidXBkYXRlIjoxODAwMDAwMDAwMDAwfX0=",
          "dependencies": [
            "azurerm_subnet.sndb"
          ]
        }
      ]
    },
    {
      "mode": "managed",
      "type": "azurerm_network_interface",
      "name": "nicdb2",
      "provider": "provider[\"registry.terraform.io/hashicorp/azurerm\"]",
      "instances": [
        {
          "schema_version": 0,
          "attributes": {
            "applied_dns_servers": [],
            "dns_servers": [],
            "enable_accelerated_networking": false,
            "enable_ip_forwarding": false,
            "id": "/subscriptions/4320f689-5133-4260-b235-d02cc16611ff/resourceGroups/rg-uat-db-ci-001/providers/Microsoft.Network/networkInterfaces/vmdb2-nic",
            "internal_dns_name_label": "",
            "internal_domain_name_suffix": "2vg4gdi4r0hezbhc3xl1t2rjdf.rx.internal.cloudapp.net",
            "ip_configuration": [
              {
                "gateway_load_balancer_frontend_ip_configuration_id": "",
                "name": "internal",
                "primary": true,
                "private_ip_address": "10.121.20.4",
                "private_ip_address_allocation": "Dynamic",
                "private_ip_address_version": "IPv4",
                "public_ip_address_id": "",
                "subnet_id": "/subscriptions/4320f689-5133-4260-b235-d02cc16611ff/resourceGroups/rg-hub-net-ci-001/providers/Microsoft.Network/virtualNetworks/vnet-uat-net-ci-001/subnets/sn-uat-db-ci-001"
              }
            ],
            "location": "centralindia",
            "mac_address": "60-45-BD-AC-41-33",
            "name": "vmdb2-nic",
            "private_ip_address": "10.121.20.4",
            "private_ip_addresses": [
              "10.121.20.4"
            ],
            "resource_group_name": "rg-uat-db-ci-001",
            "tags": {},
            "timeouts": null,
            "virtual_machine_id": "/subscriptions/4320f689-5133-4260-b235-d02cc16611ff/resourceGroups/rg-uat-db-ci-001/providers/Microsoft.Compute/virtualMachines/GEMAZUATDB02"
          },
          "sensitive_attributes": [],
          "private": "eyJlMmJmYjczMC1lY2FhLTExZTYtOGY4OC0zNDM2M2JjN2M0YzAiOnsiY3JlYXRlIjoxODAwMDAwMDAwMDAwLCJkZWxldGUiOjE4MDAwMDAwMDAwMDAsInJlYWQiOjMwMDAwMDAwMDAwMCwidXBkYXRlIjoxODAwMDAwMDAwMDAwfX0=",
          "dependencies": [
            "azurerm_subnet.sndb"
          ]
        }
      ]
    },
    {
      "mode": "managed",
      "type": "azurerm_network_interface",
      "name": "nicdb3",
      "provider": "provider[\"registry.terraform.io/hashicorp/azurerm\"]",
      "instances": [
        {
          "schema_version": 0,
          "attributes": {
            "applied_dns_servers": [],
            "dns_servers": [],
            "enable_accelerated_networking": false,
            "enable_ip_forwarding": false,
            "id": "/subscriptions/4320f689-5133-4260-b235-d02cc16611ff/resourceGroups/rg-uat-db-ci-001/providers/Microsoft.Network/networkInterfaces/vmdb3-nic",
            "internal_dns_name_label": "",
            "internal_domain_name_suffix": "2vg4gdi4r0hezbhc3xl1t2rjdf.rx.internal.cloudapp.net",
            "ip_configuration": [
              {
                "gateway_load_balancer_frontend_ip_configuration_id": "",
                "name": "internal",
                "primary": true,
                "private_ip_address": "10.121.20.6",
                "private_ip_address_allocation": "Dynamic",
                "private_ip_address_version": "IPv4",
                "public_ip_address_id": "",
                "subnet_id": "/subscriptions/4320f689-5133-4260-b235-d02cc16611ff/resourceGroups/rg-hub-net-ci-001/providers/Microsoft.Network/virtualNetworks/vnet-uat-net-ci-001/subnets/sn-uat-db-ci-001"
              }
            ],
            "location": "centralindia",
            "mac_address": "00-0D-3A-F0-00-23",
            "name": "vmdb3-nic",
            "private_ip_address": "10.121.20.6",
            "private_ip_addresses": [
              "10.121.20.6"
            ],
            "resource_group_name": "rg-uat-db-ci-001",
            "tags": {},
            "timeouts": null,
            "virtual_machine_id": "/subscriptions/4320f689-5133-4260-b235-d02cc16611ff/resourceGroups/rg-uat-db-ci-001/providers/Microsoft.Compute/virtualMachines/GEMAZUATDB03"
          },
          "sensitive_attributes": [],
          "private": "eyJlMmJmYjczMC1lY2FhLTExZTYtOGY4OC0zNDM2M2JjN2M0YzAiOnsiY3JlYXRlIjoxODAwMDAwMDAwMDAwLCJkZWxldGUiOjE4MDAwMDAwMDAwMDAsInJlYWQiOjMwMDAwMDAwMDAwMCwidXBkYXRlIjoxODAwMDAwMDAwMDAwfX0=",
          "dependencies": [
            "azurerm_subnet.sndb"
          ]
        }
      ]
    },
    {
      "mode": "managed",
      "type": "azurerm_network_interface",
      "name": "nicjava051",
      "provider": "provider[\"registry.terraform.io/hashicorp/azurerm\"]",
      "instances": [
        {
          "schema_version": 0,
          "attributes": {
            "applied_dns_servers": [],
            "dns_servers": [],
            "enable_accelerated_networking": false,
            "enable_ip_forwarding": false,
            "id": "/subscriptions/4320f689-5133-4260-b235-d02cc16611ff/resourceGroups/rg-uat-app-ci-001/providers/Microsoft.Network/networkInterfaces/vmjava051-nic",
            "internal_dns_name_label": "",
            "internal_domain_name_suffix": "2vg4gdi4r0hezbhc3xl1t2rjdf.rx.internal.cloudapp.net",
            "ip_configuration": [
              {
                "gateway_load_balancer_frontend_ip_configuration_id": "",
                "name": "internal",
                "primary": true,
                "private_ip_address": "10.121.16.15",
                "private_ip_address_allocation": "Dynamic",
                "private_ip_address_version": "IPv4",
                "public_ip_address_id": "",
                "subnet_id": "/subscriptions/4320f689-5133-4260-b235-d02cc16611ff/resourceGroups/rg-hub-net-ci-001/providers/Microsoft.Network/virtualNetworks/vnet-uat-net-ci-001/subnets/sn-uat-app-ci-001"
              }
            ],
            "location": "centralindia",
            "mac_address": "60-45-BD-AD-58-F2",
            "name": "vmjava051-nic",
            "private_ip_address": "10.121.16.15",
            "private_ip_addresses": [
              "10.121.16.15"
            ],
            "resource_group_name": "rg-uat-app-ci-001",
            "tags": {},
            "timeouts": null,
            "virtual_machine_id": "/subscriptions/4320f689-5133-4260-b235-d02cc16611ff/resourceGroups/rg-uat-app-ci-001/providers/Microsoft.Compute/virtualMachines/GEMAZUATAJAVA005-1"
          },
          "sensitive_attributes": [],
          "private": "eyJlMmJmYjczMC1lY2FhLTExZTYtOGY4OC0zNDM2M2JjN2M0YzAiOnsiY3JlYXRlIjoxODAwMDAwMDAwMDAwLCJkZWxldGUiOjE4MDAwMDAwMDAwMDAsInJlYWQiOjMwMDAwMDAwMDAwMCwidXBkYXRlIjoxODAwMDAwMDAwMDAwfX0=",
          "dependencies": [
            "azurerm_subnet.snapp1"
          ]
        }
      ]
    },
    {
      "mode": "managed",
      "type": "azurerm_network_interface",
      "name": "nicjava052",
      "provider": "provider[\"registry.terraform.io/hashicorp/azurerm\"]",
      "instances": [
        {
          "schema_version": 0,
          "attributes": {
            "applied_dns_servers": [],
            "dns_servers": [],
            "enable_accelerated_networking": false,
            "enable_ip_forwarding": false,
            "id": "/subscriptions/4320f689-5133-4260-b235-d02cc16611ff/resourceGroups/rg-uat-app-ci-001/providers/Microsoft.Network/networkInterfaces/vmjava052-nic",
            "internal_dns_name_label": "",
            "internal_domain_name_suffix": "2vg4gdi4r0hezbhc3xl1t2rjdf.rx.internal.cloudapp.net",
            "ip_configuration": [
              {
                "gateway_load_balancer_frontend_ip_configuration_id": "",
                "name": "internal",
                "primary": true,
                "private_ip_address": "10.121.16.16",
                "private_ip_address_allocation": "Dynamic",
                "private_ip_address_version": "IPv4",
                "public_ip_address_id": "",
                "subnet_id": "/subscriptions/4320f689-5133-4260-b235-d02cc16611ff/resourceGroups/rg-hub-net-ci-001/providers/Microsoft.Network/virtualNetworks/vnet-uat-net-ci-001/subnets/sn-uat-app-ci-001"
              }
            ],
            "location": "centralindia",
            "mac_address": "60-45-BD-AD-5C-D8",
            "name": "vmjava052-nic",
            "private_ip_address": "10.121.16.16",
            "private_ip_addresses": [
              "10.121.16.16"
            ],
            "resource_group_name": "rg-uat-app-ci-001",
            "tags": {},
            "timeouts": null,
            "virtual_machine_id": "/subscriptions/4320f689-5133-4260-b235-d02cc16611ff/resourceGroups/rg-uat-app-ci-001/providers/Microsoft.Compute/virtualMachines/GEMAZUATAJAVA005-2"
          },
          "sensitive_attributes": [],
          "private": "eyJlMmJmYjczMC1lY2FhLTExZTYtOGY4OC0zNDM2M2JjN2M0YzAiOnsiY3JlYXRlIjoxODAwMDAwMDAwMDAwLCJkZWxldGUiOjE4MDAwMDAwMDAwMDAsInJlYWQiOjMwMDAwMDAwMDAwMCwidXBkYXRlIjoxODAwMDAwMDAwMDAwfX0=",
          "dependencies": [
            "azurerm_subnet.snapp1"
          ]
        }
      ]
    },
    {
      "mode": "managed",
      "type": "azurerm_network_interface",
      "name": "nicjava11",
      "provider": "provider[\"registry.terraform.io/hashicorp/azurerm\"]",
      "instances": [
        {
          "schema_version": 0,
          "attributes": {
            "applied_dns_servers": [],
            "dns_servers": [],
            "enable_accelerated_networking": false,
            "enable_ip_forwarding": false,
            "id": "/subscriptions/4320f689-5133-4260-b235-d02cc16611ff/resourceGroups/rg-uat-app-ci-001/providers/Microsoft.Network/networkInterfaces/vmjava11-nic",
            "internal_dns_name_label": "",
            "internal_domain_name_suffix": "2vg4gdi4r0hezbhc3xl1t2rjdf.rx.internal.cloudapp.net",
            "ip_configuration": [
              {
                "gateway_load_balancer_frontend_ip_configuration_id": "",
                "name": "internal",
                "primary": true,
                "private_ip_address": "10.121.16.5",
                "private_ip_address_allocation": "Dynamic",
                "private_ip_address_version": "IPv4",
                "public_ip_address_id": "",
                "subnet_id": "/subscriptions/4320f689-5133-4260-b235-d02cc16611ff/resourceGroups/rg-hub-net-ci-001/providers/Microsoft.Network/virtualNetworks/vnet-uat-net-ci-001/subnets/sn-uat-app-ci-001"
              }
            ],
            "location": "centralindia",
            "mac_address": "60-45-BD-A5-51-9C",
            "name": "vmjava11-nic",
            "private_ip_address": "10.121.16.5",
            "private_ip_addresses": [
              "10.121.16.5"
            ],
            "resource_group_name": "rg-uat-app-ci-001",
            "tags": {},
            "timeouts": null,
            "virtual_machine_id": "/subscriptions/4320f689-5133-4260-b235-d02cc16611ff/resourceGroups/rg-uat-app-ci-001/providers/Microsoft.Compute/virtualMachines/GEMAZUATAJAVA01-1"
          },
          "sensitive_attributes": [],
          "private": "eyJlMmJmYjczMC1lY2FhLTExZTYtOGY4OC0zNDM2M2JjN2M0YzAiOnsiY3JlYXRlIjoxODAwMDAwMDAwMDAwLCJkZWxldGUiOjE4MDAwMDAwMDAwMDAsInJlYWQiOjMwMDAwMDAwMDAwMCwidXBkYXRlIjoxODAwMDAwMDAwMDAwfX0=",
          "dependencies": [
            "azurerm_subnet.snapp1"
          ]
        }
      ]
    },
    {
      "mode": "managed",
      "type": "azurerm_network_interface",
      "name": "nicjava12",
      "provider": "provider[\"registry.terraform.io/hashicorp/azurerm\"]",
      "instances": [
        {
          "schema_version": 0,
          "attributes": {
            "applied_dns_servers": [],
            "dns_servers": [],
            "enable_accelerated_networking": false,
            "enable_ip_forwarding": false,
            "id": "/subscriptions/4320f689-5133-4260-b235-d02cc16611ff/resourceGroups/rg-uat-app-ci-001/providers/Microsoft.Network/networkInterfaces/vmjava12-nic",
            "internal_dns_name_label": "",
            "internal_domain_name_suffix": "2vg4gdi4r0hezbhc3xl1t2rjdf.rx.internal.cloudapp.net",
            "ip_configuration": [
              {
                "gateway_load_balancer_frontend_ip_configuration_id": "",
                "name": "internal",
                "primary": true,
                "private_ip_address": "10.121.16.4",
                "private_ip_address_allocation": "Dynamic",
                "private_ip_address_version": "IPv4",
                "public_ip_address_id": "",
                "subnet_id": "/subscriptions/4320f689-5133-4260-b235-d02cc16611ff/resourceGroups/rg-hub-net-ci-001/providers/Microsoft.Network/virtualNetworks/vnet-uat-net-ci-001/subnets/sn-uat-app-ci-001"
              }
            ],
            "location": "centralindia",
            "mac_address": "60-45-BD-A5-53-93",
            "name": "vmjava12-nic",
            "private_ip_address": "10.121.16.4",
            "private_ip_addresses": [
              "10.121.16.4"
            ],
            "resource_group_name": "rg-uat-app-ci-001",
            "tags": {},
            "timeouts": null,
            "virtual_machine_id": "/subscriptions/4320f689-5133-4260-b235-d02cc16611ff/resourceGroups/rg-uat-app-ci-001/providers/Microsoft.Compute/virtualMachines/GEMAZUATAJAVA01-2"
          },
          "sensitive_attributes": [],
          "private": "eyJlMmJmYjczMC1lY2FhLTExZTYtOGY4OC0zNDM2M2JjN2M0YzAiOnsiY3JlYXRlIjoxODAwMDAwMDAwMDAwLCJkZWxldGUiOjE4MDAwMDAwMDAwMDAsInJlYWQiOjMwMDAwMDAwMDAwMCwidXBkYXRlIjoxODAwMDAwMDAwMDAwfX0=",
          "dependencies": [
            "azurerm_subnet.snapp1"
          ]
        }
      ]
    },
    {
      "mode": "managed",
      "type": "azurerm_network_interface",
      "name": "nicjava21",
      "provider": "provider[\"registry.terraform.io/hashicorp/azurerm\"]",
      "instances": [
        {
          "schema_version": 0,
          "attributes": {
            "applied_dns_servers": [],
            "dns_servers": [],
            "enable_accelerated_networking": false,
            "enable_ip_forwarding": false,
            "id": "/subscriptions/4320f689-5133-4260-b235-d02cc16611ff/resourceGroups/rg-uat-app-ci-001/providers/Microsoft.Network/networkInterfaces/vmjava21-nic",
            "internal_dns_name_label": "",
            "internal_domain_name_suffix": "2vg4gdi4r0hezbhc3xl1t2rjdf.rx.internal.cloudapp.net",
            "ip_configuration": [
              {
                "gateway_load_balancer_frontend_ip_configuration_id": "",
                "name": "internal",
                "primary": true,
                "private_ip_address": "10.121.16.7",
                "private_ip_address_allocation": "Dynamic",
                "private_ip_address_version": "IPv4",
                "public_ip_address_id": "",
                "subnet_id": "/subscriptions/4320f689-5133-4260-b235-d02cc16611ff/resourceGroups/rg-hub-net-ci-001/providers/Microsoft.Network/virtualNetworks/vnet-uat-net-ci-001/subnets/sn-uat-app-ci-001"
              }
            ],
            "location": "centralindia",
            "mac_address": "60-45-BD-AA-B2-96",
            "name": "vmjava21-nic",
            "private_ip_address": "10.121.16.7",
            "private_ip_addresses": [
              "10.121.16.7"
            ],
            "resource_group_name": "rg-uat-app-ci-001",
            "tags": {},
            "timeouts": null,
            "virtual_machine_id": "/subscriptions/4320f689-5133-4260-b235-d02cc16611ff/resourceGroups/rg-uat-app-ci-001/providers/Microsoft.Compute/virtualMachines/GEMAZUATAJAVA02-1"
          },
          "sensitive_attributes": [],
          "private": "eyJlMmJmYjczMC1lY2FhLTExZTYtOGY4OC0zNDM2M2JjN2M0YzAiOnsiY3JlYXRlIjoxODAwMDAwMDAwMDAwLCJkZWxldGUiOjE4MDAwMDAwMDAwMDAsInJlYWQiOjMwMDAwMDAwMDAwMCwidXBkYXRlIjoxODAwMDAwMDAwMDAwfX0=",
          "dependencies": [
            "azurerm_subnet.snapp1"
          ]
        }
      ]
    },
    {
      "mode": "managed",
      "type": "azurerm_network_interface",
      "name": "nicjava22",
      "provider": "provider[\"registry.terraform.io/hashicorp/azurerm\"]",
      "instances": [
        {
          "schema_version": 0,
          "attributes": {
            "applied_dns_servers": [],
            "dns_servers": [],
            "enable_accelerated_networking": false,
            "enable_ip_forwarding": false,
            "id": "/subscriptions/4320f689-5133-4260-b235-d02cc16611ff/resourceGroups/rg-uat-app-ci-001/providers/Microsoft.Network/networkInterfaces/vmjava22-nic",
            "internal_dns_name_label": "",
            "internal_domain_name_suffix": "2vg4gdi4r0hezbhc3xl1t2rjdf.rx.internal.cloudapp.net",
            "ip_configuration": [
              {
                "gateway_load_balancer_frontend_ip_configuration_id": "",
                "name": "internal",
                "primary": true,
                "private_ip_address": "10.121.16.6",
                "private_ip_address_allocation": "Dynamic",
                "private_ip_address_version": "IPv4",
                "public_ip_address_id": "",
                "subnet_id": "/subscriptions/4320f689-5133-4260-b235-d02cc16611ff/resourceGroups/rg-hub-net-ci-001/providers/Microsoft.Network/virtualNetworks/vnet-uat-net-ci-001/subnets/sn-uat-app-ci-001"
              }
            ],
            "location": "centralindia",
            "mac_address": "60-45-BD-AA-B8-DC",
            "name": "vmjava22-nic",
            "private_ip_address": "10.121.16.6",
            "private_ip_addresses": [
              "10.121.16.6"
            ],
            "resource_group_name": "rg-uat-app-ci-001",
            "tags": {},
            "timeouts": null,
            "virtual_machine_id": "/subscriptions/4320f689-5133-4260-b235-d02cc16611ff/resourceGroups/rg-uat-app-ci-001/providers/Microsoft.Compute/virtualMachines/GEMAZUATAJAVA02-2"
          },
          "sensitive_attributes": [],
          "private": "eyJlMmJmYjczMC1lY2FhLTExZTYtOGY4OC0zNDM2M2JjN2M0YzAiOnsiY3JlYXRlIjoxODAwMDAwMDAwMDAwLCJkZWxldGUiOjE4MDAwMDAwMDAwMDAsInJlYWQiOjMwMDAwMDAwMDAwMCwidXBkYXRlIjoxODAwMDAwMDAwMDAwfX0=",
          "dependencies": [
            "azurerm_subnet.snapp1"
          ]
        }
      ]
    },
    {
      "mode": "managed",
      "type": "azurerm_network_interface",
      "name": "nicjava31",
      "provider": "provider[\"registry.terraform.io/hashicorp/azurerm\"]",
      "instances": [
        {
          "schema_version": 0,
          "attributes": {
            "applied_dns_servers": [],
            "dns_servers": [],
            "enable_accelerated_networking": false,
            "enable_ip_forwarding": false,
            "id": "/subscriptions/4320f689-5133-4260-b235-d02cc16611ff/resourceGroups/rg-uat-app-ci-001/providers/Microsoft.Network/networkInterfaces/vmjava31-nic",
            "internal_dns_name_label": "",
            "internal_domain_name_suffix": "2vg4gdi4r0hezbhc3xl1t2rjdf.rx.internal.cloudapp.net",
            "ip_configuration": [
              {
                "gateway_load_balancer_frontend_ip_configuration_id": "",
                "name": "internal",
                "primary": true,
                "private_ip_address": "10.121.16.10",
                "private_ip_address_allocation": "Dynamic",
                "private_ip_address_version": "IPv4",
                "public_ip_address_id": "",
                "subnet_id": "/subscriptions/4320f689-5133-4260-b235-d02cc16611ff/resourceGroups/rg-hub-net-ci-001/providers/Microsoft.Network/virtualNetworks/vnet-uat-net-ci-001/subnets/sn-uat-app-ci-001"
              }
            ],
            "location": "centralindia",
            "mac_address": "60-45-BD-AC-35-47",
            "name": "vmjava31-nic",
            "private_ip_address": "10.121.16.10",
            "private_ip_addresses": [
              "10.121.16.10"
            ],
            "resource_group_name": "rg-uat-app-ci-001",
            "tags": {},
            "timeouts": null,
            "virtual_machine_id": "/subscriptions/4320f689-5133-4260-b235-d02cc16611ff/resourceGroups/rg-uat-app-ci-001/providers/Microsoft.Compute/virtualMachines/GEMAZUATAJAVA03-1"
          },
          "sensitive_attributes": [],
          "private": "eyJlMmJmYjczMC1lY2FhLTExZTYtOGY4OC0zNDM2M2JjN2M0YzAiOnsiY3JlYXRlIjoxODAwMDAwMDAwMDAwLCJkZWxldGUiOjE4MDAwMDAwMDAwMDAsInJlYWQiOjMwMDAwMDAwMDAwMCwidXBkYXRlIjoxODAwMDAwMDAwMDAwfX0=",
          "dependencies": [
            "azurerm_subnet.snapp1"
          ]
        }
      ]
    },
    {
      "mode": "managed",
      "type": "azurerm_network_interface",
      "name": "nicjava32",
      "provider": "provider[\"registry.terraform.io/hashicorp/azurerm\"]",
      "instances": [
        {
          "schema_version": 0,
          "attributes": {
            "applied_dns_servers": [],
            "dns_servers": [],
            "enable_accelerated_networking": false,
            "enable_ip_forwarding": false,
            "id": "/subscriptions/4320f689-5133-4260-b235-d02cc16611ff/resourceGroups/rg-uat-app-ci-001/providers/Microsoft.Network/networkInterfaces/vmjava32-nic",
            "internal_dns_name_label": "",
            "internal_domain_name_suffix": "2vg4gdi4r0hezbhc3xl1t2rjdf.rx.internal.cloudapp.net",
            "ip_configuration": [
              {
                "gateway_load_balancer_frontend_ip_configuration_id": "",
                "name": "internal",
                "primary": true,
                "private_ip_address": "10.121.16.8",
                "private_ip_address_allocation": "Dynamic",
                "private_ip_address_version": "IPv4",
                "public_ip_address_id": "",
                "subnet_id": "/subscriptions/4320f689-5133-4260-b235-d02cc16611ff/resourceGroups/rg-hub-net-ci-001/providers/Microsoft.Network/virtualNetworks/vnet-uat-net-ci-001/subnets/sn-uat-app-ci-001"
              }
            ],
            "location": "centralindia",
            "mac_address": "60-45-BD-AC-37-60",
            "name": "vmjava32-nic",
            "private_ip_address": "10.121.16.8",
            "private_ip_addresses": [
              "10.121.16.8"
            ],
            "resource_group_name": "rg-uat-app-ci-001",
            "tags": {},
            "timeouts": null,
            "virtual_machine_id": "/subscriptions/4320f689-5133-4260-b235-d02cc16611ff/resourceGroups/rg-uat-app-ci-001/providers/Microsoft.Compute/virtualMachines/GEMAZUATAJAVA03-2"
          },
          "sensitive_attributes": [],
          "private": "eyJlMmJmYjczMC1lY2FhLTExZTYtOGY4OC0zNDM2M2JjN2M0YzAiOnsiY3JlYXRlIjoxODAwMDAwMDAwMDAwLCJkZWxldGUiOjE4MDAwMDAwMDAwMDAsInJlYWQiOjMwMDAwMDAwMDAwMCwidXBkYXRlIjoxODAwMDAwMDAwMDAwfX0=",
          "dependencies": [
            "azurerm_subnet.snapp1"
          ]
        }
      ]
    },
    {
      "mode": "managed",
      "type": "azurerm_network_interface",
      "name": "nicjava41",
      "provider": "provider[\"registry.terraform.io/hashicorp/azurerm\"]",
      "instances": [
        {
          "schema_version": 0,
          "attributes": {
            "applied_dns_servers": [],
            "dns_servers": [],
            "enable_accelerated_networking": false,
            "enable_ip_forwarding": false,
            "id": "/subscriptions/4320f689-5133-4260-b235-d02cc16611ff/resourceGroups/rg-uat-app-ci-001/providers/Microsoft.Network/networkInterfaces/vmjava41-nic",
            "internal_dns_name_label": "",
            "internal_domain_name_suffix": "2vg4gdi4r0hezbhc3xl1t2rjdf.rx.internal.cloudapp.net",
            "ip_configuration": [
              {
                "gateway_load_balancer_frontend_ip_configuration_id": "",
                "name": "internal",
                "primary": true,
                "private_ip_address": "10.121.16.11",
                "private_ip_address_allocation": "Dynamic",
                "private_ip_address_version": "IPv4",
                "public_ip_address_id": "",
                "subnet_id": "/subscriptions/4320f689-5133-4260-b235-d02cc16611ff/resourceGroups/rg-hub-net-ci-001/providers/Microsoft.Network/virtualNetworks/vnet-uat-net-ci-001/subnets/sn-uat-app-ci-001"
              }
            ],
            "location": "centralindia",
            "mac_address": "60-45-BD-AD-66-0E",
            "name": "vmjava41-nic",
            "private_ip_address": "10.121.16.11",
            "private_ip_addresses": [
              "10.121.16.11"
            ],
            "resource_group_name": "rg-uat-app-ci-001",
            "tags": {},
            "timeouts": null,
            "virtual_machine_id": "/subscriptions/4320f689-5133-4260-b235-d02cc16611ff/resourceGroups/rg-uat-app-ci-001/providers/Microsoft.Compute/virtualMachines/GEMAZUATAJAVA04-1"
          },
          "sensitive_attributes": [],
          "private": "eyJlMmJmYjczMC1lY2FhLTExZTYtOGY4OC0zNDM2M2JjN2M0YzAiOnsiY3JlYXRlIjoxODAwMDAwMDAwMDAwLCJkZWxldGUiOjE4MDAwMDAwMDAwMDAsInJlYWQiOjMwMDAwMDAwMDAwMCwidXBkYXRlIjoxODAwMDAwMDAwMDAwfX0=",
          "dependencies": [
            "azurerm_subnet.snapp1"
          ]
        }
      ]
    },
    {
      "mode": "managed",
      "type": "azurerm_network_interface",
      "name": "nicjava42",
      "provider": "provider[\"registry.terraform.io/hashicorp/azurerm\"]",
      "instances": [
        {
          "schema_version": 0,
          "attributes": {
            "applied_dns_servers": [],
            "dns_servers": [],
            "enable_accelerated_networking": false,
            "enable_ip_forwarding": false,
            "id": "/subscriptions/4320f689-5133-4260-b235-d02cc16611ff/resourceGroups/rg-uat-app-ci-001/providers/Microsoft.Network/networkInterfaces/vmjava42-nic",
            "internal_dns_name_label": "",
            "internal_domain_name_suffix": "2vg4gdi4r0hezbhc3xl1t2rjdf.rx.internal.cloudapp.net",
            "ip_configuration": [
              {
                "gateway_load_balancer_frontend_ip_configuration_id": "",
                "name": "internal",
                "primary": true,
                "private_ip_address": "10.121.16.12",
                "private_ip_address_allocation": "Dynamic",
                "private_ip_address_version": "IPv4",
                "public_ip_address_id": "",
                "subnet_id": "/subscriptions/4320f689-5133-4260-b235-d02cc16611ff/resourceGroups/rg-hub-net-ci-001/providers/Microsoft.Network/virtualNetworks/vnet-uat-net-ci-001/subnets/sn-uat-app-ci-001"
              }
            ],
            "location": "centralindia",
            "mac_address": "60-45-BD-A5-AA-24",
            "name": "vmjava42-nic",
            "private_ip_address": "10.121.16.12",
            "private_ip_addresses": [
              "10.121.16.12"
            ],
            "resource_group_name": "rg-uat-app-ci-001",
            "tags": {},
            "timeouts": null,
            "virtual_machine_id": "/subscriptions/4320f689-5133-4260-b235-d02cc16611ff/resourceGroups/rg-uat-app-ci-001/providers/Microsoft.Compute/virtualMachines/GEMAZUATAJAVA04-2"
          },
          "sensitive_attributes": [],
          "private": "eyJlMmJmYjczMC1lY2FhLTExZTYtOGY4OC0zNDM2M2JjN2M0YzAiOnsiY3JlYXRlIjoxODAwMDAwMDAwMDAwLCJkZWxldGUiOjE4MDAwMDAwMDAwMDAsInJlYWQiOjMwMDAwMDAwMDAwMCwidXBkYXRlIjoxODAwMDAwMDAwMDAwfX0=",
          "dependencies": [
            "azurerm_subnet.snapp1"
          ]
        }
      ]
    },
    {
      "mode": "managed",
      "type": "azurerm_network_interface",
      "name": "nicjava51",
      "provider": "provider[\"registry.terraform.io/hashicorp/azurerm\"]",
      "instances": [
        {
          "schema_version": 0,
          "attributes": {
            "applied_dns_servers": [],
            "dns_servers": [],
            "enable_accelerated_networking": false,
            "enable_ip_forwarding": false,
            "id": "/subscriptions/4320f689-5133-4260-b235-d02cc16611ff/resourceGroups/rg-uat-app-ci-001/providers/Microsoft.Network/networkInterfaces/vmjava51-nic",
            "internal_dns_name_label": "",
            "internal_domain_name_suffix": "2vg4gdi4r0hezbhc3xl1t2rjdf.rx.internal.cloudapp.net",
            "ip_configuration": [
              {
                "gateway_load_balancer_frontend_ip_configuration_id": "",
                "name": "internal",
                "primary": true,
                "private_ip_address": "10.121.16.13",
                "private_ip_address_allocation": "Dynamic",
                "private_ip_address_version": "IPv4",
                "public_ip_address_id": "",
                "subnet_id": "/subscriptions/4320f689-5133-4260-b235-d02cc16611ff/resourceGroups/rg-hub-net-ci-001/providers/Microsoft.Network/virtualNetworks/vnet-uat-net-ci-001/subnets/sn-uat-app-ci-001"
              }
            ],
            "location": "centralindia",
            "mac_address": "60-45-BD-AA-A3-5C",
            "name": "vmjava51-nic",
            "private_ip_address": "10.121.16.13",
            "private_ip_addresses": [
              "10.121.16.13"
            ],
            "resource_group_name": "rg-uat-app-ci-001",
            "tags": {},
            "timeouts": null,
            "virtual_machine_id": "/subscriptions/4320f689-5133-4260-b235-d02cc16611ff/resourceGroups/rg-uat-app-ci-001/providers/Microsoft.Compute/virtualMachines/GEMAZUATAJAVA05-1"
          },
          "sensitive_attributes": [],
          "private": "eyJlMmJmYjczMC1lY2FhLTExZTYtOGY4OC0zNDM2M2JjN2M0YzAiOnsiY3JlYXRlIjoxODAwMDAwMDAwMDAwLCJkZWxldGUiOjE4MDAwMDAwMDAwMDAsInJlYWQiOjMwMDAwMDAwMDAwMCwidXBkYXRlIjoxODAwMDAwMDAwMDAwfX0=",
          "dependencies": [
            "azurerm_subnet.snapp1"
          ]
        }
      ]
    },
    {
      "mode": "managed",
      "type": "azurerm_network_interface",
      "name": "nicjava52",
      "provider": "provider[\"registry.terraform.io/hashicorp/azurerm\"]",
      "instances": [
        {
          "schema_version": 0,
          "attributes": {
            "applied_dns_servers": [],
            "dns_servers": [],
            "enable_accelerated_networking": false,
            "enable_ip_forwarding": false,
            "id": "/subscriptions/4320f689-5133-4260-b235-d02cc16611ff/resourceGroups/rg-uat-app-ci-001/providers/Microsoft.Network/networkInterfaces/vmjava52-nic",
            "internal_dns_name_label": "",
            "internal_domain_name_suffix": "2vg4gdi4r0hezbhc3xl1t2rjdf.rx.internal.cloudapp.net",
            "ip_configuration": [
              {
                "gateway_load_balancer_frontend_ip_configuration_id": "",
                "name": "internal",
                "primary": true,
                "private_ip_address": "10.121.16.14",
                "private_ip_address_allocation": "Dynamic",
                "private_ip_address_version": "IPv4",
                "public_ip_address_id": "",
                "subnet_id": "/subscriptions/4320f689-5133-4260-b235-d02cc16611ff/resourceGroups/rg-hub-net-ci-001/providers/Microsoft.Network/virtualNetworks/vnet-uat-net-ci-001/subnets/sn-uat-app-ci-001"
              }
            ],
            "location": "centralindia",
            "mac_address": "60-45-BD-AD-6B-1E",
            "name": "vmjava52-nic",
            "private_ip_address": "10.121.16.14",
            "private_ip_addresses": [
              "10.121.16.14"
            ],
            "resource_group_name": "rg-uat-app-ci-001",
            "tags": {},
            "timeouts": null,
            "virtual_machine_id": "/subscriptions/4320f689-5133-4260-b235-d02cc16611ff/resourceGroups/rg-uat-app-ci-001/providers/Microsoft.Compute/virtualMachines/GEMAZUATAJAVA05-2"
          },
          "sensitive_attributes": [],
          "private": "eyJlMmJmYjczMC1lY2FhLTExZTYtOGY4OC0zNDM2M2JjN2M0YzAiOnsiY3JlYXRlIjoxODAwMDAwMDAwMDAwLCJkZWxldGUiOjE4MDAwMDAwMDAwMDAsInJlYWQiOjMwMDAwMDAwMDAwMCwidXBkYXRlIjoxODAwMDAwMDAwMDAwfX0=",
          "dependencies": [
            "azurerm_subnet.snapp1"
          ]
        }
      ]
    },
    {
      "mode": "managed",
      "type": "azurerm_network_interface",
      "name": "nicjh1",
      "provider": "provider[\"registry.terraform.io/hashicorp/azurerm\"]",
      "instances": [
        {
          "schema_version": 0,
          "attributes": {
            "applied_dns_servers": [],
            "dns_servers": [],
            "enable_accelerated_networking": false,
            "enable_ip_forwarding": false,
            "id": "/subscriptions/4320f689-5133-4260-b235-d02cc16611ff/resourceGroups/rg-uat-aks-ci-001/providers/Microsoft.Network/networkInterfaces/vmjh1-nic",
            "internal_dns_name_label": "",
            "internal_domain_name_suffix": "2vg4gdi4r0hezbhc3xl1t2rjdf.rx.internal.cloudapp.net",
            "ip_configuration": [
              {
                "gateway_load_balancer_frontend_ip_configuration_id": "",
                "name": "internal",
                "primary": true,
                "private_ip_address": "10.121.24.5",
                "private_ip_address_allocation": "Dynamic",
                "private_ip_address_version": "IPv4",
                "public_ip_address_id": "",
                "subnet_id": "/subscriptions/4320f689-5133-4260-b235-d02cc16611ff/resourceGroups/rg-hub-net-ci-001/providers/Microsoft.Network/virtualNetworks/vnet-uat-net-ci-001/subnets/sn-uat-aks-ci-001"
              }
            ],
            "location": "centralindia",
            "mac_address": "60-45-BD-72-42-20",
            "name": "vmjh1-nic",
            "private_ip_address": "10.121.24.5",
            "private_ip_addresses": [
              "10.121.24.5"
            ],
            "resource_group_name": "rg-uat-aks-ci-001",
            "tags": {},
            "timeouts": null,
            "virtual_machine_id": "/subscriptions/4320f689-5133-4260-b235-d02cc16611ff/resourceGroups/rg-uat-aks-ci-001/providers/Microsoft.Compute/virtualMachines/GEMAZUATJUMPHOST"
          },
          "sensitive_attributes": [],
          "private": "eyJlMmJmYjczMC1lY2FhLTExZTYtOGY4OC0zNDM2M2JjN2M0YzAiOnsiY3JlYXRlIjoxODAwMDAwMDAwMDAwLCJkZWxldGUiOjE4MDAwMDAwMDAwMDAsInJlYWQiOjMwMDAwMDAwMDAwMCwidXBkYXRlIjoxODAwMDAwMDAwMDAwfX0=",
          "dependencies": [
            "azurerm_subnet.snaks"
          ]
        }
      ]
    },
    {
      "mode": "managed",
      "type": "azurerm_network_interface",
      "name": "nicphp11",
      "provider": "provider[\"registry.terraform.io/hashicorp/azurerm\"]",
      "instances": [
        {
          "schema_version": 0,
          "attributes": {
            "applied_dns_servers": [],
            "dns_servers": [],
            "enable_accelerated_networking": false,
            "enable_ip_forwarding": false,
            "id": "/subscriptions/4320f689-5133-4260-b235-d02cc16611ff/resourceGroups/rg-uat-app-ci-001/providers/Microsoft.Network/networkInterfaces/vmphp11-nic",
            "internal_dns_name_label": "",
            "internal_domain_name_suffix": "2vg4gdi4r0hezbhc3xl1t2rjdf.rx.internal.cloudapp.net",
            "ip_configuration": [
              {
                "gateway_load_balancer_frontend_ip_configuration_id": "",
                "name": "internal",
                "primary": true,
                "private_ip_address": "10.121.16.17",
                "private_ip_address_allocation": "Dynamic",
                "private_ip_address_version": "IPv4",
                "public_ip_address_id": "",
                "subnet_id": "/subscriptions/4320f689-5133-4260-b235-d02cc16611ff/resourceGroups/rg-hub-net-ci-001/providers/Microsoft.Network/virtualNetworks/vnet-uat-net-ci-001/subnets/sn-uat-app-ci-001"
              }
            ],
            "location": "centralindia",
            "mac_address": "60-45-BD-AC-36-D9",
            "name": "vmphp11-nic",
            "private_ip_address": "10.121.16.17",
            "private_ip_addresses": [
              "10.121.16.17"
            ],
            "resource_group_name": "rg-uat-app-ci-001",
            "tags": {},
            "timeouts": null,
            "virtual_machine_id": "/subscriptions/4320f689-5133-4260-b235-d02cc16611ff/resourceGroups/rg-uat-app-ci-001/providers/Microsoft.Compute/virtualMachines/GEMAZUATAPHP01-1"
          },
          "sensitive_attributes": [],
          "private": "eyJlMmJmYjczMC1lY2FhLTExZTYtOGY4OC0zNDM2M2JjN2M0YzAiOnsiY3JlYXRlIjoxODAwMDAwMDAwMDAwLCJkZWxldGUiOjE4MDAwMDAwMDAwMDAsInJlYWQiOjMwMDAwMDAwMDAwMCwidXBkYXRlIjoxODAwMDAwMDAwMDAwfX0=",
          "dependencies": [
            "azurerm_subnet.snapp1"
          ]
        }
      ]
    },
    {
      "mode": "managed",
      "type": "azurerm_network_interface",
      "name": "nicphp12",
      "provider": "provider[\"registry.terraform.io/hashicorp/azurerm\"]",
      "instances": [
        {
          "schema_version": 0,
          "attributes": {
            "applied_dns_servers": [],
            "dns_servers": [],
            "enable_accelerated_networking": false,
            "enable_ip_forwarding": false,
            "id": "/subscriptions/4320f689-5133-4260-b235-d02cc16611ff/resourceGroups/rg-uat-app-ci-001/providers/Microsoft.Network/networkInterfaces/vmphp12-nic",
            "internal_dns_name_label": "",
            "internal_domain_name_suffix": "2vg4gdi4r0hezbhc3xl1t2rjdf.rx.internal.cloudapp.net",
            "ip_configuration": [
              {
                "gateway_load_balancer_frontend_ip_configuration_id": "",
                "name": "internal",
                "primary": true,
                "private_ip_address": "10.121.16.9",
                "private_ip_address_allocation": "Dynamic",
                "private_ip_address_version": "IPv4",
                "public_ip_address_id": "",
                "subnet_id": "/subscriptions/4320f689-5133-4260-b235-d02cc16611ff/resourceGroups/rg-hub-net-ci-001/providers/Microsoft.Network/virtualNetworks/vnet-uat-net-ci-001/subnets/sn-uat-app-ci-001"
              }
            ],
            "location": "centralindia",
            "mac_address": "60-45-BD-72-96-24",
            "name": "vmphp12-nic",
            "private_ip_address": "10.121.16.9",
            "private_ip_addresses": [
              "10.121.16.9"
            ],
            "resource_group_name": "rg-uat-app-ci-001",
            "tags": {},
            "timeouts": null,
            "virtual_machine_id": "/subscriptions/4320f689-5133-4260-b235-d02cc16611ff/resourceGroups/rg-uat-app-ci-001/providers/Microsoft.Compute/virtualMachines/GEMAZUATAPHP01-2"
          },
          "sensitive_attributes": [],
          "private": "eyJlMmJmYjczMC1lY2FhLTExZTYtOGY4OC0zNDM2M2JjN2M0YzAiOnsiY3JlYXRlIjoxODAwMDAwMDAwMDAwLCJkZWxldGUiOjE4MDAwMDAwMDAwMDAsInJlYWQiOjMwMDAwMDAwMDAwMCwidXBkYXRlIjoxODAwMDAwMDAwMDAwfX0=",
          "dependencies": [
            "azurerm_subnet.snapp1"
          ]
        }
      ]
    },
    {
      "mode": "managed",
      "type": "azurerm_network_interface",
      "name": "nicphp21",
      "provider": "provider[\"registry.terraform.io/hashicorp/azurerm\"]",
      "instances": [
        {
          "schema_version": 0,
          "attributes": {
            "applied_dns_servers": [],
            "dns_servers": [],
            "enable_accelerated_networking": false,
            "enable_ip_forwarding": false,
            "id": "/subscriptions/4320f689-5133-4260-b235-d02cc16611ff/resourceGroups/rg-uat-app-ci-002/providers/Microsoft.Network/networkInterfaces/vmphp21-nic",
            "internal_dns_name_label": "",
            "internal_domain_name_suffix": "2vg4gdi4r0hezbhc3xl1t2rjdf.rx.internal.cloudapp.net",
            "ip_configuration": [
              {
                "gateway_load_balancer_frontend_ip_configuration_id": "",
                "name": "internal",
                "primary": true,
                "private_ip_address": "10.121.18.4",
                "private_ip_address_allocation": "Dynamic",
                "private_ip_address_version": "IPv4",
                "public_ip_address_id": "",
                "subnet_id": "/subscriptions/4320f689-5133-4260-b235-d02cc16611ff/resourceGroups/rg-hub-net-ci-001/providers/Microsoft.Network/virtualNetworks/vnet-uat-net-ci-001/subnets/sn-uat-app-ci-002"
              }
            ],
            "location": "centralindia",
            "mac_address": "60-45-BD-72-4E-43",
            "name": "vmphp21-nic",
            "private_ip_address": "10.121.18.4",
            "private_ip_addresses": [
              "10.121.18.4"
            ],
            "resource_group_name": "rg-uat-app-ci-002",
            "tags": {},
            "timeouts": null,
            "virtual_machine_id": "/subscriptions/4320f689-5133-4260-b235-d02cc16611ff/resourceGroups/rg-uat-app-ci-002/providers/Microsoft.Compute/virtualMachines/GEMAZUATAPHP02-1"
          },
          "sensitive_attributes": [],
          "private": "eyJlMmJmYjczMC1lY2FhLTExZTYtOGY4OC0zNDM2M2JjN2M0YzAiOnsiY3JlYXRlIjoxODAwMDAwMDAwMDAwLCJkZWxldGUiOjE4MDAwMDAwMDAwMDAsInJlYWQiOjMwMDAwMDAwMDAwMCwidXBkYXRlIjoxODAwMDAwMDAwMDAwfX0=",
          "dependencies": [
            "azurerm_subnet.snapp2"
          ]
        }
      ]
    },
    {
      "mode": "managed",
      "type": "azurerm_network_interface",
      "name": "nicphp22",
      "provider": "provider[\"registry.terraform.io/hashicorp/azurerm\"]",
      "instances": [
        {
          "schema_version": 0,
          "attributes": {
            "applied_dns_servers": [],
            "dns_servers": [],
            "enable_accelerated_networking": false,
            "enable_ip_forwarding": false,
            "id": "/subscriptions/4320f689-5133-4260-b235-d02cc16611ff/resourceGroups/rg-uat-app-ci-002/providers/Microsoft.Network/networkInterfaces/vmphp22-nic",
            "internal_dns_name_label": "",
            "internal_domain_name_suffix": "2vg4gdi4r0hezbhc3xl1t2rjdf.rx.internal.cloudapp.net",
            "ip_configuration": [
              {
                "gateway_load_balancer_frontend_ip_configuration_id": "",
                "name": "internal",
                "primary": true,
                "private_ip_address": "10.121.18.5",
                "private_ip_address_allocation": "Dynamic",
                "private_ip_address_version": "IPv4",
                "public_ip_address_id": "",
                "subnet_id": "/subscriptions/4320f689-5133-4260-b235-d02cc16611ff/resourceGroups/rg-hub-net-ci-001/providers/Microsoft.Network/virtualNetworks/vnet-uat-net-ci-001/subnets/sn-uat-app-ci-002"
              }
            ],
            "location": "centralindia",
            "mac_address": "60-45-BD-AD-0E-3A",
            "name": "vmphp22-nic",
            "private_ip_address": "10.121.18.5",
            "private_ip_addresses": [
              "10.121.18.5"
            ],
            "resource_group_name": "rg-uat-app-ci-002",
            "tags": {},
            "timeouts": null,
            "virtual_machine_id": "/subscriptions/4320f689-5133-4260-b235-d02cc16611ff/resourceGroups/rg-uat-app-ci-002/providers/Microsoft.Compute/virtualMachines/GEMAZUATAPHP02-2"
          },
          "sensitive_attributes": [],
          "private": "eyJlMmJmYjczMC1lY2FhLTExZTYtOGY4OC0zNDM2M2JjN2M0YzAiOnsiY3JlYXRlIjoxODAwMDAwMDAwMDAwLCJkZWxldGUiOjE4MDAwMDAwMDAwMDAsInJlYWQiOjMwMDAwMDAwMDAwMCwidXBkYXRlIjoxODAwMDAwMDAwMDAwfX0=",
          "dependencies": [
            "azurerm_subnet.snapp2"
          ]
        }
      ]
    },
    {
      "mode": "managed",
      "type": "azurerm_network_security_group",
      "name": "nsgaks",
      "provider": "provider[\"registry.terraform.io/hashicorp/azurerm\"]",
      "instances": [
        {
          "schema_version": 0,
          "attributes": {
            "id": "/subscriptions/4320f689-5133-4260-b235-d02cc16611ff/resourceGroups/rg-uat-aks-ci-001/providers/Microsoft.Network/networkSecurityGroups/nsg-uat-aks-ci-001",
            "location": "centralindia",
            "name": "nsg-uat-aks-ci-001",
            "resource_group_name": "rg-uat-aks-ci-001",
            "security_rule": [
              {
                "access": "Allow",
                "description": "",
                "destination_address_prefix": "",
                "destination_address_prefixes": [
                  "10.121.27.203",
                  "10.121.27.204"
                ],
                "destination_application_security_group_ids": [],
                "destination_port_range": "",
                "destination_port_ranges": [
                  "443",
                  "80"
                ],
                "direction": "Inbound",
                "name": "Allow_In_AppGWLBAKS",
                "priority": 101,
                "protocol": "TCP",
                "source_address_prefix": "10.121.0.128/26",
                "source_address_prefixes": [],
                "source_application_security_group_ids": [],
                "source_port_range": "*",
                "source_port_ranges": []
              },
              {
                "access": "Allow",
                "description": "",
                "destination_address_prefix": "10.121.24.0/22",
                "destination_address_prefixes": [],
                "destination_application_security_group_ids": [],
                "destination_port_range": "",
                "destination_port_ranges": [
                  "443",
                  "80"
                ],
                "direction": "Inbound",
                "name": "Allow_In_LBAKSCL1_2",
                "priority": 100,
                "protocol": "TCP",
                "source_address_prefix": "",
                "source_address_prefixes": [
                  "10.121.27.203",
                  "10.121.27.204"
                ],
                "source_application_security_group_ids": [],
                "source_port_range": "*",
                "source_port_ranges": []
              },
              {
                "access": "Allow",
                "description": null,
                "destination_address_prefix": null,
                "destination_address_prefixes": [
                  "10.121.24.0/22"
                ],
                "destination_application_security_group_ids": [],
                "destination_port_range": "*",
                "destination_port_ranges": [],
                "direction": "Inbound",
                "name": "Allow_In_Bastion",
                "priority": 4095,
                "protocol": "*",
                "source_address_prefix": "10.121.1.0/26",
                "source_address_prefixes": [],
                "source_application_security_group_ids": [],
                "source_port_range": "*",
                "source_port_ranges": []
              },
              {
                "access": "Deny",
                "description": null,
                "destination_address_prefix": "*",
                "destination_address_prefixes": [],
                "destination_application_security_group_ids": [],
                "destination_port_range": "*",
                "destination_port_ranges": [],
                "direction": "Inbound",
                "name": "Block_In_All",
                "priority": 4096,
                "protocol": "*",
                "source_address_prefix": "*",
                "source_address_prefixes": [],
                "source_application_security_group_ids": [],
                "source_port_range": "*",
                "source_port_ranges": []
              }
            ],
            "tags": {},
            "timeouts": null
          },
          "sensitive_attributes": [],
          "private": "eyJlMmJmYjczMC1lY2FhLTExZTYtOGY4OC0zNDM2M2JjN2M0YzAiOnsiY3JlYXRlIjoxODAwMDAwMDAwMDAwLCJkZWxldGUiOjE4MDAwMDAwMDAwMDAsInJlYWQiOjMwMDAwMDAwMDAwMCwidXBkYXRlIjoxODAwMDAwMDAwMDAwfX0="
        }
      ]
    },
    {
      "mode": "managed",
      "type": "azurerm_network_security_group",
      "name": "nsgapp1",
      "provider": "provider[\"registry.terraform.io/hashicorp/azurerm\"]",
      "instances": [
        {
          "schema_version": 0,
          "attributes": {
            "id": "/subscriptions/4320f689-5133-4260-b235-d02cc16611ff/resourceGroups/rg-uat-app-ci-001/providers/Microsoft.Network/networkSecurityGroups/nsg-uat-app-ci-001",
            "location": "centralindia",
            "name": "nsg-uat-app-ci-001",
            "resource_group_name": "rg-uat-app-ci-001",
            "security_rule": [
              {
                "access": "Allow",
                "description": "",
                "destination_address_prefix": "",
                "destination_address_prefixes": [
                  "10.121.16.201",
                  "10.121.16.202",
                  "10.121.16.203",
                  "10.121.16.204",
                  "10.121.16.205",
                  "10.121.16.206",
                  "10.121.16.207"
                ],
                "destination_application_security_group_ids": [],
                "destination_port_range": "",
                "destination_port_ranges": [
                  "80",
                  "8080",
                  "8081",
                  "8082",
                  "8083",
                  "8180",
                  "8280",
                  "8430",
                  "8483"
                ],
                "direction": "Inbound",
                "name": "Allow_In_AppGWLBApp1",
                "priority": 107,
                "protocol": "TCP",
                "source_address_prefix": "10.121.0.128/26",
                "source_address_prefixes": [],
                "source_application_security_group_ids": [],
                "source_port_range": "*",
                "source_port_ranges": []
              },
              {
                "access": "Allow",
                "description": null,
                "destination_address_prefix": null,
                "destination_address_prefixes": [
                  "10.121.16.0/24"
                ],
                "destination_application_security_group_ids": [],
                "destination_port_range": "*",
                "destination_port_ranges": [],
                "direction": "Inbound",
                "name": "Allow_In_Bastion",
                "priority": 4095,
                "protocol": "*",
                "source_address_prefix": "10.121.1.0/26",
                "source_address_prefixes": [],
                "source_application_security_group_ids": [],
                "source_port_range": "*",
                "source_port_ranges": []
              },
              {
                "access": "Allow",
                "description": null,
                "destination_address_prefix": null,
                "destination_address_prefixes": [
                  "10.121.16.10",
                  "10.121.16.8"
                ],
                "destination_application_security_group_ids": [],
                "destination_port_range": null,
                "destination_port_ranges": [
                  "8080",
                  "8280"
                ],
                "direction": "Inbound",
                "name": "Allow_In_LBJava3",
                "priority": 103,
                "protocol": "TCP",
                "source_address_prefix": "10.121.16.204",
                "source_address_prefixes": [],
                "source_application_security_group_ids": [],
                "source_port_range": "*",
                "source_port_ranges": []
              },
              {
                "access": "Allow",
                "description": null,
                "destination_address_prefix": null,
                "destination_address_prefixes": [
                  "10.121.16.11",
                  "10.121.16.12"
                ],
                "destination_application_security_group_ids": [],
                "destination_port_range": "8080",
                "destination_port_ranges": [],
                "direction": "Inbound",
                "name": "Allow_In_LBJava4",
                "priority": 104,
                "protocol": "TCP",
                "source_address_prefix": "10.121.16.205",
                "source_address_prefixes": [],
                "source_application_security_group_ids": [],
                "source_port_range": "*",
                "source_port_ranges": []
              },
              {
                "access": "Allow",
                "description": null,
                "destination_address_prefix": null,
                "destination_address_prefixes": [
                  "10.121.16.13",
                  "10.121.16.14"
                ],
                "destination_application_security_group_ids": [],
                "destination_port_range": null,
                "destination_port_ranges": [
                  "8080",
                  "8430"
                ],
                "direction": "Inbound",
                "name": "Allow_In_LBJava5",
                "priority": 105,
                "protocol": "TCP",
                "source_address_prefix": "10.121.16.206",
                "source_address_prefixes": [],
                "source_application_security_group_ids": [],
                "source_port_range": "*",
                "source_port_ranges": []
              },
              {
                "access": "Allow",
                "description": null,
                "destination_address_prefix": null,
                "destination_address_prefixes": [
                  "10.121.16.15",
                  "10.121.16.16"
                ],
                "destination_application_security_group_ids": [],
                "destination_port_range": "80",
                "destination_port_ranges": [],
                "direction": "Inbound",
                "name": "Allow_In_LBJava05",
                "priority": 106,
                "protocol": "TCP",
                "source_address_prefix": "10.121.16.207",
                "source_address_prefixes": [],
                "source_application_security_group_ids": [],
                "source_port_range": "*",
                "source_port_ranges": []
              },
              {
                "access": "Allow",
                "description": null,
                "destination_address_prefix": null,
                "destination_address_prefixes": [
                  "10.121.16.17",
                  "10.121.16.9"
                ],
                "destination_application_security_group_ids": [],
                "destination_port_range": null,
                "destination_port_ranges": [
                  "8081",
                  "8082",
                  "8083"
                ],
                "direction": "Inbound",
                "name": "Allow_In_LBPHP1",
                "priority": 100,
                "protocol": "TCP",
                "source_address_prefix": "10.121.16.201",
                "source_address_prefixes": [],
                "source_application_security_group_ids": [],
                "source_port_range": "*",
                "source_port_ranges": []
              },
              {
                "access": "Allow",
                "description": null,
                "destination_address_prefix": null,
                "destination_address_prefixes": [
                  "10.121.16.4",
                  "10.121.16.5"
                ],
                "destination_application_security_group_ids": [],
                "destination_port_range": "8180",
                "destination_port_ranges": [],
                "direction": "Inbound",
                "name": "Allow_In_LBJava1",
                "priority": 101,
                "protocol": "TCP",
                "source_address_prefix": "10.121.16.202",
                "source_address_prefixes": [],
                "source_application_security_group_ids": [],
                "source_port_range": "*",
                "source_port_ranges": []
              },
              {
                "access": "Allow",
                "description": null,
                "destination_address_prefix": null,
                "destination_address_prefixes": [
                  "10.121.16.6",
                  "10.121.16.7"
                ],
                "destination_application_security_group_ids": [],
                "destination_port_range": null,
                "destination_port_ranges": [
                  "8180",
                  "8483"
                ],
                "direction": "Inbound",
                "name": "Allow_In_LBJava2",
                "priority": 102,
                "protocol": "TCP",
                "source_address_prefix": "10.121.16.203",
                "source_address_prefixes": [],
                "source_application_security_group_ids": [],
                "source_port_range": "*",
                "source_port_ranges": []
              },
              {
                "access": "Deny",
                "description": null,
                "destination_address_prefix": "*",
                "destination_address_prefixes": [],
                "destination_application_security_group_ids": [],
                "destination_port_range": "*",
                "destination_port_ranges": [],
                "direction": "Inbound",
                "name": "Block_In_All",
                "priority": 4096,
                "protocol": "*",
                "source_address_prefix": "*",
                "source_address_prefixes": [],
                "source_application_security_group_ids": [],
                "source_port_range": "*",
                "source_port_ranges": []
              }
            ],
            "tags": {},
            "timeouts": null
          },
          "sensitive_attributes": [],
          "private": "eyJlMmJmYjczMC1lY2FhLTExZTYtOGY4OC0zNDM2M2JjN2M0YzAiOnsiY3JlYXRlIjoxODAwMDAwMDAwMDAwLCJkZWxldGUiOjE4MDAwMDAwMDAwMDAsInJlYWQiOjMwMDAwMDAwMDAwMCwidXBkYXRlIjoxODAwMDAwMDAwMDAwfX0="
        }
      ]
    },
    {
      "mode": "managed",
      "type": "azurerm_network_security_group",
      "name": "nsgapp2",
      "provider": "provider[\"registry.terraform.io/hashicorp/azurerm\"]",
      "instances": [
        {
          "schema_version": 0,
          "attributes": {
            "id": "/subscriptions/4320f689-5133-4260-b235-d02cc16611ff/resourceGroups/rg-uat-app-ci-002/providers/Microsoft.Network/networkSecurityGroups/nsg-uat-app-ci-002",
            "location": "centralindia",
            "name": "nsg-uat-app-ci-002",
            "resource_group_name": "rg-uat-app-ci-002",
            "security_rule": [
              {
                "access": "Allow",
                "description": "",
                "destination_address_prefix": "10.121.18.201",
                "destination_address_prefixes": [],
                "destination_application_security_group_ids": [],
                "destination_port_range": "8081",
                "destination_port_ranges": [],
                "direction": "Inbound",
                "name": "Allow_In_AppGWLBApp2",
                "priority": 101,
                "protocol": "TCP",
                "source_address_prefix": "10.121.0.128/26",
                "source_address_prefixes": [],
                "source_application_security_group_ids": [],
                "source_port_range": "*",
                "source_port_ranges": []
              },
              {
                "access": "Allow",
                "description": null,
                "destination_address_prefix": null,
                "destination_address_prefixes": [
                  "10.121.18.0/24"
                ],
                "destination_application_security_group_ids": [],
                "destination_port_range": "*",
                "destination_port_ranges": [],
                "direction": "Inbound",
                "name": "Allow_In_Bastion",
                "priority": 4095,
                "protocol": "*",
                "source_address_prefix": "10.121.1.0/26",
                "source_address_prefixes": [],
                "source_application_security_group_ids": [],
                "source_port_range": "*",
                "source_port_ranges": []
              },
              {
                "access": "Allow",
                "description": null,
                "destination_address_prefix": null,
                "destination_address_prefixes": [
                  "10.121.18.4",
                  "10.121.18.5"
                ],
                "destination_application_security_group_ids": [],
                "destination_port_range": "8081",
                "destination_port_ranges": [],
                "direction": "Inbound",
                "name": "Allow_In_LBPHP2",
                "priority": 100,
                "protocol": "TCP",
                "source_address_prefix": "10.121.18.201",
                "source_address_prefixes": [],
                "source_application_security_group_ids": [],
                "source_port_range": "*",
                "source_port_ranges": []
              },
              {
                "access": "Deny",
                "description": null,
                "destination_address_prefix": "*",
                "destination_address_prefixes": [],
                "destination_application_security_group_ids": [],
                "destination_port_range": "*",
                "destination_port_ranges": [],
                "direction": "Inbound",
                "name": "Block_In_All",
                "priority": 4096,
                "protocol": "*",
                "source_address_prefix": "*",
                "source_address_prefixes": [],
                "source_application_security_group_ids": [],
                "source_port_range": "*",
                "source_port_ranges": []
              }
            ],
            "tags": {},
            "timeouts": null
          },
          "sensitive_attributes": [],
          "private": "eyJlMmJmYjczMC1lY2FhLTExZTYtOGY4OC0zNDM2M2JjN2M0YzAiOnsiY3JlYXRlIjoxODAwMDAwMDAwMDAwLCJkZWxldGUiOjE4MDAwMDAwMDAwMDAsInJlYWQiOjMwMDAwMDAwMDAwMCwidXBkYXRlIjoxODAwMDAwMDAwMDAwfX0="
        }
      ]
    },
    {
      "mode": "managed",
      "type": "azurerm_network_security_group",
      "name": "nsgdb",
      "provider": "provider[\"registry.terraform.io/hashicorp/azurerm\"]",
      "instances": [
        {
          "schema_version": 0,
          "attributes": {
            "id": "/subscriptions/4320f689-5133-4260-b235-d02cc16611ff/resourceGroups/rg-uat-db-ci-001/providers/Microsoft.Network/networkSecurityGroups/nsg-uat-db-ci-001",
            "location": "centralindia",
            "name": "nsg-uat-db-ci-001",
            "resource_group_name": "rg-uat-db-ci-001",
            "security_rule": [
              {
                "access": "Allow",
                "description": "",
                "destination_address_prefix": "",
                "destination_address_prefixes": [
                  "10.121.20.0/24"
                ],
                "destination_application_security_group_ids": [],
                "destination_port_range": "*",
                "destination_port_ranges": [],
                "direction": "Inbound",
                "name": "Allow_In_Bastion",
                "priority": 4095,
                "protocol": "*",
                "source_address_prefix": "10.121.1.0/26",
                "source_address_prefixes": [],
                "source_application_security_group_ids": [],
                "source_port_range": "*",
                "source_port_ranges": []
              },
              {
                "access": "Allow",
                "description": "",
                "destination_address_prefix": "",
                "destination_address_prefixes": [
                  "10.121.20.4",
                  "10.121.20.5",
                  "10.121.20.6"
                ],
                "destination_application_security_group_ids": [],
                "destination_port_range": "3306",
                "destination_port_ranges": [],
                "direction": "Inbound",
                "name": "Allow_In_3306",
                "priority": 100,
                "protocol": "TCP",
                "source_address_prefix": "",
                "source_address_prefixes": [
                  "10.121.16.10",
                  "10.121.16.11",
                  "10.121.16.12",
                  "10.121.16.13",
                  "10.121.16.14",
                  "10.121.16.15",
                  "10.121.16.16",
                  "10.121.16.17",
                  "10.121.16.4",
                  "10.121.16.5",
                  "10.121.16.6",
                  "10.121.16.7",
                  "10.121.16.8",
                  "10.121.16.9",
                  "10.121.18.4",
                  "10.121.20.4",
                  "10.121.20.5",
                  "10.121.20.6",
                  "10.121.24.0/22"
                ],
                "source_application_security_group_ids": [],
                "source_port_range": "*",
                "source_port_ranges": []
              },
              {
                "access": "Deny",
                "description": "",
                "destination_address_prefix": "*",
                "destination_address_prefixes": [],
                "destination_application_security_group_ids": [],
                "destination_port_range": "*",
                "destination_port_ranges": [],
                "direction": "Inbound",
                "name": "Block_In_All",
                "priority": 4096,
                "protocol": "*",
                "source_address_prefix": "*",
                "source_address_prefixes": [],
                "source_application_security_group_ids": [],
                "source_port_range": "*",
                "source_port_ranges": []
              }
            ],
            "tags": {},
            "timeouts": null
          },
          "sensitive_attributes": [],
          "private": "eyJlMmJmYjczMC1lY2FhLTExZTYtOGY4OC0zNDM2M2JjN2M0YzAiOnsiY3JlYXRlIjoxODAwMDAwMDAwMDAwLCJkZWxldGUiOjE4MDAwMDAwMDAwMDAsInJlYWQiOjMwMDAwMDAwMDAwMCwidXBkYXRlIjoxODAwMDAwMDAwMDAwfX0="
        }
      ]
    },
    {
      "mode": "managed",
      "type": "azurerm_network_security_group",
      "name": "nsgss",
      "provider": "provider[\"registry.terraform.io/hashicorp/azurerm\"]",
      "instances": [
        {
          "schema_version": 0,
          "attributes": {
            "id": "/subscriptions/4320f689-5133-4260-b235-d02cc16611ff/resourceGroups/rg-hub-ss-ci-001/providers/Microsoft.Network/networkSecurityGroups/nsg-hub-ss-ci-001",
            "location": "centralindia",
            "name": "nsg-hub-ss-ci-001",
            "resource_group_name": "rg-hub-ss-ci-001",
            "security_rule": [
              {
                "access": "Allow",
                "description": "",
                "destination_address_prefix": "",
                "destination_address_prefixes": [
                  "10.121.1.128/25"
                ],
                "destination_application_security_group_ids": [],
                "destination_port_range": "*",
                "destination_port_ranges": [],
                "direction": "Inbound",
                "name": "Allow_In_Bastion",
                "priority": 4095,
                "protocol": "*",
                "source_address_prefix": "10.121.1.0/26",
                "source_address_prefixes": [],
                "source_application_security_group_ids": [],
                "source_port_range": "*",
                "source_port_ranges": []
              },
              {
                "access": "Deny",
                "description": "",
                "destination_address_prefix": "*",
                "destination_address_prefixes": [],
                "destination_application_security_group_ids": [],
                "destination_port_range": "*",
                "destination_port_ranges": [],
                "direction": "Inbound",
                "name": "Block_In_All",
                "priority": 4096,
                "protocol": "*",
                "source_address_prefix": "*",
                "source_address_prefixes": [],
                "source_application_security_group_ids": [],
                "source_port_range": "*",
                "source_port_ranges": []
              }
            ],
            "tags": {},
            "timeouts": null
          },
          "sensitive_attributes": [],
          "private": "eyJlMmJmYjczMC1lY2FhLTExZTYtOGY4OC0zNDM2M2JjN2M0YzAiOnsiY3JlYXRlIjoxODAwMDAwMDAwMDAwLCJkZWxldGUiOjE4MDAwMDAwMDAwMDAsInJlYWQiOjMwMDAwMDAwMDAwMCwidXBkYXRlIjoxODAwMDAwMDAwMDAwfX0="
        }
      ]
    },
    {
      "mode": "managed",
      "type": "azurerm_proximity_placement_group",
      "name": "pxmapp1",
      "provider": "provider[\"registry.terraform.io/hashicorp/azurerm\"]",
      "instances": [
        {
          "schema_version": 0,
          "attributes": {
            "id": "/subscriptions/4320f689-5133-4260-b235-d02cc16611ff/resourceGroups/rg-uat-app-ci-001/providers/Microsoft.Compute/proximityPlacementGroups/pxm-ci-001",
            "location": "centralindia",
            "name": "pxm-ci-001",
            "resource_group_name": "rg-uat-app-ci-001",
            "tags": {},
            "timeouts": null
          },
          "sensitive_attributes": [],
          "private": "eyJlMmJmYjczMC1lY2FhLTExZTYtOGY4OC0zNDM2M2JjN2M0YzAiOnsiY3JlYXRlIjoxODAwMDAwMDAwMDAwLCJkZWxldGUiOjE4MDAwMDAwMDAwMDAsInJlYWQiOjMwMDAwMDAwMDAwMCwidXBkYXRlIjoxODAwMDAwMDAwMDAwfX0="
        }
      ]
    },
    {
      "mode": "managed",
      "type": "azurerm_resource_group",
      "name": "rgbas",
      "provider": "provider[\"registry.terraform.io/hashicorp/azurerm\"]",
      "instances": [
        {
          "schema_version": 0,
          "attributes": {
            "id": "/subscriptions/4320f689-5133-4260-b235-d02cc16611ff/resourceGroups/rg-hub-bas-ci-001",
            "location": "centralindia",
            "name": "rg-hub-bas-ci-001",
            "tags": {},
            "timeouts": null
          },
          "sensitive_attributes": [],
          "private": "eyJlMmJmYjczMC1lY2FhLTExZTYtOGY4OC0zNDM2M2JjN2M0YzAiOnsiY3JlYXRlIjo1NDAwMDAwMDAwMDAwLCJkZWxldGUiOjU0MDAwMDAwMDAwMDAsInJlYWQiOjMwMDAwMDAwMDAwMCwidXBkYXRlIjo1NDAwMDAwMDAwMDAwfX0="
        }
      ]
    },
    {
      "mode": "managed",
      "type": "azurerm_resource_group",
      "name": "rghbnet",
      "provider": "provider[\"registry.terraform.io/hashicorp/azurerm\"]",
      "instances": [
        {
          "schema_version": 0,
          "attributes": {
            "id": "/subscriptions/4320f689-5133-4260-b235-d02cc16611ff/resourceGroups/rg-hub-net-ci-001",
            "location": "centralindia",
            "name": "rg-hub-net-ci-001",
            "tags": {},
            "timeouts": null
          },
          "sensitive_attributes": [],
          "private": "eyJlMmJmYjczMC1lY2FhLTExZTYtOGY4OC0zNDM2M2JjN2M0YzAiOnsiY3JlYXRlIjo1NDAwMDAwMDAwMDAwLCJkZWxldGUiOjU0MDAwMDAwMDAwMDAsInJlYWQiOjMwMDAwMDAwMDAwMCwidXBkYXRlIjo1NDAwMDAwMDAwMDAwfX0="
        }
      ]
    },
    {
      "mode": "managed",
      "type": "azurerm_resource_group",
      "name": "rghbss",
      "provider": "provider[\"registry.terraform.io/hashicorp/azurerm\"]",
      "instances": [
        {
          "schema_version": 0,
          "attributes": {
            "id": "/subscriptions/4320f689-5133-4260-b235-d02cc16611ff/resourceGroups/rg-hub-ss-ci-001",
            "location": "centralindia",
            "name": "rg-hub-ss-ci-001",
            "tags": {},
            "timeouts": null
          },
          "sensitive_attributes": [],
          "private": "eyJlMmJmYjczMC1lY2FhLTExZTYtOGY4OC0zNDM2M2JjN2M0YzAiOnsiY3JlYXRlIjo1NDAwMDAwMDAwMDAwLCJkZWxldGUiOjU0MDAwMDAwMDAwMDAsInJlYWQiOjMwMDAwMDAwMDAwMCwidXBkYXRlIjo1NDAwMDAwMDAwMDAwfX0="
        }
      ]
    },
    {
      "mode": "managed",
      "type": "azurerm_resource_group",
      "name": "rguataks",
      "provider": "provider[\"registry.terraform.io/hashicorp/azurerm\"]",
      "instances": [
        {
          "schema_version": 0,
          "attributes": {
            "id": "/subscriptions/4320f689-5133-4260-b235-d02cc16611ff/resourceGroups/rg-uat-aks-ci-001",
            "location": "centralindia",
            "name": "rg-uat-aks-ci-001",
            "tags": {},
            "timeouts": null
          },
          "sensitive_attributes": [],
          "private": "eyJlMmJmYjczMC1lY2FhLTExZTYtOGY4OC0zNDM2M2JjN2M0YzAiOnsiY3JlYXRlIjo1NDAwMDAwMDAwMDAwLCJkZWxldGUiOjU0MDAwMDAwMDAwMDAsInJlYWQiOjMwMDAwMDAwMDAwMCwidXBkYXRlIjo1NDAwMDAwMDAwMDAwfX0="
        }
      ]
    },
    {
      "mode": "managed",
      "type": "azurerm_resource_group",
      "name": "rguatapp1",
      "provider": "provider[\"registry.terraform.io/hashicorp/azurerm\"]",
      "instances": [
        {
          "schema_version": 0,
          "attributes": {
            "id": "/subscriptions/4320f689-5133-4260-b235-d02cc16611ff/resourceGroups/rg-uat-app-ci-001",
            "location": "centralindia",
            "name": "rg-uat-app-ci-001",
            "tags": {},
            "timeouts": null
          },
          "sensitive_attributes": [],
          "private": "eyJlMmJmYjczMC1lY2FhLTExZTYtOGY4OC0zNDM2M2JjN2M0YzAiOnsiY3JlYXRlIjo1NDAwMDAwMDAwMDAwLCJkZWxldGUiOjU0MDAwMDAwMDAwMDAsInJlYWQiOjMwMDAwMDAwMDAwMCwidXBkYXRlIjo1NDAwMDAwMDAwMDAwfX0="
        }
      ]
    },
    {
      "mode": "managed",
      "type": "azurerm_resource_group",
      "name": "rguatapp2",
      "provider": "provider[\"registry.terraform.io/hashicorp/azurerm\"]",
      "instances": [
        {
          "schema_version": 0,
          "attributes": {
            "id": "/subscriptions/4320f689-5133-4260-b235-d02cc16611ff/resourceGroups/rg-uat-app-ci-002",
            "location": "centralindia",
            "name": "rg-uat-app-ci-002",
            "tags": {},
            "timeouts": null
          },
          "sensitive_attributes": [],
          "private": "eyJlMmJmYjczMC1lY2FhLTExZTYtOGY4OC0zNDM2M2JjN2M0YzAiOnsiY3JlYXRlIjo1NDAwMDAwMDAwMDAwLCJkZWxldGUiOjU0MDAwMDAwMDAwMDAsInJlYWQiOjMwMDAwMDAwMDAwMCwidXBkYXRlIjo1NDAwMDAwMDAwMDAwfX0="
        }
      ]
    },
    {
      "mode": "managed",
      "type": "azurerm_resource_group",
      "name": "rguatdb",
      "provider": "provider[\"registry.terraform.io/hashicorp/azurerm\"]",
      "instances": [
        {
          "schema_version": 0,
          "attributes": {
            "id": "/subscriptions/4320f689-5133-4260-b235-d02cc16611ff/resourceGroups/rg-uat-db-ci-001",
            "location": "centralindia",
            "name": "rg-uat-db-ci-001",
            "tags": {},
            "timeouts": null
          },
          "sensitive_attributes": [],
          "private": "eyJlMmJmYjczMC1lY2FhLTExZTYtOGY4OC0zNDM2M2JjN2M0YzAiOnsiY3JlYXRlIjo1NDAwMDAwMDAwMDAwLCJkZWxldGUiOjU0MDAwMDAwMDAwMDAsInJlYWQiOjMwMDAwMDAwMDAwMCwidXBkYXRlIjo1NDAwMDAwMDAwMDAwfX0="
        }
      ]
    },
    {
      "mode": "managed",
      "type": "azurerm_route_table",
      "name": "udraks",
      "provider": "provider[\"registry.terraform.io/hashicorp/azurerm\"]",
      "instances": [
        {
          "schema_version": 0,
          "attributes": {
            "disable_bgp_route_propagation": false,
            "id": "/subscriptions/4320f689-5133-4260-b235-d02cc16611ff/resourceGroups/rg-uat-aks-ci-001/providers/Microsoft.Network/routeTables/udr-uat-aks-ci-001",
            "location": "centralindia",
            "name": "udr-uat-aks-ci-001",
            "resource_group_name": "rg-uat-aks-ci-001",
            "route": [
              {
                "address_prefix": "0.0.0.0/0",
                "name": "rt_to_internet",
                "next_hop_in_ip_address": "10.121.0.4",
                "next_hop_type": "VirtualAppliance"
              }
            ],
            "subnets": [
              "/subscriptions/4320f689-5133-4260-b235-d02cc16611ff/resourceGroups/rg-hub-net-ci-001/providers/Microsoft.Network/virtualNetworks/vnet-uat-net-ci-001/subnets/sn-uat-aks-ci-001"
            ],
            "tags": {},
            "timeouts": null
          },
          "sensitive_attributes": [],
          "private": "eyJlMmJmYjczMC1lY2FhLTExZTYtOGY4OC0zNDM2M2JjN2M0YzAiOnsiY3JlYXRlIjoxODAwMDAwMDAwMDAwLCJkZWxldGUiOjE4MDAwMDAwMDAwMDAsInJlYWQiOjMwMDAwMDAwMDAwMCwidXBkYXRlIjoxODAwMDAwMDAwMDAwfX0="
        }
      ]
    },
    {
      "mode": "managed",
      "type": "azurerm_route_table",
      "name": "udrapp1",
      "provider": "provider[\"registry.terraform.io/hashicorp/azurerm\"]",
      "instances": [
        {
          "schema_version": 0,
          "attributes": {
            "disable_bgp_route_propagation": false,
            "id": "/subscriptions/4320f689-5133-4260-b235-d02cc16611ff/resourceGroups/rg-uat-app-ci-001/providers/Microsoft.Network/routeTables/udr-uat-app-ci-001",
            "location": "centralindia",
            "name": "udr-uat-app-ci-001",
            "resource_group_name": "rg-uat-app-ci-001",
            "route": [
              {
                "address_prefix": "0.0.0.0/0",
                "name": "rt_to_internet",
                "next_hop_in_ip_address": "10.121.0.4",
                "next_hop_type": "VirtualAppliance"
              }
            ],
            "subnets": [
              "/subscriptions/4320f689-5133-4260-b235-d02cc16611ff/resourceGroups/rg-hub-net-ci-001/providers/Microsoft.Network/virtualNetworks/vnet-uat-net-ci-001/subnets/sn-uat-app-ci-001"
            ],
            "tags": {},
            "timeouts": null
          },
          "sensitive_attributes": [],
          "private": "eyJlMmJmYjczMC1lY2FhLTExZTYtOGY4OC0zNDM2M2JjN2M0YzAiOnsiY3JlYXRlIjoxODAwMDAwMDAwMDAwLCJkZWxldGUiOjE4MDAwMDAwMDAwMDAsInJlYWQiOjMwMDAwMDAwMDAwMCwidXBkYXRlIjoxODAwMDAwMDAwMDAwfX0="
        }
      ]
    },
    {
      "mode": "managed",
      "type": "azurerm_route_table",
      "name": "udrapp2",
      "provider": "provider[\"registry.terraform.io/hashicorp/azurerm\"]",
      "instances": [
        {
          "schema_version": 0,
          "attributes": {
            "disable_bgp_route_propagation": false,
            "id": "/subscriptions/4320f689-5133-4260-b235-d02cc16611ff/resourceGroups/rg-uat-app-ci-002/providers/Microsoft.Network/routeTables/udr-uat-app-ci-002",
            "location": "centralindia",
            "name": "udr-uat-app-ci-002",
            "resource_group_name": "rg-uat-app-ci-002",
            "route": [
              {
                "address_prefix": "0.0.0.0/0",
                "name": "rt_to_internet",
                "next_hop_in_ip_address": "10.121.0.4",
                "next_hop_type": "VirtualAppliance"
              }
            ],
            "subnets": [
              "/subscriptions/4320f689-5133-4260-b235-d02cc16611ff/resourceGroups/rg-hub-net-ci-001/providers/Microsoft.Network/virtualNetworks/vnet-uat-net-ci-001/subnets/sn-uat-app-ci-002"
            ],
            "tags": {},
            "timeouts": null
          },
          "sensitive_attributes": [],
          "private": "eyJlMmJmYjczMC1lY2FhLTExZTYtOGY4OC0zNDM2M2JjN2M0YzAiOnsiY3JlYXRlIjoxODAwMDAwMDAwMDAwLCJkZWxldGUiOjE4MDAwMDAwMDAwMDAsInJlYWQiOjMwMDAwMDAwMDAwMCwidXBkYXRlIjoxODAwMDAwMDAwMDAwfX0="
        }
      ]
    },
    {
      "mode": "managed",
      "type": "azurerm_route_table",
      "name": "udrdb",
      "provider": "provider[\"registry.terraform.io/hashicorp/azurerm\"]",
      "instances": [
        {
          "schema_version": 0,
          "attributes": {
            "disable_bgp_route_propagation": false,
            "id": "/subscriptions/4320f689-5133-4260-b235-d02cc16611ff/resourceGroups/rg-uat-db-ci-001/providers/Microsoft.Network/routeTables/udr-uat-db-ci-001",
            "location": "centralindia",
            "name": "udr-uat-db-ci-001",
            "resource_group_name": "rg-uat-db-ci-001",
            "route": [
              {
                "address_prefix": "0.0.0.0/0",
                "name": "rt_to_internet",
                "next_hop_in_ip_address": "10.121.0.4",
                "next_hop_type": "VirtualAppliance"
              }
            ],
            "subnets": [
              "/subscriptions/4320f689-5133-4260-b235-d02cc16611ff/resourceGroups/rg-hub-net-ci-001/providers/Microsoft.Network/virtualNetworks/vnet-uat-net-ci-001/subnets/sn-uat-db-ci-001"
            ],
            "tags": {},
            "timeouts": null
          },
          "sensitive_attributes": [],
          "private": "eyJlMmJmYjczMC1lY2FhLTExZTYtOGY4OC0zNDM2M2JjN2M0YzAiOnsiY3JlYXRlIjoxODAwMDAwMDAwMDAwLCJkZWxldGUiOjE4MDAwMDAwMDAwMDAsInJlYWQiOjMwMDAwMDAwMDAwMCwidXBkYXRlIjoxODAwMDAwMDAwMDAwfX0="
        }
      ]
    },
    {
      "mode": "managed",
      "type": "azurerm_route_table",
      "name": "udrss",
      "provider": "provider[\"registry.terraform.io/hashicorp/azurerm\"]",
      "instances": [
        {
          "schema_version": 0,
          "attributes": {
            "disable_bgp_route_propagation": false,
            "id": "/subscriptions/4320f689-5133-4260-b235-d02cc16611ff/resourceGroups/rg-hub-ss-ci-001/providers/Microsoft.Network/routeTables/udr-hub-ss-ci-001",
            "location": "centralindia",
            "name": "udr-hub-ss-ci-001",
            "resource_group_name": "rg-hub-ss-ci-001",
            "route": [
              {
                "address_prefix": "0.0.0.0/0",
                "name": "rt_to_internet",
                "next_hop_in_ip_address": "10.121.0.4",
                "next_hop_type": "VirtualAppliance"
              }
            ],
            "subnets": [
              "/subscriptions/4320f689-5133-4260-b235-d02cc16611ff/resourceGroups/rg-hub-net-ci-001/providers/Microsoft.Network/virtualNetworks/vnet-hub-net-ci-001/subnets/sn-hub-ss-ci-001"
            ],
            "tags": {},
            "timeouts": null
          },
          "sensitive_attributes": [],
          "private": "eyJlMmJmYjczMC1lY2FhLTExZTYtOGY4OC0zNDM2M2JjN2M0YzAiOnsiY3JlYXRlIjoxODAwMDAwMDAwMDAwLCJkZWxldGUiOjE4MDAwMDAwMDAwMDAsInJlYWQiOjMwMDAwMDAwMDAwMCwidXBkYXRlIjoxODAwMDAwMDAwMDAwfX0="
        }
      ]
    },
    {
      "mode": "managed",
      "type": "azurerm_storage_account",
      "name": "stgss",
      "provider": "provider[\"registry.terraform.io/hashicorp/azurerm\"]",
      "instances": [
        {
          "schema_version": 2,
          "attributes": {
            "access_tier": "Hot",
            "account_kind": "StorageV2",
            "account_replication_type": "LRS",
            "account_tier": "Standard",
            "allow_blob_public_access": false,
            "azure_files_authentication": [],
            "blob_properties": [
              {
                "change_feed_enabled": false,
                "container_delete_retention_policy": [],
                "cors_rule": [],
                "default_service_version": "",
                "delete_retention_policy": [],
                "last_access_time_enabled": false,
                "versioning_enabled": false
              }
            ],
            "custom_domain": [],
            "enable_https_traffic_only": true,
            "id": "/subscriptions/4320f689-5133-4260-b235-d02cc16611ff/resourceGroups/rg-hub-ss-ci-001/providers/Microsoft.Storage/storageAccounts/stgfilehubssci001",
            "identity": [],
            "infrastructure_encryption_enabled": false,
            "is_hns_enabled": false,
            "large_file_share_enabled": null,
            "location": "centralindia",
            "min_tls_version": "TLS1_0",
            "name": "stgfilehubssci001",
            "network_rules": [
              {
                "bypass": [
                  "AzureServices"
                ],
                "default_action": "Allow",
                "ip_rules": [],
                "private_link_access": [],
                "virtual_network_subnet_ids": []
              }
            ],
            "nfsv3_enabled": false,
            "primary_access_key": "L9pXivA9ERmCzGns2Uw3PKdqYWoiorBw8ScdHSj/3KR742/lcsaY1zZ1e+Bj0DR62k/r7BLiM/2ybnMu+uLRGQ==",
            "primary_blob_connection_string": "DefaultEndpointsProtocol=https;BlobEndpoint=https://stgfilehubssci001.blob.core.windows.net/;AccountName=stgfilehubssci001;AccountKey=L9pXivA9ERmCzGns2Uw3PKdqYWoiorBw8ScdHSj/3KR742/lcsaY1zZ1e+Bj0DR62k/r7BLiM/2ybnMu+uLRGQ==",
            "primary_blob_endpoint": "https://stgfilehubssci001.blob.core.windows.net/",
            "primary_blob_host": "stgfilehubssci001.blob.core.windows.net",
            "primary_connection_string": "DefaultEndpointsProtocol=https;AccountName=stgfilehubssci001;AccountKey=L9pXivA9ERmCzGns2Uw3PKdqYWoiorBw8ScdHSj/3KR742/lcsaY1zZ1e+Bj0DR62k/r7BLiM/2ybnMu+uLRGQ==;EndpointSuffix=core.windows.net",
            "primary_dfs_endpoint": "https://stgfilehubssci001.dfs.core.windows.net/",
            "primary_dfs_host": "stgfilehubssci001.dfs.core.windows.net",
            "primary_file_endpoint": "https://stgfilehubssci001.file.core.windows.net/",
            "primary_file_host": "stgfilehubssci001.file.core.windows.net",
            "primary_location": "centralindia",
            "primary_queue_endpoint": "https://stgfilehubssci001.queue.core.windows.net/",
            "primary_queue_host": "stgfilehubssci001.queue.core.windows.net",
            "primary_table_endpoint": "https://stgfilehubssci001.table.core.windows.net/",
            "primary_table_host": "stgfilehubssci001.table.core.windows.net",
            "primary_web_endpoint": "https://stgfilehubssci001.z29.web.core.windows.net/",
            "primary_web_host": "stgfilehubssci001.z29.web.core.windows.net",
            "queue_encryption_key_type": "Service",
            "queue_properties": [
              {
                "cors_rule": [],
                "hour_metrics": [
                  {
                    "enabled": true,
                    "include_apis": true,
                    "retention_policy_days": 7,
                    "version": "1.0"
                  }
                ],
                "logging": [
                  {
                    "delete": false,
                    "read": false,
                    "retention_policy_days": 0,
                    "version": "1.0",
                    "write": false
                  }
                ],
                "minute_metrics": [
                  {
                    "enabled": false,
                    "include_apis": false,
                    "retention_policy_days": 0,
                    "version": "1.0"
                  }
                ]
              }
            ],
            "resource_group_name": "rg-hub-ss-ci-001",
            "routing": [],
            "secondary_access_key": "Wfs1l5tnHE8c9WVCodwZQ8nwEOmVPXDVVhxlD6I+SOQqn5F1+FwOaeK7z4IkVNQ7TcS79xyGbEf8YgK0MPstWg==",
            "secondary_blob_connection_string": "",
            "secondary_blob_endpoint": null,
            "secondary_blob_host": null,
            "secondary_connection_string": "DefaultEndpointsProtocol=https;AccountName=stgfilehubssci001;AccountKey=Wfs1l5tnHE8c9WVCodwZQ8nwEOmVPXDVVhxlD6I+SOQqn5F1+FwOaeK7z4IkVNQ7TcS79xyGbEf8YgK0MPstWg==;EndpointSuffix=core.windows.net",
            "secondary_dfs_endpoint": null,
            "secondary_dfs_host": null,
            "secondary_file_endpoint": null,
            "secondary_file_host": null,
            "secondary_location": "",
            "secondary_queue_endpoint": null,
            "secondary_queue_host": null,
            "secondary_table_endpoint": null,
            "secondary_table_host": null,
            "secondary_web_endpoint": null,
            "secondary_web_host": null,
            "share_properties": [
              {
                "cors_rule": [],
                "retention_policy": [
                  {
                    "days": 7
                  }
                ],
                "smb": [
                  {
                    "authentication_types": [
                      "",
                      "Kerberos",
                      "NTLMv2"
                    ],
                    "channel_encryption_type": [
                      "",
                      "AES-128-CCM",
                      "AES-128-GCM",
                      "AES-256-GCM"
                    ],
                    "kerberos_ticket_encryption_type": [
                      "",
                      "AES-256",
                      "RC4-HMAC"
                    ],
                    "versions": [
                      "",
                      "SMB2.1",
                      "SMB3.0",
                      "SMB3.1.1"
                    ]
                  }
                ]
              }
            ],
            "shared_access_key_enabled": true,
            "static_website": [],
            "table_encryption_key_type": "Service",
            "tags": {},
            "timeouts": null
          },
          "sensitive_attributes": [],
          "private": "eyJlMmJmYjczMC1lY2FhLTExZTYtOGY4OC0zNDM2M2JjN2M0YzAiOnsiY3JlYXRlIjozNjAwMDAwMDAwMDAwLCJkZWxldGUiOjM2MDAwMDAwMDAwMDAsInJlYWQiOjMwMDAwMDAwMDAwMCwidXBkYXRlIjozNjAwMDAwMDAwMDAwfSwic2NoZW1hX3ZlcnNpb24iOiIyIn0="
        }
      ]
    },
    {
      "mode": "managed",
      "type": "azurerm_subnet",
      "name": "snaks",
      "provider": "provider[\"registry.terraform.io/hashicorp/azurerm\"]",
      "instances": [
        {
          "schema_version": 0,
          "attributes": {
            "address_prefix": "10.121.24.0/22",
            "address_prefixes": [
              "10.121.24.0/22"
            ],
            "delegation": [],
            "enforce_private_link_endpoint_network_policies": true,
            "enforce_private_link_service_network_policies": false,
            "id": "/subscriptions/4320f689-5133-4260-b235-d02cc16611ff/resourceGroups/rg-hub-net-ci-001/providers/Microsoft.Network/virtualNetworks/vnet-uat-net-ci-001/subnets/sn-uat-aks-ci-001",
            "name": "sn-uat-aks-ci-001",
            "resource_group_name": "rg-hub-net-ci-001",
            "service_endpoint_policy_ids": [],
            "service_endpoints": [],
            "timeouts": null,
            "virtual_network_name": "vnet-uat-net-ci-001"
          },
          "sensitive_attributes": [],
          "private": "eyJlMmJmYjczMC1lY2FhLTExZTYtOGY4OC0zNDM2M2JjN2M0YzAiOnsiY3JlYXRlIjoxODAwMDAwMDAwMDAwLCJkZWxldGUiOjE4MDAwMDAwMDAwMDAsInJlYWQiOjMwMDAwMDAwMDAwMCwidXBkYXRlIjoxODAwMDAwMDAwMDAwfX0="
        }
      ]
    },
    {
      "mode": "managed",
      "type": "azurerm_subnet",
      "name": "snapp1",
      "provider": "provider[\"registry.terraform.io/hashicorp/azurerm\"]",
      "instances": [
        {
          "schema_version": 0,
          "attributes": {
            "address_prefix": "10.121.16.0/24",
            "address_prefixes": [
              "10.121.16.0/24"
            ],
            "delegation": [],
            "enforce_private_link_endpoint_network_policies": false,
            "enforce_private_link_service_network_policies": false,
            "id": "/subscriptions/4320f689-5133-4260-b235-d02cc16611ff/resourceGroups/rg-hub-net-ci-001/providers/Microsoft.Network/virtualNetworks/vnet-uat-net-ci-001/subnets/sn-uat-app-ci-001",
            "name": "sn-uat-app-ci-001",
            "resource_group_name": "rg-hub-net-ci-001",
            "service_endpoint_policy_ids": [],
            "service_endpoints": [],
            "timeouts": null,
            "virtual_network_name": "vnet-uat-net-ci-001"
          },
          "sensitive_attributes": [],
          "private": "eyJlMmJmYjczMC1lY2FhLTExZTYtOGY4OC0zNDM2M2JjN2M0YzAiOnsiY3JlYXRlIjoxODAwMDAwMDAwMDAwLCJkZWxldGUiOjE4MDAwMDAwMDAwMDAsInJlYWQiOjMwMDAwMDAwMDAwMCwidXBkYXRlIjoxODAwMDAwMDAwMDAwfX0="
        }
      ]
    },
    {
      "mode": "managed",
      "type": "azurerm_subnet",
      "name": "snapp2",
      "provider": "provider[\"registry.terraform.io/hashicorp/azurerm\"]",
      "instances": [
        {
          "schema_version": 0,
          "attributes": {
            "address_prefix": "10.121.18.0/24",
            "address_prefixes": [
              "10.121.18.0/24"
            ],
            "delegation": [],
            "enforce_private_link_endpoint_network_policies": false,
            "enforce_private_link_service_network_policies": false,
            "id": "/subscriptions/4320f689-5133-4260-b235-d02cc16611ff/resourceGroups/rg-hub-net-ci-001/providers/Microsoft.Network/virtualNetworks/vnet-uat-net-ci-001/subnets/sn-uat-app-ci-002",
            "name": "sn-uat-app-ci-002",
            "resource_group_name": "rg-hub-net-ci-001",
            "service_endpoint_policy_ids": [],
            "service_endpoints": [],
            "timeouts": null,
            "virtual_network_name": "vnet-uat-net-ci-001"
          },
          "sensitive_attributes": [],
          "private": "eyJlMmJmYjczMC1lY2FhLTExZTYtOGY4OC0zNDM2M2JjN2M0YzAiOnsiY3JlYXRlIjoxODAwMDAwMDAwMDAwLCJkZWxldGUiOjE4MDAwMDAwMDAwMDAsInJlYWQiOjMwMDAwMDAwMDAwMCwidXBkYXRlIjoxODAwMDAwMDAwMDAwfX0="
        }
      ]
    },
    {
      "mode": "managed",
      "type": "azurerm_subnet",
      "name": "snappgw",
      "provider": "provider[\"registry.terraform.io/hashicorp/azurerm\"]",
      "instances": [
        {
          "schema_version": 0,
          "attributes": {
            "address_prefix": "10.121.0.128/26",
            "address_prefixes": [
              "10.121.0.128/26"
            ],
            "delegation": [],
            "enforce_private_link_endpoint_network_policies": true,
            "enforce_private_link_service_network_policies": false,
            "id": "/subscriptions/4320f689-5133-4260-b235-d02cc16611ff/resourceGroups/rg-hub-net-ci-001/providers/Microsoft.Network/virtualNetworks/vnet-hub-net-ci-001/subnets/sn-hub-appgw-ci-001",
            "name": "sn-hub-appgw-ci-001",
            "resource_group_name": "rg-hub-net-ci-001",
            "service_endpoint_policy_ids": [],
            "service_endpoints": [],
            "timeouts": null,
            "virtual_network_name": "vnet-hub-net-ci-001"
          },
          "sensitive_attributes": [],
          "private": "eyJlMmJmYjczMC1lY2FhLTExZTYtOGY4OC0zNDM2M2JjN2M0YzAiOnsiY3JlYXRlIjoxODAwMDAwMDAwMDAwLCJkZWxldGUiOjE4MDAwMDAwMDAwMDAsInJlYWQiOjMwMDAwMDAwMDAwMCwidXBkYXRlIjoxODAwMDAwMDAwMDAwfX0="
        }
      ]
    },
    {
      "mode": "managed",
      "type": "azurerm_subnet",
      "name": "snbastion",
      "provider": "provider[\"registry.terraform.io/hashicorp/azurerm\"]",
      "instances": [
        {
          "schema_version": 0,
          "attributes": {
            "address_prefix": "10.121.1.0/26",
            "address_prefixes": [
              "10.121.1.0/26"
            ],
            "delegation": [],
            "enforce_private_link_endpoint_network_policies": true,
            "enforce_private_link_service_network_policies": false,
            "id": "/subscriptions/4320f689-5133-4260-b235-d02cc16611ff/resourceGroups/rg-hub-net-ci-001/providers/Microsoft.Network/virtualNetworks/vnet-hub-net-ci-001/subnets/AzureBastionSubnet",
            "name": "AzureBastionSubnet",
            "resource_group_name": "rg-hub-net-ci-001",
            "service_endpoint_policy_ids": [],
            "service_endpoints": [],
            "timeouts": null,
            "virtual_network_name": "vnet-hub-net-ci-001"
          },
          "sensitive_attributes": [],
          "private": "eyJlMmJmYjczMC1lY2FhLTExZTYtOGY4OC0zNDM2M2JjN2M0YzAiOnsiY3JlYXRlIjoxODAwMDAwMDAwMDAwLCJkZWxldGUiOjE4MDAwMDAwMDAwMDAsInJlYWQiOjMwMDAwMDAwMDAwMCwidXBkYXRlIjoxODAwMDAwMDAwMDAwfX0="
        }
      ]
    },
    {
      "mode": "managed",
      "type": "azurerm_subnet",
      "name": "sndb",
      "provider": "provider[\"registry.terraform.io/hashicorp/azurerm\"]",
      "instances": [
        {
          "schema_version": 0,
          "attributes": {
            "address_prefix": "10.121.20.0/24",
            "address_prefixes": [
              "10.121.20.0/24"
            ],
            "delegation": [],
            "enforce_private_link_endpoint_network_policies": false,
            "enforce_private_link_service_network_policies": false,
            "id": "/subscriptions/4320f689-5133-4260-b235-d02cc16611ff/resourceGroups/rg-hub-net-ci-001/providers/Microsoft.Network/virtualNetworks/vnet-uat-net-ci-001/subnets/sn-uat-db-ci-001",
            "name": "sn-uat-db-ci-001",
            "resource_group_name": "rg-hub-net-ci-001",
            "service_endpoint_policy_ids": [],
            "service_endpoints": [],
            "timeouts": null,
            "virtual_network_name": "vnet-uat-net-ci-001"
          },
          "sensitive_attributes": [],
          "private": "eyJlMmJmYjczMC1lY2FhLTExZTYtOGY4OC0zNDM2M2JjN2M0YzAiOnsiY3JlYXRlIjoxODAwMDAwMDAwMDAwLCJkZWxldGUiOjE4MDAwMDAwMDAwMDAsInJlYWQiOjMwMDAwMDAwMDAwMCwidXBkYXRlIjoxODAwMDAwMDAwMDAwfX0="
        }
      ]
    },
    {
      "mode": "managed",
      "type": "azurerm_subnet",
      "name": "snextfw",
      "provider": "provider[\"registry.terraform.io/hashicorp/azurerm\"]",
      "instances": [
        {
          "schema_version": 0,
          "attributes": {
            "address_prefix": "10.121.0.0/26",
            "address_prefixes": [
              "10.121.0.0/26"
            ],
            "delegation": [],
            "enforce_private_link_endpoint_network_policies": true,
            "enforce_private_link_service_network_policies": false,
            "id": "/subscriptions/4320f689-5133-4260-b235-d02cc16611ff/resourceGroups/rg-hub-net-ci-001/providers/Microsoft.Network/virtualNetworks/vnet-hub-net-ci-001/subnets/AzureFirewallSubnet",
            "name": "AzureFirewallSubnet",
            "resource_group_name": "rg-hub-net-ci-001",
            "service_endpoint_policy_ids": [],
            "service_endpoints": [],
            "timeouts": null,
            "virtual_network_name": "vnet-hub-net-ci-001"
          },
          "sensitive_attributes": [],
          "private": "eyJlMmJmYjczMC1lY2FhLTExZTYtOGY4OC0zNDM2M2JjN2M0YzAiOnsiY3JlYXRlIjoxODAwMDAwMDAwMDAwLCJkZWxldGUiOjE4MDAwMDAwMDAwMDAsInJlYWQiOjMwMDAwMDAwMDAwMCwidXBkYXRlIjoxODAwMDAwMDAwMDAwfX0="
        }
      ]
    },
    {
      "mode": "managed",
      "type": "azurerm_subnet",
      "name": "snss",
      "provider": "provider[\"registry.terraform.io/hashicorp/azurerm\"]",
      "instances": [
        {
          "schema_version": 0,
          "attributes": {
            "address_prefix": "10.121.1.128/25",
            "address_prefixes": [
              "10.121.1.128/25"
            ],
            "delegation": [],
            "enforce_private_link_endpoint_network_policies": true,
            "enforce_private_link_service_network_policies": false,
            "id": "/subscriptions/4320f689-5133-4260-b235-d02cc16611ff/resourceGroups/rg-hub-net-ci-001/providers/Microsoft.Network/virtualNetworks/vnet-hub-net-ci-001/subnets/sn-hub-ss-ci-001",
            "name": "sn-hub-ss-ci-001",
            "resource_group_name": "rg-hub-net-ci-001",
            "service_endpoint_policy_ids": [],
            "service_endpoints": [],
            "timeouts": null,
            "virtual_network_name": "vnet-hub-net-ci-001"
          },
          "sensitive_attributes": [],
          "private": "eyJlMmJmYjczMC1lY2FhLTExZTYtOGY4OC0zNDM2M2JjN2M0YzAiOnsiY3JlYXRlIjoxODAwMDAwMDAwMDAwLCJkZWxldGUiOjE4MDAwMDAwMDAwMDAsInJlYWQiOjMwMDAwMDAwMDAwMCwidXBkYXRlIjoxODAwMDAwMDAwMDAwfX0="
        }
      ]
    },
    {
      "mode": "managed",
      "type": "azurerm_subnet",
      "name": "snvpngw",
      "provider": "provider[\"registry.terraform.io/hashicorp/azurerm\"]",
      "instances": [
        {
          "schema_version": 0,
          "attributes": {
            "address_prefix": "10.121.0.64/26",
            "address_prefixes": [
              "10.121.0.64/26"
            ],
            "delegation": [],
            "enforce_private_link_endpoint_network_policies": true,
            "enforce_private_link_service_network_policies": false,
            "id": "/subscriptions/4320f689-5133-4260-b235-d02cc16611ff/resourceGroups/rg-hub-net-ci-001/providers/Microsoft.Network/virtualNetworks/vnet-hub-net-ci-001/subnets/GatewaySubnet",
            "name": "GatewaySubnet",
            "resource_group_name": "rg-hub-net-ci-001",
            "service_endpoint_policy_ids": [],
            "service_endpoints": [],
            "timeouts": null,
            "virtual_network_name": "vnet-hub-net-ci-001"
          },
          "sensitive_attributes": [],
          "private": "eyJlMmJmYjczMC1lY2FhLTExZTYtOGY4OC0zNDM2M2JjN2M0YzAiOnsiY3JlYXRlIjoxODAwMDAwMDAwMDAwLCJkZWxldGUiOjE4MDAwMDAwMDAwMDAsInJlYWQiOjMwMDAwMDAwMDAwMCwidXBkYXRlIjoxODAwMDAwMDAwMDAwfX0="
        }
      ]
    },
    {
      "mode": "managed",
      "type": "azurerm_subnet_network_security_group_association",
      "name": "nsgsnaks",
      "provider": "provider[\"registry.terraform.io/hashicorp/azurerm\"]",
      "instances": [
        {
          "schema_version": 0,
          "attributes": {
            "id": "/subscriptions/4320f689-5133-4260-b235-d02cc16611ff/resourceGroups/rg-hub-net-ci-001/providers/Microsoft.Network/virtualNetworks/vnet-uat-net-ci-001/subnets/sn-uat-aks-ci-001",
            "network_security_group_id": "/subscriptions/4320f689-5133-4260-b235-d02cc16611ff/resourceGroups/rg-uat-aks-ci-001/providers/Microsoft.Network/networkSecurityGroups/nsg-uat-aks-ci-001",
            "subnet_id": "/subscriptions/4320f689-5133-4260-b235-d02cc16611ff/resourceGroups/rg-hub-net-ci-001/providers/Microsoft.Network/virtualNetworks/vnet-uat-net-ci-001/subnets/sn-uat-aks-ci-001",
            "timeouts": null
          },
          "sensitive_attributes": [],
          "private": "eyJlMmJmYjczMC1lY2FhLTExZTYtOGY4OC0zNDM2M2JjN2M0YzAiOnsiY3JlYXRlIjoxODAwMDAwMDAwMDAwLCJkZWxldGUiOjE4MDAwMDAwMDAwMDAsInJlYWQiOjMwMDAwMDAwMDAwMCwidXBkYXRlIjoxODAwMDAwMDAwMDAwfX0=",
          "dependencies": [
            "azurerm_network_security_group.nsgaks",
            "azurerm_subnet.snaks"
          ]
        }
      ]
    },
    {
      "mode": "managed",
      "type": "azurerm_subnet_network_security_group_association",
      "name": "nsgsnapp1",
      "provider": "provider[\"registry.terraform.io/hashicorp/azurerm\"]",
      "instances": [
        {
          "schema_version": 0,
          "attributes": {
            "id": "/subscriptions/4320f689-5133-4260-b235-d02cc16611ff/resourceGroups/rg-hub-net-ci-001/providers/Microsoft.Network/virtualNetworks/vnet-uat-net-ci-001/subnets/sn-uat-app-ci-001",
            "network_security_group_id": "/subscriptions/4320f689-5133-4260-b235-d02cc16611ff/resourceGroups/rg-uat-app-ci-001/providers/Microsoft.Network/networkSecurityGroups/nsg-uat-app-ci-001",
            "subnet_id": "/subscriptions/4320f689-5133-4260-b235-d02cc16611ff/resourceGroups/rg-hub-net-ci-001/providers/Microsoft.Network/virtualNetworks/vnet-uat-net-ci-001/subnets/sn-uat-app-ci-001",
            "timeouts": null
          },
          "sensitive_attributes": [],
          "private": "eyJlMmJmYjczMC1lY2FhLTExZTYtOGY4OC0zNDM2M2JjN2M0YzAiOnsiY3JlYXRlIjoxODAwMDAwMDAwMDAwLCJkZWxldGUiOjE4MDAwMDAwMDAwMDAsInJlYWQiOjMwMDAwMDAwMDAwMCwidXBkYXRlIjoxODAwMDAwMDAwMDAwfX0=",
          "dependencies": [
            "azurerm_network_security_group.nsgapp1",
            "azurerm_subnet.snapp1"
          ]
        }
      ]
    },
    {
      "mode": "managed",
      "type": "azurerm_subnet_network_security_group_association",
      "name": "nsgsnapp2",
      "provider": "provider[\"registry.terraform.io/hashicorp/azurerm\"]",
      "instances": [
        {
          "schema_version": 0,
          "attributes": {
            "id": "/subscriptions/4320f689-5133-4260-b235-d02cc16611ff/resourceGroups/rg-hub-net-ci-001/providers/Microsoft.Network/virtualNetworks/vnet-uat-net-ci-001/subnets/sn-uat-app-ci-002",
            "network_security_group_id": "/subscriptions/4320f689-5133-4260-b235-d02cc16611ff/resourceGroups/rg-uat-app-ci-002/providers/Microsoft.Network/networkSecurityGroups/nsg-uat-app-ci-002",
            "subnet_id": "/subscriptions/4320f689-5133-4260-b235-d02cc16611ff/resourceGroups/rg-hub-net-ci-001/providers/Microsoft.Network/virtualNetworks/vnet-uat-net-ci-001/subnets/sn-uat-app-ci-002",
            "timeouts": null
          },
          "sensitive_attributes": [],
          "private": "eyJlMmJmYjczMC1lY2FhLTExZTYtOGY4OC0zNDM2M2JjN2M0YzAiOnsiY3JlYXRlIjoxODAwMDAwMDAwMDAwLCJkZWxldGUiOjE4MDAwMDAwMDAwMDAsInJlYWQiOjMwMDAwMDAwMDAwMCwidXBkYXRlIjoxODAwMDAwMDAwMDAwfX0=",
          "dependencies": [
            "azurerm_network_security_group.nsgapp2",
            "azurerm_subnet.snapp2"
          ]
        }
      ]
    },
    {
      "mode": "managed",
      "type": "azurerm_subnet_network_security_group_association",
      "name": "nsgsndb",
      "provider": "provider[\"registry.terraform.io/hashicorp/azurerm\"]",
      "instances": [
        {
          "schema_version": 0,
          "attributes": {
            "id": "/subscriptions/4320f689-5133-4260-b235-d02cc16611ff/resourceGroups/rg-hub-net-ci-001/providers/Microsoft.Network/virtualNetworks/vnet-uat-net-ci-001/subnets/sn-uat-db-ci-001",
            "network_security_group_id": "/subscriptions/4320f689-5133-4260-b235-d02cc16611ff/resourceGroups/rg-uat-db-ci-001/providers/Microsoft.Network/networkSecurityGroups/nsg-uat-db-ci-001",
            "subnet_id": "/subscriptions/4320f689-5133-4260-b235-d02cc16611ff/resourceGroups/rg-hub-net-ci-001/providers/Microsoft.Network/virtualNetworks/vnet-uat-net-ci-001/subnets/sn-uat-db-ci-001",
            "timeouts": null
          },
          "sensitive_attributes": [],
          "private": "eyJlMmJmYjczMC1lY2FhLTExZTYtOGY4OC0zNDM2M2JjN2M0YzAiOnsiY3JlYXRlIjoxODAwMDAwMDAwMDAwLCJkZWxldGUiOjE4MDAwMDAwMDAwMDAsInJlYWQiOjMwMDAwMDAwMDAwMCwidXBkYXRlIjoxODAwMDAwMDAwMDAwfX0=",
          "dependencies": [
            "azurerm_network_security_group.nsgdb",
            "azurerm_subnet.sndb"
          ]
        }
      ]
    },
    {
      "mode": "managed",
      "type": "azurerm_subnet_network_security_group_association",
      "name": "nsgsnss",
      "provider": "provider[\"registry.terraform.io/hashicorp/azurerm\"]",
      "instances": [
        {
          "schema_version": 0,
          "attributes": {
            "id": "/subscriptions/4320f689-5133-4260-b235-d02cc16611ff/resourceGroups/rg-hub-net-ci-001/providers/Microsoft.Network/virtualNetworks/vnet-hub-net-ci-001/subnets/sn-hub-ss-ci-001",
            "network_security_group_id": "/subscriptions/4320f689-5133-4260-b235-d02cc16611ff/resourceGroups/rg-hub-ss-ci-001/providers/Microsoft.Network/networkSecurityGroups/nsg-hub-ss-ci-001",
            "subnet_id": "/subscriptions/4320f689-5133-4260-b235-d02cc16611ff/resourceGroups/rg-hub-net-ci-001/providers/Microsoft.Network/virtualNetworks/vnet-hub-net-ci-001/subnets/sn-hub-ss-ci-001",
            "timeouts": null
          },
          "sensitive_attributes": [],
          "private": "eyJlMmJmYjczMC1lY2FhLTExZTYtOGY4OC0zNDM2M2JjN2M0YzAiOnsiY3JlYXRlIjoxODAwMDAwMDAwMDAwLCJkZWxldGUiOjE4MDAwMDAwMDAwMDAsInJlYWQiOjMwMDAwMDAwMDAwMCwidXBkYXRlIjoxODAwMDAwMDAwMDAwfX0=",
          "dependencies": [
            "azurerm_network_security_group.nsgss",
            "azurerm_subnet.snss"
          ]
        }
      ]
    },
    {
      "mode": "managed",
      "type": "azurerm_subnet_route_table_association",
      "name": "udrsnaks",
      "provider": "provider[\"registry.terraform.io/hashicorp/azurerm\"]",
      "instances": [
        {
          "schema_version": 0,
          "attributes": {
            "id": "/subscriptions/4320f689-5133-4260-b235-d02cc16611ff/resourceGroups/rg-hub-net-ci-001/providers/Microsoft.Network/virtualNetworks/vnet-uat-net-ci-001/subnets/sn-uat-aks-ci-001",
            "route_table_id": "/subscriptions/4320f689-5133-4260-b235-d02cc16611ff/resourceGroups/rg-uat-aks-ci-001/providers/Microsoft.Network/routeTables/udr-uat-aks-ci-001",
            "subnet_id": "/subscriptions/4320f689-5133-4260-b235-d02cc16611ff/resourceGroups/rg-hub-net-ci-001/providers/Microsoft.Network/virtualNetworks/vnet-uat-net-ci-001/subnets/sn-uat-aks-ci-001",
            "timeouts": null
          },
          "sensitive_attributes": [],
          "private": "eyJlMmJmYjczMC1lY2FhLTExZTYtOGY4OC0zNDM2M2JjN2M0YzAiOnsiY3JlYXRlIjoxODAwMDAwMDAwMDAwLCJkZWxldGUiOjE4MDAwMDAwMDAwMDAsInJlYWQiOjMwMDAwMDAwMDAwMCwidXBkYXRlIjoxODAwMDAwMDAwMDAwfX0=",
          "dependencies": [
            "azurerm_route_table.udraks",
            "azurerm_subnet.snaks"
          ]
        }
      ]
    },
    {
      "mode": "managed",
      "type": "azurerm_subnet_route_table_association",
      "name": "udrsnapp1",
      "provider": "provider[\"registry.terraform.io/hashicorp/azurerm\"]",
      "instances": [
        {
          "schema_version": 0,
          "attributes": {
            "id": "/subscriptions/4320f689-5133-4260-b235-d02cc16611ff/resourceGroups/rg-hub-net-ci-001/providers/Microsoft.Network/virtualNetworks/vnet-uat-net-ci-001/subnets/sn-uat-app-ci-001",
            "route_table_id": "/subscriptions/4320f689-5133-4260-b235-d02cc16611ff/resourceGroups/rg-uat-app-ci-001/providers/Microsoft.Network/routeTables/udr-uat-app-ci-001",
            "subnet_id": "/subscriptions/4320f689-5133-4260-b235-d02cc16611ff/resourceGroups/rg-hub-net-ci-001/providers/Microsoft.Network/virtualNetworks/vnet-uat-net-ci-001/subnets/sn-uat-app-ci-001",
            "timeouts": null
          },
          "sensitive_attributes": [],
          "private": "eyJlMmJmYjczMC1lY2FhLTExZTYtOGY4OC0zNDM2M2JjN2M0YzAiOnsiY3JlYXRlIjoxODAwMDAwMDAwMDAwLCJkZWxldGUiOjE4MDAwMDAwMDAwMDAsInJlYWQiOjMwMDAwMDAwMDAwMCwidXBkYXRlIjoxODAwMDAwMDAwMDAwfX0=",
          "dependencies": [
            "azurerm_route_table.udrapp1",
            "azurerm_subnet.snapp1"
          ]
        }
      ]
    },
    {
      "mode": "managed",
      "type": "azurerm_subnet_route_table_association",
      "name": "udrsnapp2",
      "provider": "provider[\"registry.terraform.io/hashicorp/azurerm\"]",
      "instances": [
        {
          "schema_version": 0,
          "attributes": {
            "id": "/subscriptions/4320f689-5133-4260-b235-d02cc16611ff/resourceGroups/rg-hub-net-ci-001/providers/Microsoft.Network/virtualNetworks/vnet-uat-net-ci-001/subnets/sn-uat-app-ci-002",
            "route_table_id": "/subscriptions/4320f689-5133-4260-b235-d02cc16611ff/resourceGroups/rg-uat-app-ci-002/providers/Microsoft.Network/routeTables/udr-uat-app-ci-002",
            "subnet_id": "/subscriptions/4320f689-5133-4260-b235-d02cc16611ff/resourceGroups/rg-hub-net-ci-001/providers/Microsoft.Network/virtualNetworks/vnet-uat-net-ci-001/subnets/sn-uat-app-ci-002",
            "timeouts": null
          },
          "sensitive_attributes": [],
          "private": "eyJlMmJmYjczMC1lY2FhLTExZTYtOGY4OC0zNDM2M2JjN2M0YzAiOnsiY3JlYXRlIjoxODAwMDAwMDAwMDAwLCJkZWxldGUiOjE4MDAwMDAwMDAwMDAsInJlYWQiOjMwMDAwMDAwMDAwMCwidXBkYXRlIjoxODAwMDAwMDAwMDAwfX0=",
          "dependencies": [
            "azurerm_route_table.udrapp2",
            "azurerm_subnet.snapp2"
          ]
        }
      ]
    },
    {
      "mode": "managed",
      "type": "azurerm_subnet_route_table_association",
      "name": "udrsndb",
      "provider": "provider[\"registry.terraform.io/hashicorp/azurerm\"]",
      "instances": [
        {
          "schema_version": 0,
          "attributes": {
            "id": "/subscriptions/4320f689-5133-4260-b235-d02cc16611ff/resourceGroups/rg-hub-net-ci-001/providers/Microsoft.Network/virtualNetworks/vnet-uat-net-ci-001/subnets/sn-uat-db-ci-001",
            "route_table_id": "/subscriptions/4320f689-5133-4260-b235-d02cc16611ff/resourceGroups/rg-uat-db-ci-001/providers/Microsoft.Network/routeTables/udr-uat-db-ci-001",
            "subnet_id": "/subscriptions/4320f689-5133-4260-b235-d02cc16611ff/resourceGroups/rg-hub-net-ci-001/providers/Microsoft.Network/virtualNetworks/vnet-uat-net-ci-001/subnets/sn-uat-db-ci-001",
            "timeouts": null
          },
          "sensitive_attributes": [],
          "private": "eyJlMmJmYjczMC1lY2FhLTExZTYtOGY4OC0zNDM2M2JjN2M0YzAiOnsiY3JlYXRlIjoxODAwMDAwMDAwMDAwLCJkZWxldGUiOjE4MDAwMDAwMDAwMDAsInJlYWQiOjMwMDAwMDAwMDAwMCwidXBkYXRlIjoxODAwMDAwMDAwMDAwfX0=",
          "dependencies": [
            "azurerm_route_table.udrdb",
            "azurerm_subnet.sndb"
          ]
        }
      ]
    },
    {
      "mode": "managed",
      "type": "azurerm_subnet_route_table_association",
      "name": "udrsnss",
      "provider": "provider[\"registry.terraform.io/hashicorp/azurerm\"]",
      "instances": [
        {
          "schema_version": 0,
          "attributes": {
            "id": "/subscriptions/4320f689-5133-4260-b235-d02cc16611ff/resourceGroups/rg-hub-net-ci-001/providers/Microsoft.Network/virtualNetworks/vnet-hub-net-ci-001/subnets/sn-hub-ss-ci-001",
            "route_table_id": "/subscriptions/4320f689-5133-4260-b235-d02cc16611ff/resourceGroups/rg-hub-ss-ci-001/providers/Microsoft.Network/routeTables/udr-hub-ss-ci-001",
            "subnet_id": "/subscriptions/4320f689-5133-4260-b235-d02cc16611ff/resourceGroups/rg-hub-net-ci-001/providers/Microsoft.Network/virtualNetworks/vnet-hub-net-ci-001/subnets/sn-hub-ss-ci-001",
            "timeouts": null
          },
          "sensitive_attributes": [],
          "private": "eyJlMmJmYjczMC1lY2FhLTExZTYtOGY4OC0zNDM2M2JjN2M0YzAiOnsiY3JlYXRlIjoxODAwMDAwMDAwMDAwLCJkZWxldGUiOjE4MDAwMDAwMDAwMDAsInJlYWQiOjMwMDAwMDAwMDAwMCwidXBkYXRlIjoxODAwMDAwMDAwMDAwfX0=",
          "dependencies": [
            "azurerm_route_table.udrss",
            "azurerm_subnet.snss"
          ]
        }
      ]
    },
    {
      "mode": "managed",
      "type": "azurerm_virtual_machine_data_disk_attachment",
      "name": "dddb12atch",
      "provider": "provider[\"registry.terraform.io/hashicorp/azurerm\"]",
      "instances": [
        {
          "schema_version": 0,
          "attributes": {
            "caching": "ReadWrite",
            "create_option": "Attach",
            "id": "/subscriptions/4320f689-5133-4260-b235-d02cc16611ff/resourceGroups/rg-uat-db-ci-001/providers/Microsoft.Compute/virtualMachines/GEMAZUATDB01/dataDisks/vmdb1_data_disk12",
            "lun": 20,
            "managed_disk_id": "/subscriptions/4320f689-5133-4260-b235-d02cc16611ff/resourceGroups/rg-uat-db-ci-001/providers/Microsoft.Compute/disks/vmdb1_data_disk12",
            "timeouts": null,
            "virtual_machine_id": "/subscriptions/4320f689-5133-4260-b235-d02cc16611ff/resourceGroups/rg-uat-db-ci-001/providers/Microsoft.Compute/virtualMachines/GEMAZUATDB01",
            "write_accelerator_enabled": false
          },
          "sensitive_attributes": [],
          "private": "eyJlMmJmYjczMC1lY2FhLTExZTYtOGY4OC0zNDM2M2JjN2M0YzAiOnsiY3JlYXRlIjoxODAwMDAwMDAwMDAwLCJkZWxldGUiOjE4MDAwMDAwMDAwMDAsInJlYWQiOjMwMDAwMDAwMDAwMCwidXBkYXRlIjoxODAwMDAwMDAwMDAwfX0=",
          "dependencies": [
            "azurerm_availability_set.asdb",
            "azurerm_linux_virtual_machine.vmdb1",
            "azurerm_managed_disk.dddb12",
            "azurerm_network_interface.nicdb1",
            "azurerm_proximity_placement_group.pxmapp1",
            "azurerm_subnet.sndb"
          ]
        }
      ]
    },
    {
      "mode": "managed",
      "type": "azurerm_virtual_machine_data_disk_attachment",
      "name": "dddb13atch",
      "provider": "provider[\"registry.terraform.io/hashicorp/azurerm\"]",
      "instances": [
        {
          "schema_version": 0,
          "attributes": {
            "caching": "ReadWrite",
            "create_option": "Attach",
            "id": "/subscriptions/4320f689-5133-4260-b235-d02cc16611ff/resourceGroups/rg-uat-db-ci-001/providers/Microsoft.Compute/virtualMachines/GEMAZUATDB01/dataDisks/vmdb1_data_disk3",
            "lun": 30,
            "managed_disk_id": "/subscriptions/4320f689-5133-4260-b235-d02cc16611ff/resourceGroups/rg-uat-db-ci-001/providers/Microsoft.Compute/disks/vmdb1_data_disk3",
            "timeouts": null,
            "virtual_machine_id": "/subscriptions/4320f689-5133-4260-b235-d02cc16611ff/resourceGroups/rg-uat-db-ci-001/providers/Microsoft.Compute/virtualMachines/GEMAZUATDB01",
            "write_accelerator_enabled": false
          },
          "sensitive_attributes": [],
          "private": "eyJlMmJmYjczMC1lY2FhLTExZTYtOGY4OC0zNDM2M2JjN2M0YzAiOnsiY3JlYXRlIjoxODAwMDAwMDAwMDAwLCJkZWxldGUiOjE4MDAwMDAwMDAwMDAsInJlYWQiOjMwMDAwMDAwMDAwMCwidXBkYXRlIjoxODAwMDAwMDAwMDAwfX0=",
          "dependencies": [
            "azurerm_availability_set.asdb",
            "azurerm_linux_virtual_machine.vmdb1",
            "azurerm_managed_disk.ddddb13",
            "azurerm_network_interface.nicdb1",
            "azurerm_proximity_placement_group.pxmapp1",
            "azurerm_subnet.sndb"
          ]
        }
      ]
    },
    {
      "mode": "managed",
      "type": "azurerm_virtual_machine_data_disk_attachment",
      "name": "dddb14atch",
      "provider": "provider[\"registry.terraform.io/hashicorp/azurerm\"]",
      "instances": [
        {
          "schema_version": 0,
          "attributes": {
            "caching": "ReadWrite",
            "create_option": "Attach",
            "id": "/subscriptions/4320f689-5133-4260-b235-d02cc16611ff/resourceGroups/rg-uat-db-ci-001/providers/Microsoft.Compute/virtualMachines/GEMAZUATDB01/dataDisks/vmdb1_data_disk4",
            "lun": 40,
            "managed_disk_id": "/subscriptions/4320f689-5133-4260-b235-d02cc16611ff/resourceGroups/rg-uat-db-ci-001/providers/Microsoft.Compute/disks/vmdb1_data_disk4",
            "timeouts": null,
            "virtual_machine_id": "/subscriptions/4320f689-5133-4260-b235-d02cc16611ff/resourceGroups/rg-uat-db-ci-001/providers/Microsoft.Compute/virtualMachines/GEMAZUATDB01",
            "write_accelerator_enabled": false
          },
          "sensitive_attributes": [],
          "private": "eyJlMmJmYjczMC1lY2FhLTExZTYtOGY4OC0zNDM2M2JjN2M0YzAiOnsiY3JlYXRlIjoxODAwMDAwMDAwMDAwLCJkZWxldGUiOjE4MDAwMDAwMDAwMDAsInJlYWQiOjMwMDAwMDAwMDAwMCwidXBkYXRlIjoxODAwMDAwMDAwMDAwfX0=",
          "dependencies": [
            "azurerm_availability_set.asdb",
            "azurerm_linux_virtual_machine.vmdb1",
            "azurerm_managed_disk.dddb14",
            "azurerm_network_interface.nicdb1",
            "azurerm_proximity_placement_group.pxmapp1",
            "azurerm_subnet.sndb"
          ]
        }
      ]
    },
    {
      "mode": "managed",
      "type": "azurerm_virtual_machine_data_disk_attachment",
      "name": "dddb22atch",
      "provider": "provider[\"registry.terraform.io/hashicorp/azurerm\"]",
      "instances": [
        {
          "schema_version": 0,
          "attributes": {
            "caching": "ReadWrite",
            "create_option": "Attach",
            "id": "/subscriptions/4320f689-5133-4260-b235-d02cc16611ff/resourceGroups/rg-uat-db-ci-001/providers/Microsoft.Compute/virtualMachines/GEMAZUATDB02/dataDisks/vmdb2_data_disk2",
            "lun": 20,
            "managed_disk_id": "/subscriptions/4320f689-5133-4260-b235-d02cc16611ff/resourceGroups/rg-uat-db-ci-001/providers/Microsoft.Compute/disks/vmdb2_data_disk2",
            "timeouts": null,
            "virtual_machine_id": "/subscriptions/4320f689-5133-4260-b235-d02cc16611ff/resourceGroups/rg-uat-db-ci-001/providers/Microsoft.Compute/virtualMachines/GEMAZUATDB02",
            "write_accelerator_enabled": false
          },
          "sensitive_attributes": [],
          "private": "eyJlMmJmYjczMC1lY2FhLTExZTYtOGY4OC0zNDM2M2JjN2M0YzAiOnsiY3JlYXRlIjoxODAwMDAwMDAwMDAwLCJkZWxldGUiOjE4MDAwMDAwMDAwMDAsInJlYWQiOjMwMDAwMDAwMDAwMCwidXBkYXRlIjoxODAwMDAwMDAwMDAwfX0=",
          "dependencies": [
            "azurerm_availability_set.asdb",
            "azurerm_linux_virtual_machine.vmdb2",
            "azurerm_managed_disk.dddb22",
            "azurerm_network_interface.nicdb2",
            "azurerm_proximity_placement_group.pxmapp1",
            "azurerm_subnet.sndb"
          ]
        }
      ]
    },
    {
      "mode": "managed",
      "type": "azurerm_virtual_machine_data_disk_attachment",
      "name": "dddb23atch",
      "provider": "provider[\"registry.terraform.io/hashicorp/azurerm\"]",
      "instances": [
        {
          "schema_version": 0,
          "attributes": {
            "caching": "ReadWrite",
            "create_option": "Attach",
            "id": "/subscriptions/4320f689-5133-4260-b235-d02cc16611ff/resourceGroups/rg-uat-db-ci-001/providers/Microsoft.Compute/virtualMachines/GEMAZUATDB02/dataDisks/vmdb2_data_disk3",
            "lun": 30,
            "managed_disk_id": "/subscriptions/4320f689-5133-4260-b235-d02cc16611ff/resourceGroups/rg-uat-db-ci-001/providers/Microsoft.Compute/disks/vmdb2_data_disk3",
            "timeouts": null,
            "virtual_machine_id": "/subscriptions/4320f689-5133-4260-b235-d02cc16611ff/resourceGroups/rg-uat-db-ci-001/providers/Microsoft.Compute/virtualMachines/GEMAZUATDB02",
            "write_accelerator_enabled": false
          },
          "sensitive_attributes": [],
          "private": "eyJlMmJmYjczMC1lY2FhLTExZTYtOGY4OC0zNDM2M2JjN2M0YzAiOnsiY3JlYXRlIjoxODAwMDAwMDAwMDAwLCJkZWxldGUiOjE4MDAwMDAwMDAwMDAsInJlYWQiOjMwMDAwMDAwMDAwMCwidXBkYXRlIjoxODAwMDAwMDAwMDAwfX0=",
          "dependencies": [
            "azurerm_availability_set.asdb",
            "azurerm_linux_virtual_machine.vmdb2",
            "azurerm_managed_disk.ddddb23",
            "azurerm_network_interface.nicdb2",
            "azurerm_proximity_placement_group.pxmapp1",
            "azurerm_subnet.sndb"
          ]
        }
      ]
    },
    {
      "mode": "managed",
      "type": "azurerm_virtual_machine_data_disk_attachment",
      "name": "dddb24atch",
      "provider": "provider[\"registry.terraform.io/hashicorp/azurerm\"]",
      "instances": [
        {
          "schema_version": 0,
          "attributes": {
            "caching": "ReadWrite",
            "create_option": "Attach",
            "id": "/subscriptions/4320f689-5133-4260-b235-d02cc16611ff/resourceGroups/rg-uat-db-ci-001/providers/Microsoft.Compute/virtualMachines/GEMAZUATDB02/dataDisks/vmdb2_data_disk4",
            "lun": 40,
            "managed_disk_id": "/subscriptions/4320f689-5133-4260-b235-d02cc16611ff/resourceGroups/rg-uat-db-ci-001/providers/Microsoft.Compute/disks/vmdb2_data_disk4",
            "timeouts": null,
            "virtual_machine_id": "/subscriptions/4320f689-5133-4260-b235-d02cc16611ff/resourceGroups/rg-uat-db-ci-001/providers/Microsoft.Compute/virtualMachines/GEMAZUATDB02",
            "write_accelerator_enabled": false
          },
          "sensitive_attributes": [],
          "private": "eyJlMmJmYjczMC1lY2FhLTExZTYtOGY4OC0zNDM2M2JjN2M0YzAiOnsiY3JlYXRlIjoxODAwMDAwMDAwMDAwLCJkZWxldGUiOjE4MDAwMDAwMDAwMDAsInJlYWQiOjMwMDAwMDAwMDAwMCwidXBkYXRlIjoxODAwMDAwMDAwMDAwfX0=",
          "dependencies": [
            "azurerm_availability_set.asdb",
            "azurerm_linux_virtual_machine.vmdb2",
            "azurerm_managed_disk.dddb24",
            "azurerm_network_interface.nicdb2",
            "azurerm_proximity_placement_group.pxmapp1",
            "azurerm_subnet.sndb"
          ]
        }
      ]
    },
    {
      "mode": "managed",
      "type": "azurerm_virtual_machine_data_disk_attachment",
      "name": "dddb31atch",
      "provider": "provider[\"registry.terraform.io/hashicorp/azurerm\"]",
      "instances": [
        {
          "schema_version": 0,
          "attributes": {
            "caching": "ReadWrite",
            "create_option": "Attach",
            "id": "/subscriptions/4320f689-5133-4260-b235-d02cc16611ff/resourceGroups/rg-uat-db-ci-001/providers/Microsoft.Compute/virtualMachines/GEMAZUATDB03/dataDisks/vmdb3_data_disk1",
            "lun": 10,
            "managed_disk_id": "/subscriptions/4320f689-5133-4260-b235-d02cc16611ff/resourceGroups/rg-uat-db-ci-001/providers/Microsoft.Compute/disks/vmdb3_data_disk1",
            "timeouts": null,
            "virtual_machine_id": "/subscriptions/4320f689-5133-4260-b235-d02cc16611ff/resourceGroups/rg-uat-db-ci-001/providers/Microsoft.Compute/virtualMachines/GEMAZUATDB03",
            "write_accelerator_enabled": false
          },
          "sensitive_attributes": [],
          "private": "eyJlMmJmYjczMC1lY2FhLTExZTYtOGY4OC0zNDM2M2JjN2M0YzAiOnsiY3JlYXRlIjoxODAwMDAwMDAwMDAwLCJkZWxldGUiOjE4MDAwMDAwMDAwMDAsInJlYWQiOjMwMDAwMDAwMDAwMCwidXBkYXRlIjoxODAwMDAwMDAwMDAwfX0=",
          "dependencies": [
            "azurerm_availability_set.asdb",
            "azurerm_linux_virtual_machine.vmdb3",
            "azurerm_managed_disk.dddb31",
            "azurerm_network_interface.nicdb3",
            "azurerm_proximity_placement_group.pxmapp1",
            "azurerm_subnet.sndb"
          ]
        }
      ]
    },
    {
      "mode": "managed",
      "type": "azurerm_virtual_machine_data_disk_attachment",
      "name": "dddb32atch",
      "provider": "provider[\"registry.terraform.io/hashicorp/azurerm\"]",
      "instances": [
        {
          "schema_version": 0,
          "attributes": {
            "caching": "ReadWrite",
            "create_option": "Attach",
            "id": "/subscriptions/4320f689-5133-4260-b235-d02cc16611ff/resourceGroups/rg-uat-db-ci-001/providers/Microsoft.Compute/virtualMachines/GEMAZUATDB03/dataDisks/vmdb3_data_disk2",
            "lun": 20,
            "managed_disk_id": "/subscriptions/4320f689-5133-4260-b235-d02cc16611ff/resourceGroups/rg-uat-db-ci-001/providers/Microsoft.Compute/disks/vmdb3_data_disk2",
            "timeouts": null,
            "virtual_machine_id": "/subscriptions/4320f689-5133-4260-b235-d02cc16611ff/resourceGroups/rg-uat-db-ci-001/providers/Microsoft.Compute/virtualMachines/GEMAZUATDB03",
            "write_accelerator_enabled": false
          },
          "sensitive_attributes": [],
          "private": "eyJlMmJmYjczMC1lY2FhLTExZTYtOGY4OC0zNDM2M2JjN2M0YzAiOnsiY3JlYXRlIjoxODAwMDAwMDAwMDAwLCJkZWxldGUiOjE4MDAwMDAwMDAwMDAsInJlYWQiOjMwMDAwMDAwMDAwMCwidXBkYXRlIjoxODAwMDAwMDAwMDAwfX0=",
          "dependencies": [
            "azurerm_availability_set.asdb",
            "azurerm_linux_virtual_machine.vmdb3",
            "azurerm_managed_disk.dddb32",
            "azurerm_network_interface.nicdb3",
            "azurerm_proximity_placement_group.pxmapp1",
            "azurerm_subnet.sndb"
          ]
        }
      ]
    },
    {
      "mode": "managed",
      "type": "azurerm_virtual_machine_data_disk_attachment",
      "name": "dddb33atch",
      "provider": "provider[\"registry.terraform.io/hashicorp/azurerm\"]",
      "instances": [
        {
          "schema_version": 0,
          "attributes": {
            "caching": "ReadWrite",
            "create_option": "Attach",
            "id": "/subscriptions/4320f689-5133-4260-b235-d02cc16611ff/resourceGroups/rg-uat-db-ci-001/providers/Microsoft.Compute/virtualMachines/GEMAZUATDB03/dataDisks/vmdb3_data_disk3",
            "lun": 30,
            "managed_disk_id": "/subscriptions/4320f689-5133-4260-b235-d02cc16611ff/resourceGroups/rg-uat-db-ci-001/providers/Microsoft.Compute/disks/vmdb3_data_disk3",
            "timeouts": null,
            "virtual_machine_id": "/subscriptions/4320f689-5133-4260-b235-d02cc16611ff/resourceGroups/rg-uat-db-ci-001/providers/Microsoft.Compute/virtualMachines/GEMAZUATDB03",
            "write_accelerator_enabled": false
          },
          "sensitive_attributes": [],
          "private": "eyJlMmJmYjczMC1lY2FhLTExZTYtOGY4OC0zNDM2M2JjN2M0YzAiOnsiY3JlYXRlIjoxODAwMDAwMDAwMDAwLCJkZWxldGUiOjE4MDAwMDAwMDAwMDAsInJlYWQiOjMwMDAwMDAwMDAwMCwidXBkYXRlIjoxODAwMDAwMDAwMDAwfX0=",
          "dependencies": [
            "azurerm_availability_set.asdb",
            "azurerm_linux_virtual_machine.vmdb3",
            "azurerm_managed_disk.ddddb33",
            "azurerm_network_interface.nicdb3",
            "azurerm_proximity_placement_group.pxmapp1",
            "azurerm_subnet.sndb"
          ]
        }
      ]
    },
    {
      "mode": "managed",
      "type": "azurerm_virtual_machine_data_disk_attachment",
      "name": "dddb34atch",
      "provider": "provider[\"registry.terraform.io/hashicorp/azurerm\"]",
      "instances": [
        {
          "schema_version": 0,
          "attributes": {
            "caching": "ReadWrite",
            "create_option": "Attach",
            "id": "/subscriptions/4320f689-5133-4260-b235-d02cc16611ff/resourceGroups/rg-uat-db-ci-001/providers/Microsoft.Compute/virtualMachines/GEMAZUATDB03/dataDisks/vmdb3_data_disk4",
            "lun": 40,
            "managed_disk_id": "/subscriptions/4320f689-5133-4260-b235-d02cc16611ff/resourceGroups/rg-uat-db-ci-001/providers/Microsoft.Compute/disks/vmdb3_data_disk4",
            "timeouts": null,
            "virtual_machine_id": "/subscriptions/4320f689-5133-4260-b235-d02cc16611ff/resourceGroups/rg-uat-db-ci-001/providers/Microsoft.Compute/virtualMachines/GEMAZUATDB03",
            "write_accelerator_enabled": false
          },
          "sensitive_attributes": [],
          "private": "eyJlMmJmYjczMC1lY2FhLTExZTYtOGY4OC0zNDM2M2JjN2M0YzAiOnsiY3JlYXRlIjoxODAwMDAwMDAwMDAwLCJkZWxldGUiOjE4MDAwMDAwMDAwMDAsInJlYWQiOjMwMDAwMDAwMDAwMCwidXBkYXRlIjoxODAwMDAwMDAwMDAwfX0=",
          "dependencies": [
            "azurerm_availability_set.asdb",
            "azurerm_linux_virtual_machine.vmdb3",
            "azurerm_managed_disk.dddb34",
            "azurerm_network_interface.nicdb3",
            "azurerm_proximity_placement_group.pxmapp1",
            "azurerm_subnet.sndb"
          ]
        }
      ]
    },
    {
      "mode": "managed",
      "type": "azurerm_virtual_machine_data_disk_attachment",
      "name": "vmdb1atch",
      "provider": "provider[\"registry.terraform.io/hashicorp/azurerm\"]",
      "instances": [
        {
          "schema_version": 0,
          "attributes": {
            "caching": "ReadWrite",
            "create_option": "Attach",
            "id": "/subscriptions/4320f689-5133-4260-b235-d02cc16611ff/resourceGroups/rg-uat-db-ci-001/providers/Microsoft.Compute/virtualMachines/GEMAZUATDB01/dataDisks/vmdb1_data_disk1",
            "lun": 10,
            "managed_disk_id": "/subscriptions/4320f689-5133-4260-b235-d02cc16611ff/resourceGroups/rg-uat-db-ci-001/providers/Microsoft.Compute/disks/vmdb1_data_disk1",
            "timeouts": null,
            "virtual_machine_id": "/subscriptions/4320f689-5133-4260-b235-d02cc16611ff/resourceGroups/rg-uat-db-ci-001/providers/Microsoft.Compute/virtualMachines/GEMAZUATDB01",
            "write_accelerator_enabled": false
          },
          "sensitive_attributes": [],
          "private": "eyJlMmJmYjczMC1lY2FhLTExZTYtOGY4OC0zNDM2M2JjN2M0YzAiOnsiY3JlYXRlIjoxODAwMDAwMDAwMDAwLCJkZWxldGUiOjE4MDAwMDAwMDAwMDAsInJlYWQiOjMwMDAwMDAwMDAwMCwidXBkYXRlIjoxODAwMDAwMDAwMDAwfX0=",
          "dependencies": [
            "azurerm_availability_set.asdb",
            "azurerm_linux_virtual_machine.vmdb1",
            "azurerm_managed_disk.adddb1",
            "azurerm_network_interface.nicdb1",
            "azurerm_proximity_placement_group.pxmapp1",
            "azurerm_subnet.sndb"
          ]
        }
      ]
    },
    {
      "mode": "managed",
      "type": "azurerm_virtual_machine_data_disk_attachment",
      "name": "vmdb2atch",
      "provider": "provider[\"registry.terraform.io/hashicorp/azurerm\"]",
      "instances": [
        {
          "schema_version": 0,
          "attributes": {
            "caching": "ReadWrite",
            "create_option": "Attach",
            "id": "/subscriptions/4320f689-5133-4260-b235-d02cc16611ff/resourceGroups/rg-uat-db-ci-001/providers/Microsoft.Compute/virtualMachines/GEMAZUATDB02/dataDisks/vmdb1_data_disk2",
            "lun": 10,
            "managed_disk_id": "/subscriptions/4320f689-5133-4260-b235-d02cc16611ff/resourceGroups/rg-uat-db-ci-001/providers/Microsoft.Compute/disks/vmdb1_data_disk2",
            "timeouts": null,
            "virtual_machine_id": "/subscriptions/4320f689-5133-4260-b235-d02cc16611ff/resourceGroups/rg-uat-db-ci-001/providers/Microsoft.Compute/virtualMachines/GEMAZUATDB02",
            "write_accelerator_enabled": false
          },
          "sensitive_attributes": [],
          "private": "eyJlMmJmYjczMC1lY2FhLTExZTYtOGY4OC0zNDM2M2JjN2M0YzAiOnsiY3JlYXRlIjoxODAwMDAwMDAwMDAwLCJkZWxldGUiOjE4MDAwMDAwMDAwMDAsInJlYWQiOjMwMDAwMDAwMDAwMCwidXBkYXRlIjoxODAwMDAwMDAwMDAwfX0=",
          "dependencies": [
            "azurerm_availability_set.asdb",
            "azurerm_linux_virtual_machine.vmdb2",
            "azurerm_managed_disk.adddb2",
            "azurerm_network_interface.nicdb2",
            "azurerm_proximity_placement_group.pxmapp1",
            "azurerm_subnet.sndb"
          ]
        }
      ]
    },
    {
      "mode": "managed",
      "type": "azurerm_virtual_network",
      "name": "vnethb",
      "provider": "provider[\"registry.terraform.io/hashicorp/azurerm\"]",
      "instances": [
        {
          "schema_version": 0,
          "attributes": {
            "address_space": [
              "10.121.0.0/23"
            ],
            "bgp_community": "",
            "ddos_protection_plan": [],
            "dns_servers": [],
            "flow_timeout_in_minutes": 0,
            "guid": "ac31ae0e-c2bb-4a01-83f7-c612ef1eacf3",
            "id": "/subscriptions/4320f689-5133-4260-b235-d02cc16611ff/resourceGroups/rg-hub-net-ci-001/providers/Microsoft.Network/virtualNetworks/vnet-hub-net-ci-001",
            "location": "centralindia",
            "name": "vnet-hub-net-ci-001",
            "resource_group_name": "rg-hub-net-ci-001",
            "subnet": [
              {
                "address_prefix": "10.121.0.0/26",
                "id": "/subscriptions/4320f689-5133-4260-b235-d02cc16611ff/resourceGroups/rg-hub-net-ci-001/providers/Microsoft.Network/virtualNetworks/vnet-hub-net-ci-001/subnets/AzureFirewallSubnet",
                "name": "AzureFirewallSubnet",
                "security_group": ""
              },
              {
                "address_prefix": "10.121.0.128/26",
                "id": "/subscriptions/4320f689-5133-4260-b235-d02cc16611ff/resourceGroups/rg-hub-net-ci-001/providers/Microsoft.Network/virtualNetworks/vnet-hub-net-ci-001/subnets/sn-hub-appgw-ci-001",
                "name": "sn-hub-appgw-ci-001",
                "security_group": ""
              },
              {
                "address_prefix": "10.121.0.64/26",
                "id": "/subscriptions/4320f689-5133-4260-b235-d02cc16611ff/resourceGroups/rg-hub-net-ci-001/providers/Microsoft.Network/virtualNetworks/vnet-hub-net-ci-001/subnets/GatewaySubnet",
                "name": "GatewaySubnet",
                "security_group": ""
              },
              {
                "address_prefix": "10.121.1.0/26",
                "id": "/subscriptions/4320f689-5133-4260-b235-d02cc16611ff/resourceGroups/rg-hub-net-ci-001/providers/Microsoft.Network/virtualNetworks/vnet-hub-net-ci-001/subnets/AzureBastionSubnet",
                "name": "AzureBastionSubnet",
                "security_group": ""
              },
              {
                "address_prefix": "10.121.1.128/25",
                "id": "/subscriptions/4320f689-5133-4260-b235-d02cc16611ff/resourceGroups/rg-hub-net-ci-001/providers/Microsoft.Network/virtualNetworks/vnet-hub-net-ci-001/subnets/sn-hub-ss-ci-001",
                "name": "sn-hub-ss-ci-001",
                "security_group": "/subscriptions/4320f689-5133-4260-b235-d02cc16611ff/resourceGroups/rg-hub-ss-ci-001/providers/Microsoft.Network/networkSecurityGroups/nsg-hub-ss-ci-001"
              }
            ],
            "tags": {},
            "timeouts": null,
            "vm_protection_enabled": false
          },
          "sensitive_attributes": [],
          "private": "eyJlMmJmYjczMC1lY2FhLTExZTYtOGY4OC0zNDM2M2JjN2M0YzAiOnsiY3JlYXRlIjoxODAwMDAwMDAwMDAwLCJkZWxldGUiOjE4MDAwMDAwMDAwMDAsInJlYWQiOjMwMDAwMDAwMDAwMCwidXBkYXRlIjoxODAwMDAwMDAwMDAwfX0="
        }
      ]
    },
    {
      "mode": "managed",
      "type": "azurerm_virtual_network",
      "name": "vnetuat",
      "provider": "provider[\"registry.terraform.io/hashicorp/azurerm\"]",
      "instances": [
        {
          "schema_version": 0,
          "attributes": {
            "address_space": [
              "10.121.16.0/20"
            ],
            "bgp_community": "",
            "ddos_protection_plan": [],
            "dns_servers": [],
            "flow_timeout_in_minutes": 0,
            "guid": "0de34de5-8e1e-4c8e-84e2-edd7b9f2291d",
            "id": "/subscriptions/4320f689-5133-4260-b235-d02cc16611ff/resourceGroups/rg-hub-net-ci-001/providers/Microsoft.Network/virtualNetworks/vnet-uat-net-ci-001",
            "location": "centralindia",
            "name": "vnet-uat-net-ci-001",
            "resource_group_name": "rg-hub-net-ci-001",
            "subnet": [
              {
                "address_prefix": "10.121.16.0/24",
                "id": "/subscriptions/4320f689-5133-4260-b235-d02cc16611ff/resourceGroups/rg-hub-net-ci-001/providers/Microsoft.Network/virtualNetworks/vnet-uat-net-ci-001/subnets/sn-uat-app-ci-001",
                "name": "sn-uat-app-ci-001",
                "security_group": "/subscriptions/4320f689-5133-4260-b235-d02cc16611ff/resourceGroups/rg-uat-app-ci-001/providers/Microsoft.Network/networkSecurityGroups/nsg-uat-app-ci-001"
              },
              {
                "address_prefix": "10.121.18.0/24",
                "id": "/subscriptions/4320f689-5133-4260-b235-d02cc16611ff/resourceGroups/rg-hub-net-ci-001/providers/Microsoft.Network/virtualNetworks/vnet-uat-net-ci-001/subnets/sn-uat-app-ci-002",
                "name": "sn-uat-app-ci-002",
                "security_group": "/subscriptions/4320f689-5133-4260-b235-d02cc16611ff/resourceGroups/rg-uat-app-ci-002/providers/Microsoft.Network/networkSecurityGroups/nsg-uat-app-ci-002"
              },
              {
                "address_prefix": "10.121.20.0/24",
                "id": "/subscriptions/4320f689-5133-4260-b235-d02cc16611ff/resourceGroups/rg-hub-net-ci-001/providers/Microsoft.Network/virtualNetworks/vnet-uat-net-ci-001/subnets/sn-uat-db-ci-001",
                "name": "sn-uat-db-ci-001",
                "security_group": "/subscriptions/4320f689-5133-4260-b235-d02cc16611ff/resourceGroups/rg-uat-db-ci-001/providers/Microsoft.Network/networkSecurityGroups/nsg-uat-db-ci-001"
              },
              {
                "address_prefix": "10.121.24.0/22",
                "id": "/subscriptions/4320f689-5133-4260-b235-d02cc16611ff/resourceGroups/rg-hub-net-ci-001/providers/Microsoft.Network/virtualNetworks/vnet-uat-net-ci-001/subnets/sn-uat-aks-ci-001",
                "name": "sn-uat-aks-ci-001",
                "security_group": "/subscriptions/4320f689-5133-4260-b235-d02cc16611ff/resourceGroups/rg-uat-aks-ci-001/providers/Microsoft.Network/networkSecurityGroups/nsg-uat-aks-ci-001"
              }
            ],
            "tags": {},
            "timeouts": null,
            "vm_protection_enabled": false
          },
          "sensitive_attributes": [],
          "private": "eyJlMmJmYjczMC1lY2FhLTExZTYtOGY4OC0zNDM2M2JjN2M0YzAiOnsiY3JlYXRlIjoxODAwMDAwMDAwMDAwLCJkZWxldGUiOjE4MDAwMDAwMDAwMDAsInJlYWQiOjMwMDAwMDAwMDAwMCwidXBkYXRlIjoxODAwMDAwMDAwMDAwfX0="
        }
      ]
    },
    {
      "mode": "managed",
      "type": "azurerm_virtual_network_peering",
      "name": "peerhubtouat",
      "provider": "provider[\"registry.terraform.io/hashicorp/azurerm\"]",
      "instances": [
        {
          "schema_version": 0,
          "attributes": {
            "allow_forwarded_traffic": true,
            "allow_gateway_transit": true,
            "allow_virtual_network_access": true,
            "id": "/subscriptions/4320f689-5133-4260-b235-d02cc16611ff/resourceGroups/rg-hub-net-ci-001/providers/Microsoft.Network/virtualNetworks/vnet-hub-net-ci-001/virtualNetworkPeerings/Hub_to_UAT",
            "name": "Hub_to_UAT",
            "remote_virtual_network_id": "/subscriptions/4320f689-5133-4260-b235-d02cc16611ff/resourceGroups/rg-hub-net-ci-001/providers/Microsoft.Network/virtualNetworks/vnet-uat-net-ci-001",
            "resource_group_name": "rg-hub-net-ci-001",
            "timeouts": null,
            "use_remote_gateways": false,
            "virtual_network_name": "vnet-hub-net-ci-001"
          },
          "sensitive_attributes": [],
          "private": "eyJlMmJmYjczMC1lY2FhLTExZTYtOGY4OC0zNDM2M2JjN2M0YzAiOnsiY3JlYXRlIjoxODAwMDAwMDAwMDAwLCJkZWxldGUiOjE4MDAwMDAwMDAwMDAsInJlYWQiOjMwMDAwMDAwMDAwMCwidXBkYXRlIjoxODAwMDAwMDAwMDAwfX0=",
          "dependencies": [
            "azurerm_virtual_network.vnetuat"
          ]
        }
      ]
    },
    {
      "mode": "managed",
      "type": "azurerm_virtual_network_peering",
      "name": "peeruattohub",
      "provider": "provider[\"registry.terraform.io/hashicorp/azurerm\"]",
      "instances": [
        {
          "schema_version": 0,
          "attributes": {
            "allow_forwarded_traffic": true,
            "allow_gateway_transit": false,
            "allow_virtual_network_access": true,
            "id": "/subscriptions/4320f689-5133-4260-b235-d02cc16611ff/resourceGroups/rg-hub-net-ci-001/providers/Microsoft.Network/virtualNetworks/vnet-uat-net-ci-001/virtualNetworkPeerings/UAT_to_HUB",
            "name": "UAT_to_HUB",
            "remote_virtual_network_id": "/subscriptions/4320f689-5133-4260-b235-d02cc16611ff/resourceGroups/rg-hub-net-ci-001/providers/Microsoft.Network/virtualNetworks/vnet-hub-net-ci-001",
            "resource_group_name": "rg-hub-net-ci-001",
            "timeouts": null,
            "use_remote_gateways": false,
            "virtual_network_name": "vnet-uat-net-ci-001"
          },
          "sensitive_attributes": [],
          "private": "eyJlMmJmYjczMC1lY2FhLTExZTYtOGY4OC0zNDM2M2JjN2M0YzAiOnsiY3JlYXRlIjoxODAwMDAwMDAwMDAwLCJkZWxldGUiOjE4MDAwMDAwMDAwMDAsInJlYWQiOjMwMDAwMDAwMDAwMCwidXBkYXRlIjoxODAwMDAwMDAwMDAwfX0=",
          "dependencies": [
            "azurerm_virtual_network.vnethb"
          ]
        }
      ]
    },
    {
      "mode": "managed",
      "type": "azurerm_windows_virtual_machine",
      "name": "vmad01",
      "provider": "provider[\"registry.terraform.io/hashicorp/azurerm\"]",
      "instances": [
        {
          "schema_version": 0,
          "attributes": {
            "additional_capabilities": [],
            "additional_unattend_content": [],
            "admin_password": "ignored-as-imported",
            "admin_username": "idaadm",
            "allow_extension_operations": true,
            "availability_set_id": "",
            "boot_diagnostics": [],
            "computer_name": "GEMAZUATSSAD01",
            "custom_data": null,
            "dedicated_host_group_id": "",
            "dedicated_host_id": "",
            "enable_automatic_updates": true,
            "encryption_at_host_enabled": false,
            "eviction_policy": "",
            "extensions_time_budget": "PT1H30M",
            "id": "/subscriptions/4320f689-5133-4260-b235-d02cc16611ff/resourceGroups/rg-hub-ss-ci-001/providers/Microsoft.Compute/virtualMachines/GEMAZUATSSAD01",
            "identity": [],
            "license_type": "",
            "location": "centralindia",
            "max_bid_price": -1,
            "name": "GEMAZUATSSAD01",
            "network_interface_ids": [
              "/subscriptions/4320f689-5133-4260-b235-d02cc16611ff/resourceGroups/rg-hub-ss-ci-001/providers/Microsoft.Network/networkInterfaces/vmad01-nic"
            ],
            "os_disk": [
              {
                "caching": "ReadWrite",
                "diff_disk_settings": [],
                "disk_encryption_set_id": "",
                "disk_size_gb": 127,
                "name": "GEMAZUATSSAD01_OsDisk_1_63a6c38c2cf04b02bc8763f6c7b0fa1a",
                "storage_account_type": "StandardSSD_LRS",
                "write_accelerator_enabled": false
              }
            ],
            "patch_mode": "AutomaticByOS",
            "plan": [],
            "platform_fault_domain": -1,
            "priority": "Regular",
            "private_ip_address": "10.121.1.132",
            "private_ip_addresses": [
              "10.121.1.132"
            ],
            "provision_vm_agent": true,
            "proximity_placement_group_id": "",
            "public_ip_address": "",
            "public_ip_addresses": [],
            "resource_group_name": "rg-hub-ss-ci-001",
            "secret": [],
            "secure_boot_enabled": false,
            "size": "Standard_D2ds_v4",
            "source_image_id": "",
            "source_image_reference": [
              {
                "offer": "WindowsServer",
                "publisher": "MicrosoftWindowsServer",
                "sku": "2022-datacenter-azure-edition",
                "version": "latest"
              }
            ],
            "tags": {},
            "timeouts": {
              "create": null,
              "delete": null,
              "read": null,
              "update": null
            },
            "timezone": "",
            "user_data": "",
            "virtual_machine_id": "82e9d25f-7a99-4a47-ad02-2841b2e03efb",
            "virtual_machine_scale_set_id": "",
            "vtpm_enabled": false,
            "winrm_listener": [],
            "zone": ""
          },
          "sensitive_attributes": [],
          "private": "eyJlMmJmYjczMC1lY2FhLTExZTYtOGY4OC0zNDM2M2JjN2M0YzAiOnsiY3JlYXRlIjoyNzAwMDAwMDAwMDAwLCJkZWxldGUiOjI3MDAwMDAwMDAwMDAsInJlYWQiOjMwMDAwMDAwMDAwMCwidXBkYXRlIjoyNzAwMDAwMDAwMDAwfSwic2NoZW1hX3ZlcnNpb24iOiIwIn0=",
          "dependencies": [
            "azurerm_network_interface.nicad01",
            "azurerm_subnet.snss"
          ]
        }
      ]
    }
  ]
}
